{
  "version": 4,
  "terraform_version": "1.7.1",
  "serial": 3169,
  "lineage": "3260b5bd-c736-0485-9a54-7981daa389af",
  "outputs": {
    "endpoint": {
      "value": "https://EFC667F708034F515104DC5E13B5F0BD.gr7.us-east-2.eks.amazonaws.com",
      "type": "string"
    },
    "kubeconfig-certificate-authority-data": {
      "value": "LS0tLS1CRUdJTiBDRVJUSUZJQ0FURS0tLS0tCk1JSURCVENDQWUyZ0F3SUJBZ0lJRmlPMzQ2cVlBb1F3RFFZSktvWklodmNOQVFFTEJRQXdGVEVUTUJFR0ExVUUKQXhNS2EzVmlaWEp1WlhSbGN6QWVGdzB5TkRBeU1USXhPVEkwTVROYUZ3MHpOREF5TURreE9USTVNVE5hTUJVeApFekFSQmdOVkJBTVRDbXQxWW1WeWJtVjBaWE13Z2dFaU1BMEdDU3FHU0liM0RRRUJBUVVBQTRJQkR3QXdnZ0VLCkFvSUJBUURBNTZ6TXRJM1c0VlROUXdubjdLSHVlZWxyVm9uNi9GeVRScDd2YmdBTFNyVWJPVjlnOWxqaDRCQ0YKeVdoaVJ5eEVsQ2VMbHFlcE13TzZ5aS81RDVLYkcvK2xhb1c5bEluMkpmWlNrTVZNVU9NQ2RwTW9NSE5OMHRGbQprZGNOUVpIV2FVWEl3cTE0eHBwMkJNVHBUSFdRQ3puc0lZR2RkUXA1V1gydVhqV2Z5eUUrWnliUzViQ3hFanB2CjRiUWEraC9sRmdIVDZsRm16NWNSRHU4RVcrSGZCK25ibjRKbmtoSUVabHQ5MStYaHlVWS9aaXVnLzRIeVRUKzkKcXFkNE9JVXp5eXpoOVJuMUVBa0E1MVpUMG1HSlFlWDBIRTR3L0FPZUpyek1YMmdXNVBwWGtSODZkdi9tdXNSNgpOcWxQbVBMN1lhSjFPVTBmekZDNTN2VGtGR0d2QWdNQkFBR2pXVEJYTUE0R0ExVWREd0VCL3dRRUF3SUNwREFQCkJnTlZIUk1CQWY4RUJUQURBUUgvTUIwR0ExVWREZ1FXQkJUQ2Fldk4zRy85Wkllejg5Vk5OWExzZ0ZmRFhUQVYKQmdOVkhSRUVEakFNZ2dwcmRXSmxjbTVsZEdWek1BMEdDU3FHU0liM0RRRUJDd1VBQTRJQkFRQk9wV2lWQk05YwpuSm5kZk1KTDl1UjRnOTUwS2N2b3hQdlN2cGl6UDZXck0vNnpIby9tdGxqU0EwK3huTWg2em1qYmNsVFd4bDA1CjRKQnAzN2srYW01VFdRcjc4UFlPZzA3cHBWWG9wL2ZNMnh4K08wT2NxSGxBUUFtNjZuWkxJTHQ5Z2xxV1R3aWYKejBwZUJRUlB0SUV6U2RBQ0YyUjlsckkxY0JuUWN4TzdlaGNiSGp3L1JwVGNtejhnajdEbkF6VFFjT1pkSloydAoyU2JFS09ORVRYK01uMEtwNzhCcGlXTjZqcG14MDl6SDlYeGg4VE80UnFiVmZZdUJKbmxXYlFpc0ExYzEvVktRCnJXZUQrRHRKRytCejdybmFRTm55Wi9OK2wyMVZmLzhHUi82bTNTaUREd2Mxcmx4T0Y0M3VKME9wbU9tUjVrRUQKcEQ5Z2hZSVJDQW4xCi0tLS0tRU5EIENFUlRJRklDQVRFLS0tLS0K",
      "type": "string"
    },
    "subnet_ids": {
      "value": [
        "subnet-0e6384b4944b2087f",
        "subnet-015bd3a3f73268e22"
      ],
      "type": [
        "tuple",
        [
          "string",
          "string"
        ]
      ]
    },
    "vpc_id": {
      "value": "vpc-0e8e8a285f7ffc0e2",
      "type": "string"
    },
    "weka_deployment_output": {
      "value": {
        "alb_alias_record": null,
        "alb_dns_name": "internal-weka-mpfefferle-lb-129932950.us-east-2.elb.amazonaws.com",
        "asg_name": "weka-mpfefferle-autoscaling-group",
        "client_asg_name": null,
        "client_helper_commands": null,
        "client_ips": null,
        "cluster_helper_commands": "aws ec2 describe-instances --instance-ids $(aws autoscaling describe-auto-scaling-groups --auto-scaling-group-name weka-mpfefferle-autoscaling-group --query \"AutoScalingGroups[].Instances[].InstanceId\" --output text) --query 'Reservations[].Instances[].PublicIpAddress' --output json\naws lambda invoke --function-name weka-mpfefferle-status-lambda --payload '{\"type\": \"progress\"}' --cli-binary-format raw-in-base64-out /dev/stdout\naws secretsmanager get-secret-value --secret-id arn:aws:secretsmanager:us-east-2:381492135989:secret:weka/weka-mpfefferle/weka-password-2oGY-cjQejJ --query SecretString --output text\n",
        "cluster_name": "mpfefferle",
        "ips_type": "PublicIpAddress",
        "lambda_status_name": "weka-mpfefferle-status-lambda",
        "local_ssh_private_key": null,
        "nfs_protocol_gateways_ips": null,
        "placement_group_name": "weka-mpfefferle-placement-group",
        "sg_ids": [
          "sg-0554de2fe3663317b",
          "sg-0aade829fc6075fa0",
          "sg-0554de2fe3663317b"
        ],
        "smb_protocol_gateways_ips": null,
        "subnet_ids": [
          "subnet-0e6384b4944b2087f"
        ],
        "vm_username": "ec2-user",
        "weka_cluster_password_secret_id": "arn:aws:secretsmanager:us-east-2:381492135989:secret:weka/weka-mpfefferle/weka-password-2oGY-cjQejJ"
      },
      "type": [
        "object",
        {
          "alb_alias_record": "dynamic",
          "alb_dns_name": "string",
          "asg_name": "string",
          "client_asg_name": "dynamic",
          "client_helper_commands": "dynamic",
          "client_ips": "dynamic",
          "cluster_helper_commands": "string",
          "cluster_name": "string",
          "ips_type": "string",
          "lambda_status_name": "string",
          "local_ssh_private_key": "string",
          "nfs_protocol_gateways_ips": "string",
          "placement_group_name": "string",
          "sg_ids": [
            "list",
            "string"
          ],
          "smb_protocol_gateways_ips": "string",
          "subnet_ids": [
            "list",
            "string"
          ],
          "vm_username": "string",
          "weka_cluster_password_secret_id": "string"
        }
      ]
    }
  },
  "resources": [
    {
      "mode": "data",
      "type": "aws_availability_zones",
      "name": "available",
      "provider": "provider[\"registry.terraform.io/hashicorp/aws\"]",
      "instances": [
        {
          "schema_version": 0,
          "attributes": {
            "all_availability_zones": null,
            "exclude_names": null,
            "exclude_zone_ids": null,
            "filter": null,
            "group_names": [
              "us-east-2"
            ],
            "id": "us-east-2",
            "names": [
              "us-east-2a",
              "us-east-2b",
              "us-east-2c"
            ],
            "state": null,
            "timeouts": null,
            "zone_ids": [
              "use2-az1",
              "use2-az2",
              "use2-az3"
            ]
          },
          "sensitive_attributes": []
        }
      ]
    },
    {
      "mode": "data",
      "type": "aws_caller_identity",
      "name": "current",
      "provider": "provider[\"registry.terraform.io/hashicorp/aws\"]",
      "instances": [
        {
          "schema_version": 0,
          "attributes": {
            "account_id": "381492135989",
            "arn": "arn:aws:sts::381492135989:assumed-role/Root/aws-go-sdk-1707837630326305000",
            "id": "381492135989",
            "user_id": "AROAVRUVUBA2S3OA2XQFV:aws-go-sdk-1707837630326305000"
          },
          "sensitive_attributes": []
        }
      ]
    },
    {
      "mode": "data",
      "type": "aws_iam_policy_document",
      "name": "assume_role",
      "provider": "provider[\"registry.terraform.io/hashicorp/aws\"]",
      "instances": [
        {
          "schema_version": 0,
          "attributes": {
            "id": "2217611055",
            "json": "{\n  \"Version\": \"2012-10-17\",\n  \"Statement\": [\n    {\n      \"Effect\": \"Allow\",\n      \"Action\": \"sts:AssumeRole\",\n      \"Principal\": {\n        \"Service\": [\n          \"eks.amazonaws.com\",\n          \"ec2.amazonaws.com\"\n        ]\n      }\n    }\n  ]\n}",
            "override_policy_documents": null,
            "policy_id": null,
            "source_policy_documents": null,
            "statement": [
              {
                "actions": [
                  "sts:AssumeRole"
                ],
                "condition": [],
                "effect": "Allow",
                "not_actions": [],
                "not_principals": [],
                "not_resources": [],
                "principals": [
                  {
                    "identifiers": [
                      "ec2.amazonaws.com",
                      "eks.amazonaws.com"
                    ],
                    "type": "Service"
                  }
                ],
                "resources": [],
                "sid": ""
              }
            ],
            "version": "2012-10-17"
          },
          "sensitive_attributes": []
        }
      ]
    },
    {
      "mode": "data",
      "type": "aws_security_group",
      "name": "eks_control_plane",
      "provider": "provider[\"registry.terraform.io/hashicorp/aws\"]",
      "instances": [
        {
          "schema_version": 0,
          "attributes": {
            "arn": "arn:aws:ec2:us-east-2:381492135989:security-group/sg-0554de2fe3663317b",
            "description": "EKS created security group applied to ENI that is attached to EKS Control Plane master nodes, as well as any managed workloads.",
            "filter": null,
            "id": "sg-0554de2fe3663317b",
            "name": "eks-cluster-sg-mpfefferle-677491768",
            "tags": {
              "Name": "eks-cluster-sg-mpfefferle-677491768",
              "kubernetes.io/cluster/mpfefferle": "owned"
            },
            "timeouts": null,
            "vpc_id": "vpc-0e8e8a285f7ffc0e2"
          },
          "sensitive_attributes": []
        }
      ]
    },
    {
      "mode": "data",
      "type": "aws_ssm_parameter",
      "name": "eks_ami",
      "provider": "provider[\"registry.terraform.io/hashicorp/aws\"]",
      "instances": [
        {
          "schema_version": 0,
          "attributes": {
            "arn": "arn:aws:ssm:us-east-2::parameter/aws/service/eks/optimized-ami/1.29/amazon-linux-2/recommended/image_id",
            "id": "/aws/service/eks/optimized-ami/1.29/amazon-linux-2/recommended/image_id",
            "insecure_value": "ami-02623e68f0f773523",
            "name": "/aws/service/eks/optimized-ami/1.29/amazon-linux-2/recommended/image_id",
            "type": "String",
            "value": "ami-02623e68f0f773523",
            "version": 4,
            "with_decryption": true
          },
          "sensitive_attributes": []
        }
      ]
    },
    {
      "mode": "managed",
      "type": "aws_eip",
      "name": "nat",
      "provider": "provider[\"registry.terraform.io/hashicorp/aws\"]",
      "instances": [
        {
          "schema_version": 0,
          "attributes": {
            "address": null,
            "allocation_id": "eipalloc-0595b668e1d599ea8",
            "associate_with_private_ip": null,
            "association_id": "eipassoc-05276d0733c6c3c47",
            "carrier_ip": "",
            "customer_owned_ip": "",
            "customer_owned_ipv4_pool": "",
            "domain": "vpc",
            "id": "eipalloc-0595b668e1d599ea8",
            "instance": "",
            "network_border_group": "us-east-2",
            "network_interface": "eni-08e2893730d67a452",
            "private_dns": "ip-10-0-0-243.us-east-2.compute.internal",
            "private_ip": "10.0.0.243",
            "public_dns": "ec2-3-143-48-175.us-east-2.compute.amazonaws.com",
            "public_ip": "3.143.48.175",
            "public_ipv4_pool": "amazon",
            "tags": {},
            "tags_all": {},
            "timeouts": null,
            "vpc": true
          },
          "sensitive_attributes": [],
          "private": "eyJlMmJmYjczMC1lY2FhLTExZTYtOGY4OC0zNDM2M2JjN2M0YzAiOnsiZGVsZXRlIjoxODAwMDAwMDAwMDAsInJlYWQiOjkwMDAwMDAwMDAwMCwidXBkYXRlIjozMDAwMDAwMDAwMDB9fQ=="
        }
      ]
    },
    {
      "mode": "managed",
      "type": "aws_eks_cluster",
      "name": "eks",
      "provider": "provider[\"registry.terraform.io/hashicorp/aws\"]",
      "instances": [
        {
          "schema_version": 0,
          "attributes": {
            "access_config": [
              {
                "authentication_mode": "CONFIG_MAP",
                "bootstrap_cluster_creator_admin_permissions": false
              }
            ],
            "arn": "arn:aws:eks:us-east-2:381492135989:cluster/mpfefferle",
            "certificate_authority": [
              {
                "data": "LS0tLS1CRUdJTiBDRVJUSUZJQ0FURS0tLS0tCk1JSURCVENDQWUyZ0F3SUJBZ0lJRmlPMzQ2cVlBb1F3RFFZSktvWklodmNOQVFFTEJRQXdGVEVUTUJFR0ExVUUKQXhNS2EzVmlaWEp1WlhSbGN6QWVGdzB5TkRBeU1USXhPVEkwTVROYUZ3MHpOREF5TURreE9USTVNVE5hTUJVeApFekFSQmdOVkJBTVRDbXQxWW1WeWJtVjBaWE13Z2dFaU1BMEdDU3FHU0liM0RRRUJBUVVBQTRJQkR3QXdnZ0VLCkFvSUJBUURBNTZ6TXRJM1c0VlROUXdubjdLSHVlZWxyVm9uNi9GeVRScDd2YmdBTFNyVWJPVjlnOWxqaDRCQ0YKeVdoaVJ5eEVsQ2VMbHFlcE13TzZ5aS81RDVLYkcvK2xhb1c5bEluMkpmWlNrTVZNVU9NQ2RwTW9NSE5OMHRGbQprZGNOUVpIV2FVWEl3cTE0eHBwMkJNVHBUSFdRQ3puc0lZR2RkUXA1V1gydVhqV2Z5eUUrWnliUzViQ3hFanB2CjRiUWEraC9sRmdIVDZsRm16NWNSRHU4RVcrSGZCK25ibjRKbmtoSUVabHQ5MStYaHlVWS9aaXVnLzRIeVRUKzkKcXFkNE9JVXp5eXpoOVJuMUVBa0E1MVpUMG1HSlFlWDBIRTR3L0FPZUpyek1YMmdXNVBwWGtSODZkdi9tdXNSNgpOcWxQbVBMN1lhSjFPVTBmekZDNTN2VGtGR0d2QWdNQkFBR2pXVEJYTUE0R0ExVWREd0VCL3dRRUF3SUNwREFQCkJnTlZIUk1CQWY4RUJUQURBUUgvTUIwR0ExVWREZ1FXQkJUQ2Fldk4zRy85Wkllejg5Vk5OWExzZ0ZmRFhUQVYKQmdOVkhSRUVEakFNZ2dwcmRXSmxjbTVsZEdWek1BMEdDU3FHU0liM0RRRUJDd1VBQTRJQkFRQk9wV2lWQk05YwpuSm5kZk1KTDl1UjRnOTUwS2N2b3hQdlN2cGl6UDZXck0vNnpIby9tdGxqU0EwK3huTWg2em1qYmNsVFd4bDA1CjRKQnAzN2srYW01VFdRcjc4UFlPZzA3cHBWWG9wL2ZNMnh4K08wT2NxSGxBUUFtNjZuWkxJTHQ5Z2xxV1R3aWYKejBwZUJRUlB0SUV6U2RBQ0YyUjlsckkxY0JuUWN4TzdlaGNiSGp3L1JwVGNtejhnajdEbkF6VFFjT1pkSloydAoyU2JFS09ORVRYK01uMEtwNzhCcGlXTjZqcG14MDl6SDlYeGg4VE80UnFiVmZZdUJKbmxXYlFpc0ExYzEvVktRCnJXZUQrRHRKRytCejdybmFRTm55Wi9OK2wyMVZmLzhHUi82bTNTaUREd2Mxcmx4T0Y0M3VKME9wbU9tUjVrRUQKcEQ5Z2hZSVJDQW4xCi0tLS0tRU5EIENFUlRJRklDQVRFLS0tLS0K"
              }
            ],
            "cluster_id": null,
            "created_at": "2024-02-12 19:24:33.728 +0000 UTC",
            "enabled_cluster_log_types": [],
            "encryption_config": [],
            "endpoint": "https://EFC667F708034F515104DC5E13B5F0BD.gr7.us-east-2.eks.amazonaws.com",
            "id": "mpfefferle",
            "identity": [
              {
                "oidc": [
                  {
                    "issuer": "https://oidc.eks.us-east-2.amazonaws.com/id/EFC667F708034F515104DC5E13B5F0BD"
                  }
                ]
              }
            ],
            "kubernetes_network_config": [
              {
                "ip_family": "ipv4",
                "service_ipv4_cidr": "172.20.0.0/16",
                "service_ipv6_cidr": ""
              }
            ],
            "name": "mpfefferle",
            "outpost_config": [],
            "platform_version": "eks.1",
            "role_arn": "arn:aws:iam::381492135989:role/weka-mpfefferle-eks-role",
            "status": "ACTIVE",
            "tags": {},
            "tags_all": {},
            "timeouts": null,
            "version": "1.29",
            "vpc_config": [
              {
                "cluster_security_group_id": "sg-0554de2fe3663317b",
                "endpoint_private_access": false,
                "endpoint_public_access": true,
                "public_access_cidrs": [
                  "0.0.0.0/0"
                ],
                "security_group_ids": [],
                "subnet_ids": [
                  "subnet-013269d1760aa6f41",
                  "subnet-015bd3a3f73268e22",
                  "subnet-0e6384b4944b2087f"
                ],
                "vpc_id": "vpc-0e8e8a285f7ffc0e2"
              }
            ]
          },
          "sensitive_attributes": [],
          "private": "eyJlMmJmYjczMC1lY2FhLTExZTYtOGY4OC0zNDM2M2JjN2M0YzAiOnsiY3JlYXRlIjoxODAwMDAwMDAwMDAwLCJkZWxldGUiOjkwMDAwMDAwMDAwMCwidXBkYXRlIjozNjAwMDAwMDAwMDAwfX0=",
          "dependencies": [
            "aws_iam_role.eks_role",
            "aws_iam_role_policy_attachment.weka-AmazonEKSClusterPolicy",
            "aws_iam_role_policy_attachment.weka-AmazonEKSVPCResourceController",
            "aws_subnet.public",
            "aws_subnet.weka_subnet1",
            "aws_subnet.weka_subnet2",
            "aws_vpc.weka_vpc",
            "data.aws_availability_zones.available",
            "data.aws_iam_policy_document.assume_role"
          ]
        }
      ]
    },
    {
      "mode": "managed",
      "type": "aws_eks_node_group",
      "name": "weka_node_group",
      "provider": "provider[\"registry.terraform.io/hashicorp/aws\"]",
      "instances": [
        {
          "schema_version": 0,
          "attributes": {
            "ami_type": "CUSTOM",
            "arn": "arn:aws:eks:us-east-2:381492135989:nodegroup/mpfefferle/weka-mpfefferle-weka-node-group/9cc6cfa5-255b-1ef5-ad8c-4f5f3bcf48c3",
            "capacity_type": "ON_DEMAND",
            "cluster_name": "mpfefferle",
            "disk_size": 0,
            "force_update_version": null,
            "id": "mpfefferle:weka-mpfefferle-weka-node-group",
            "instance_types": [],
            "labels": {
              "kmm.node.kubernetes.io/control-plane": "true",
              "weka.io/role": "client"
            },
            "launch_template": [
              {
                "id": "lt-08b1aceca0499392f",
                "name": "weka-mpfefferle-eks-20240212193216582700000010",
                "version": "4"
              }
            ],
            "node_group_name": "weka-mpfefferle-weka-node-group",
            "node_group_name_prefix": "",
            "node_role_arn": "arn:aws:iam::381492135989:role/weka-mpfefferle-eks-role",
            "release_version": "ami-02623e68f0f773523",
            "remote_access": [],
            "resources": [
              {
                "autoscaling_groups": [
                  {
                    "name": "eks-weka-mpfefferle-weka-node-group-9cc6cfa5-255b-1ef5-ad8c-4f5f3bcf48c3"
                  }
                ],
                "remote_access_security_group_id": ""
              }
            ],
            "scaling_config": [
              {
                "desired_size": 3,
                "max_size": 7,
                "min_size": 1
              }
            ],
            "status": "ACTIVE",
            "subnet_ids": [
              "subnet-015bd3a3f73268e22",
              "subnet-0e6384b4944b2087f"
            ],
            "tags": {},
            "tags_all": {},
            "taint": [],
            "timeouts": null,
            "update_config": [
              {
                "max_unavailable": 1,
                "max_unavailable_percentage": 0
              }
            ],
            "version": "1.29"
          },
          "sensitive_attributes": [],
          "private": "eyJlMmJmYjczMC1lY2FhLTExZTYtOGY4OC0zNDM2M2JjN2M0YzAiOnsiY3JlYXRlIjozNjAwMDAwMDAwMDAwLCJkZWxldGUiOjM2MDAwMDAwMDAwMDAsInVwZGF0ZSI6MzYwMDAwMDAwMDAwMH19",
          "dependencies": [
            "aws_eks_cluster.eks",
            "aws_iam_role.eks_role",
            "aws_iam_role_policy_attachment.weka-AmazonEKSClusterPolicy",
            "aws_iam_role_policy_attachment.weka-AmazonEKSVPCResourceController",
            "aws_key_pair.eks_key_pair",
            "aws_launch_template.worker_nodes",
            "aws_subnet.public",
            "aws_subnet.weka_subnet1",
            "aws_subnet.weka_subnet2",
            "aws_vpc.weka_vpc",
            "data.aws_availability_zones.available",
            "data.aws_iam_policy_document.assume_role",
            "data.aws_ssm_parameter.eks_ami"
          ]
        }
      ]
    },
    {
      "mode": "managed",
      "type": "aws_iam_role",
      "name": "eks_role",
      "provider": "provider[\"registry.terraform.io/hashicorp/aws\"]",
      "instances": [
        {
          "schema_version": 0,
          "attributes": {
            "arn": "arn:aws:iam::381492135989:role/weka-mpfefferle-eks-role",
            "assume_role_policy": "{\"Statement\":[{\"Action\":\"sts:AssumeRole\",\"Effect\":\"Allow\",\"Principal\":{\"Service\":[\"eks.amazonaws.com\",\"ec2.amazonaws.com\"]}}],\"Version\":\"2012-10-17\"}",
            "create_date": "2024-02-12T19:24:21Z",
            "description": "",
            "force_detach_policies": false,
            "id": "weka-mpfefferle-eks-role",
            "inline_policy": [],
            "managed_policy_arns": [
              "arn:aws:iam::aws:policy/AmazonEC2ContainerRegistryReadOnly",
              "arn:aws:iam::aws:policy/AmazonEKSClusterPolicy",
              "arn:aws:iam::aws:policy/AmazonEKSVPCResourceController",
              "arn:aws:iam::aws:policy/AmazonEKSWorkerNodePolicy",
              "arn:aws:iam::aws:policy/AmazonEKS_CNI_Policy"
            ],
            "max_session_duration": 3600,
            "name": "weka-mpfefferle-eks-role",
            "name_prefix": "",
            "path": "/",
            "permissions_boundary": "",
            "tags": {},
            "tags_all": {},
            "unique_id": "AROAVRUVUBA2ZZESYK36C"
          },
          "sensitive_attributes": [],
          "private": "bnVsbA==",
          "dependencies": [
            "data.aws_iam_policy_document.assume_role"
          ]
        }
      ]
    },
    {
      "mode": "managed",
      "type": "aws_iam_role_policy_attachment",
      "name": "weka-AmazonEC2ContainerRegistryReadOnly",
      "provider": "provider[\"registry.terraform.io/hashicorp/aws\"]",
      "instances": [
        {
          "schema_version": 0,
          "attributes": {
            "id": "weka-mpfefferle-eks-role-2024021219242216980000000c",
            "policy_arn": "arn:aws:iam::aws:policy/AmazonEC2ContainerRegistryReadOnly",
            "role": "weka-mpfefferle-eks-role"
          },
          "sensitive_attributes": [],
          "private": "bnVsbA==",
          "dependencies": [
            "aws_iam_role.eks_role",
            "data.aws_iam_policy_document.assume_role"
          ]
        }
      ]
    },
    {
      "mode": "managed",
      "type": "aws_iam_role_policy_attachment",
      "name": "weka-AmazonEKSClusterPolicy",
      "provider": "provider[\"registry.terraform.io/hashicorp/aws\"]",
      "instances": [
        {
          "schema_version": 0,
          "attributes": {
            "id": "weka-mpfefferle-eks-role-2024021219242209370000000b",
            "policy_arn": "arn:aws:iam::aws:policy/AmazonEKSClusterPolicy",
            "role": "weka-mpfefferle-eks-role"
          },
          "sensitive_attributes": [],
          "private": "bnVsbA==",
          "dependencies": [
            "aws_iam_role.eks_role",
            "data.aws_iam_policy_document.assume_role"
          ]
        }
      ]
    },
    {
      "mode": "managed",
      "type": "aws_iam_role_policy_attachment",
      "name": "weka-AmazonEKSVPCResourceController",
      "provider": "provider[\"registry.terraform.io/hashicorp/aws\"]",
      "instances": [
        {
          "schema_version": 0,
          "attributes": {
            "id": "weka-mpfefferle-eks-role-20240212192421920100000009",
            "policy_arn": "arn:aws:iam::aws:policy/AmazonEKSVPCResourceController",
            "role": "weka-mpfefferle-eks-role"
          },
          "sensitive_attributes": [],
          "private": "bnVsbA==",
          "dependencies": [
            "aws_iam_role.eks_role",
            "data.aws_iam_policy_document.assume_role"
          ]
        }
      ]
    },
    {
      "mode": "managed",
      "type": "aws_iam_role_policy_attachment",
      "name": "weka-AmazonEKSWorkerNodePolicy",
      "provider": "provider[\"registry.terraform.io/hashicorp/aws\"]",
      "instances": [
        {
          "schema_version": 0,
          "attributes": {
            "id": "weka-mpfefferle-eks-role-2024021219242218140000000d",
            "policy_arn": "arn:aws:iam::aws:policy/AmazonEKSWorkerNodePolicy",
            "role": "weka-mpfefferle-eks-role"
          },
          "sensitive_attributes": [],
          "private": "bnVsbA==",
          "dependencies": [
            "aws_iam_role.eks_role",
            "data.aws_iam_policy_document.assume_role"
          ]
        }
      ]
    },
    {
      "mode": "managed",
      "type": "aws_iam_role_policy_attachment",
      "name": "weka-AmazonEKS_CNI_Policy",
      "provider": "provider[\"registry.terraform.io/hashicorp/aws\"]",
      "instances": [
        {
          "schema_version": 0,
          "attributes": {
            "id": "weka-mpfefferle-eks-role-2024021219242208930000000a",
            "policy_arn": "arn:aws:iam::aws:policy/AmazonEKS_CNI_Policy",
            "role": "weka-mpfefferle-eks-role"
          },
          "sensitive_attributes": [],
          "private": "bnVsbA==",
          "dependencies": [
            "aws_iam_role.eks_role",
            "data.aws_iam_policy_document.assume_role"
          ]
        }
      ]
    },
    {
      "mode": "managed",
      "type": "aws_internet_gateway",
      "name": "weka_igw",
      "provider": "provider[\"registry.terraform.io/hashicorp/aws\"]",
      "instances": [
        {
          "schema_version": 0,
          "attributes": {
            "arn": "arn:aws:ec2:us-east-2:381492135989:internet-gateway/igw-03938cb7d705f23dc",
            "id": "igw-03938cb7d705f23dc",
            "owner_id": "381492135989",
            "tags": {},
            "tags_all": {},
            "timeouts": null,
            "vpc_id": "vpc-0e8e8a285f7ffc0e2"
          },
          "sensitive_attributes": [],
          "private": "eyJlMmJmYjczMC1lY2FhLTExZTYtOGY4OC0zNDM2M2JjN2M0YzAiOnsiY3JlYXRlIjoxMjAwMDAwMDAwMDAwLCJkZWxldGUiOjEyMDAwMDAwMDAwMDAsInVwZGF0ZSI6MTIwMDAwMDAwMDAwMH19",
          "dependencies": [
            "aws_vpc.weka_vpc"
          ]
        }
      ]
    },
    {
      "mode": "managed",
      "type": "aws_key_pair",
      "name": "eks_key_pair",
      "provider": "provider[\"registry.terraform.io/hashicorp/aws\"]",
      "instances": [
        {
          "schema_version": 1,
          "attributes": {
            "arn": "arn:aws:ec2:us-east-2:381492135989:key-pair/weka-mpfefferle-eks-ssh-key",
            "fingerprint": "64:95:a9:c5:ca:8b:2e:0a:94:29:20:f2:68:60:03:e0",
            "id": "weka-mpfefferle-eks-ssh-key",
            "key_name": "weka-mpfefferle-eks-ssh-key",
            "key_name_prefix": "",
            "key_pair_id": "key-067e18fe075b68106",
            "key_type": "rsa",
            "public_key": "ssh-rsa AAAAB3NzaC1yc2EAAAADAQABAAABAQC83xywjfh32vOUZGc2cWMBI7s0krK1au2EkWSTLkkOnsW7QVulrwqT5yi+02lVsJ7TPIV0DYTyg2GjkcUoBOyTu0/Msly9cTPv033SD+17CY3WAG29kY0OGkxSugpEWp4Z+vaQqGWP0G3D7yxBXQ0m0W3yDzNV+Jk3PERh4t7VU4T+zRmGy1cBttW1nQH9BewqgNfynQvUr3/YBkQXP0g2yTWtFM+0BUv4imcNpgm4/MQyQX41PJt0ey8v/pEuz9Hl75aZINwkdbQvSVWO2pcwwtkMtSK/89kYKCI3bF0gBSUPlnoPZorYyk+Y99nrOLUhSdrC8IjZ2DLQfzuwLNtl",
            "tags": {},
            "tags_all": {}
          },
          "sensitive_attributes": [],
          "private": "eyJzY2hlbWFfdmVyc2lvbiI6IjEifQ=="
        }
      ]
    },
    {
      "mode": "managed",
      "type": "aws_launch_template",
      "name": "worker_nodes",
      "provider": "provider[\"registry.terraform.io/hashicorp/aws\"]",
      "instances": [
        {
          "schema_version": 0,
          "attributes": {
            "arn": "arn:aws:ec2:us-east-2:381492135989:launch-template/lt-08b1aceca0499392f",
            "block_device_mappings": [
              {
                "device_name": "/dev/sda1",
                "ebs": [
                  {
                    "delete_on_termination": "",
                    "encrypted": "",
                    "iops": 0,
                    "kms_key_id": "",
                    "snapshot_id": "",
                    "throughput": 0,
                    "volume_size": 50,
                    "volume_type": ""
                  }
                ],
                "no_device": "",
                "virtual_name": ""
              }
            ],
            "capacity_reservation_specification": [
              {
                "capacity_reservation_preference": "open",
                "capacity_reservation_target": []
              }
            ],
            "cpu_options": [],
            "credit_specification": [],
            "default_version": 1,
            "description": "",
            "disable_api_stop": false,
            "disable_api_termination": false,
            "ebs_optimized": "",
            "elastic_gpu_specifications": [],
            "elastic_inference_accelerator": [],
            "enclave_options": [],
            "hibernation_options": [],
            "iam_instance_profile": [],
            "id": "lt-08b1aceca0499392f",
            "image_id": "ami-02623e68f0f773523",
            "instance_initiated_shutdown_behavior": "",
            "instance_market_options": [],
            "instance_requirements": [],
            "instance_type": "m6i.xlarge",
            "kernel_id": "",
            "key_name": "weka-mpfefferle-eks-ssh-key",
            "latest_version": 4,
            "license_specification": [],
            "maintenance_options": [],
            "metadata_options": [],
            "monitoring": [],
            "name": "weka-mpfefferle-eks-20240212193216582700000010",
            "name_prefix": "weka-mpfefferle-eks-",
            "network_interfaces": [],
            "placement": [],
            "private_dns_name_options": [],
            "ram_disk_id": "",
            "security_group_names": [],
            "tag_specifications": [
              {
                "resource_type": "instance",
                "tags": {
                  "Name": "weka-mpfefferle-weka-node"
                }
              }
            ],
            "tags": {},
            "tags_all": {},
            "update_default_version": null,
            "user_data": "IyEvYmluL2Jhc2gKZWNobyAidm0ubnJfaHVnZXBhZ2VzPTgwMCIgPj4gL2V0Yy9zeXNjdGwuY29uZgovdXNyL3NiaW4vc3lzY3RsIC0tc3lzdGVtCi9ldGMvZWtzL2Jvb3RzdHJhcC5zaCBtcGZlZmZlcmxlIFwKICAtLWt1YmVsZXQtZXh0cmEtYXJncyAnLS1jcHUtbWFuYWdlci1wb2xpY3k9c3RhdGljJwo=",
            "vpc_security_group_ids": []
          },
          "sensitive_attributes": [
            [
              {
                "type": "get_attr",
                "value": "image_id"
              }
            ]
          ],
          "private": "bnVsbA==",
          "dependencies": [
            "aws_eks_cluster.eks",
            "aws_iam_role.eks_role",
            "aws_iam_role_policy_attachment.weka-AmazonEKSClusterPolicy",
            "aws_iam_role_policy_attachment.weka-AmazonEKSVPCResourceController",
            "aws_key_pair.eks_key_pair",
            "aws_subnet.public",
            "aws_subnet.weka_subnet1",
            "aws_subnet.weka_subnet2",
            "aws_vpc.weka_vpc",
            "data.aws_availability_zones.available",
            "data.aws_iam_policy_document.assume_role",
            "data.aws_ssm_parameter.eks_ami"
          ]
        }
      ]
    },
    {
      "mode": "managed",
      "type": "aws_nat_gateway",
      "name": "nat",
      "provider": "provider[\"registry.terraform.io/hashicorp/aws\"]",
      "instances": [
        {
          "schema_version": 0,
          "attributes": {
            "allocation_id": "eipalloc-0595b668e1d599ea8",
            "association_id": "eipassoc-05276d0733c6c3c47",
            "connectivity_type": "public",
            "id": "nat-08b4e2aed82132af1",
            "network_interface_id": "eni-08e2893730d67a452",
            "private_ip": "10.0.0.243",
            "public_ip": "3.143.48.175",
            "secondary_allocation_ids": [],
            "secondary_private_ip_address_count": 0,
            "secondary_private_ip_addresses": [],
            "subnet_id": "subnet-013269d1760aa6f41",
            "tags": {},
            "tags_all": {},
            "timeouts": null
          },
          "sensitive_attributes": [],
          "private": "eyJlMmJmYjczMC1lY2FhLTExZTYtOGY4OC0zNDM2M2JjN2M0YzAiOnsiY3JlYXRlIjo2MDAwMDAwMDAwMDAsImRlbGV0ZSI6MTgwMDAwMDAwMDAwMCwidXBkYXRlIjo2MDAwMDAwMDAwMDB9fQ==",
          "dependencies": [
            "aws_eip.nat",
            "aws_internet_gateway.weka_igw",
            "aws_subnet.public",
            "aws_vpc.weka_vpc",
            "data.aws_availability_zones.available"
          ]
        }
      ]
    },
    {
      "mode": "managed",
      "type": "aws_route_table",
      "name": "weka_route_table",
      "provider": "provider[\"registry.terraform.io/hashicorp/aws\"]",
      "instances": [
        {
          "schema_version": 0,
          "attributes": {
            "arn": "arn:aws:ec2:us-east-2:381492135989:route-table/rtb-0f66bc08151ae9447",
            "id": "rtb-0f66bc08151ae9447",
            "owner_id": "381492135989",
            "propagating_vgws": [],
            "route": [
              {
                "carrier_gateway_id": "",
                "cidr_block": "0.0.0.0/0",
                "core_network_arn": "",
                "destination_prefix_list_id": "",
                "egress_only_gateway_id": "",
                "gateway_id": "igw-03938cb7d705f23dc",
                "ipv6_cidr_block": "",
                "local_gateway_id": "",
                "nat_gateway_id": "",
                "network_interface_id": "",
                "transit_gateway_id": "",
                "vpc_endpoint_id": "",
                "vpc_peering_connection_id": ""
              }
            ],
            "tags": {},
            "tags_all": {},
            "timeouts": null,
            "vpc_id": "vpc-0e8e8a285f7ffc0e2"
          },
          "sensitive_attributes": [],
          "private": "eyJlMmJmYjczMC1lY2FhLTExZTYtOGY4OC0zNDM2M2JjN2M0YzAiOnsiY3JlYXRlIjozMDAwMDAwMDAwMDAsImRlbGV0ZSI6MzAwMDAwMDAwMDAwLCJ1cGRhdGUiOjEyMDAwMDAwMDAwMH19",
          "dependencies": [
            "aws_internet_gateway.weka_igw",
            "aws_vpc.weka_vpc"
          ]
        }
      ]
    },
    {
      "mode": "managed",
      "type": "aws_route_table_association",
      "name": "weka_subnet1_association",
      "provider": "provider[\"registry.terraform.io/hashicorp/aws\"]",
      "instances": [
        {
          "schema_version": 0,
          "attributes": {
            "gateway_id": "",
            "id": "rtbassoc-00028efd5a09a4bc4",
            "route_table_id": "rtb-0f66bc08151ae9447",
            "subnet_id": "subnet-0e6384b4944b2087f",
            "timeouts": null
          },
          "sensitive_attributes": [],
          "private": "eyJlMmJmYjczMC1lY2FhLTExZTYtOGY4OC0zNDM2M2JjN2M0YzAiOnsiY3JlYXRlIjozMDAwMDAwMDAwMDAsImRlbGV0ZSI6MzAwMDAwMDAwMDAwLCJ1cGRhdGUiOjEyMDAwMDAwMDAwMH19",
          "dependencies": [
            "aws_internet_gateway.weka_igw",
            "aws_route_table.weka_route_table",
            "aws_subnet.weka_subnet1",
            "aws_vpc.weka_vpc",
            "data.aws_availability_zones.available"
          ]
        }
      ]
    },
    {
      "mode": "managed",
      "type": "aws_route_table_association",
      "name": "weka_subnet2_association",
      "provider": "provider[\"registry.terraform.io/hashicorp/aws\"]",
      "instances": [
        {
          "schema_version": 0,
          "attributes": {
            "gateway_id": "",
            "id": "rtbassoc-0e8043491b1aa2aa9",
            "route_table_id": "rtb-0f66bc08151ae9447",
            "subnet_id": "subnet-015bd3a3f73268e22",
            "timeouts": null
          },
          "sensitive_attributes": [],
          "private": "eyJlMmJmYjczMC1lY2FhLTExZTYtOGY4OC0zNDM2M2JjN2M0YzAiOnsiY3JlYXRlIjozMDAwMDAwMDAwMDAsImRlbGV0ZSI6MzAwMDAwMDAwMDAwLCJ1cGRhdGUiOjEyMDAwMDAwMDAwMH19",
          "dependencies": [
            "aws_internet_gateway.weka_igw",
            "aws_route_table.weka_route_table",
            "aws_subnet.weka_subnet2",
            "aws_vpc.weka_vpc",
            "data.aws_availability_zones.available"
          ]
        }
      ]
    },
    {
      "mode": "managed",
      "type": "aws_security_group",
      "name": "eks_worker_nodes",
      "provider": "provider[\"registry.terraform.io/hashicorp/aws\"]",
      "instances": [
        {
          "schema_version": 1,
          "attributes": {
            "arn": "arn:aws:ec2:us-east-2:381492135989:security-group/sg-0aade829fc6075fa0",
            "description": "EKS worker nodes security group",
            "egress": [
              {
                "cidr_blocks": [
                  "0.0.0.0/0"
                ],
                "description": "",
                "from_port": 0,
                "ipv6_cidr_blocks": [],
                "prefix_list_ids": [],
                "protocol": "-1",
                "security_groups": [],
                "self": false,
                "to_port": 0
              }
            ],
            "id": "sg-0aade829fc6075fa0",
            "ingress": [
              {
                "cidr_blocks": [],
                "description": "",
                "from_port": 0,
                "ipv6_cidr_blocks": [],
                "prefix_list_ids": [],
                "protocol": "-1",
                "security_groups": [],
                "self": true,
                "to_port": 0
              },
              {
                "cidr_blocks": [],
                "description": "",
                "from_port": 1025,
                "ipv6_cidr_blocks": [],
                "prefix_list_ids": [],
                "protocol": "tcp",
                "security_groups": [
                  "sg-0554de2fe3663317b"
                ],
                "self": false,
                "to_port": 65535
              }
            ],
            "name": "weka-mpfefferle-eks-worker-nodes",
            "name_prefix": "",
            "owner_id": "381492135989",
            "revoke_rules_on_delete": false,
            "tags": {},
            "tags_all": {},
            "timeouts": null,
            "vpc_id": "vpc-0e8e8a285f7ffc0e2"
          },
          "sensitive_attributes": [],
          "private": "eyJlMmJmYjczMC1lY2FhLTExZTYtOGY4OC0zNDM2M2JjN2M0YzAiOnsiY3JlYXRlIjo2MDAwMDAwMDAwMDAsImRlbGV0ZSI6OTAwMDAwMDAwMDAwfSwic2NoZW1hX3ZlcnNpb24iOiIxIn0=",
          "dependencies": [
            "aws_vpc.weka_vpc"
          ]
        }
      ]
    },
    {
      "mode": "managed",
      "type": "aws_security_group_rule",
      "name": "all_traffic_between_workers",
      "provider": "provider[\"registry.terraform.io/hashicorp/aws\"]",
      "instances": [
        {
          "schema_version": 2,
          "attributes": {
            "cidr_blocks": null,
            "description": "",
            "from_port": 0,
            "id": "sgrule-2280609423",
            "ipv6_cidr_blocks": null,
            "prefix_list_ids": null,
            "protocol": "-1",
            "security_group_id": "sg-0aade829fc6075fa0",
            "security_group_rule_id": "sgr-0df782d46c757fda4",
            "self": true,
            "source_security_group_id": null,
            "timeouts": null,
            "to_port": 0,
            "type": "ingress"
          },
          "sensitive_attributes": [],
          "private": "eyJlMmJmYjczMC1lY2FhLTExZTYtOGY4OC0zNDM2M2JjN2M0YzAiOnsiY3JlYXRlIjozMDAwMDAwMDAwMDB9LCJzY2hlbWFfdmVyc2lvbiI6IjIifQ==",
          "dependencies": [
            "aws_security_group.eks_worker_nodes",
            "aws_vpc.weka_vpc"
          ]
        }
      ]
    },
    {
      "mode": "managed",
      "type": "aws_security_group_rule",
      "name": "inbound_control_plane_to_worker",
      "provider": "provider[\"registry.terraform.io/hashicorp/aws\"]",
      "instances": [
        {
          "schema_version": 2,
          "attributes": {
            "cidr_blocks": null,
            "description": "",
            "from_port": 1025,
            "id": "sgrule-303800791",
            "ipv6_cidr_blocks": null,
            "prefix_list_ids": null,
            "protocol": "tcp",
            "security_group_id": "sg-0aade829fc6075fa0",
            "security_group_rule_id": "sgr-0e4764e5272972f6c",
            "self": false,
            "source_security_group_id": "sg-0554de2fe3663317b",
            "timeouts": null,
            "to_port": 65535,
            "type": "ingress"
          },
          "sensitive_attributes": [],
          "private": "eyJlMmJmYjczMC1lY2FhLTExZTYtOGY4OC0zNDM2M2JjN2M0YzAiOnsiY3JlYXRlIjozMDAwMDAwMDAwMDB9LCJzY2hlbWFfdmVyc2lvbiI6IjIifQ==",
          "dependencies": [
            "aws_eks_cluster.eks",
            "aws_iam_role.eks_role",
            "aws_iam_role_policy_attachment.weka-AmazonEKSClusterPolicy",
            "aws_iam_role_policy_attachment.weka-AmazonEKSVPCResourceController",
            "aws_security_group.eks_worker_nodes",
            "aws_subnet.public",
            "aws_subnet.weka_subnet1",
            "aws_subnet.weka_subnet2",
            "aws_vpc.weka_vpc",
            "data.aws_availability_zones.available",
            "data.aws_iam_policy_document.assume_role",
            "data.aws_security_group.eks_control_plane"
          ]
        }
      ]
    },
    {
      "mode": "managed",
      "type": "aws_security_group_rule",
      "name": "inbound_ssh",
      "provider": "provider[\"registry.terraform.io/hashicorp/aws\"]",
      "instances": [
        {
          "schema_version": 2,
          "attributes": {
            "cidr_blocks": [
              "0.0.0.0/0"
            ],
            "description": "",
            "from_port": 22,
            "id": "sgrule-274067599",
            "ipv6_cidr_blocks": null,
            "prefix_list_ids": null,
            "protocol": "tcp",
            "security_group_id": "sg-0554de2fe3663317b",
            "security_group_rule_id": "sgr-0d549790ef96b7888",
            "self": false,
            "source_security_group_id": null,
            "timeouts": null,
            "to_port": 22,
            "type": "ingress"
          },
          "sensitive_attributes": [],
          "private": "eyJlMmJmYjczMC1lY2FhLTExZTYtOGY4OC0zNDM2M2JjN2M0YzAiOnsiY3JlYXRlIjozMDAwMDAwMDAwMDB9LCJzY2hlbWFfdmVyc2lvbiI6IjIifQ==",
          "dependencies": [
            "aws_eks_cluster.eks",
            "aws_iam_role.eks_role",
            "aws_iam_role_policy_attachment.weka-AmazonEKSClusterPolicy",
            "aws_iam_role_policy_attachment.weka-AmazonEKSVPCResourceController",
            "aws_subnet.public",
            "aws_subnet.weka_subnet1",
            "aws_subnet.weka_subnet2",
            "aws_vpc.weka_vpc",
            "data.aws_availability_zones.available",
            "data.aws_iam_policy_document.assume_role",
            "data.aws_security_group.eks_control_plane"
          ]
        }
      ]
    },
    {
      "mode": "managed",
      "type": "aws_security_group_rule",
      "name": "inbound_weka",
      "provider": "provider[\"registry.terraform.io/hashicorp/aws\"]",
      "instances": [
        {
          "schema_version": 2,
          "attributes": {
            "cidr_blocks": [
              "10.0.1.0/24",
              "10.0.2.0/24"
            ],
            "description": "",
            "from_port": 0,
            "id": "sgrule-2388478854",
            "ipv6_cidr_blocks": null,
            "prefix_list_ids": null,
            "protocol": "tcp",
            "security_group_id": "sg-0554de2fe3663317b",
            "security_group_rule_id": "",
            "self": false,
            "source_security_group_id": null,
            "timeouts": null,
            "to_port": 65535,
            "type": "ingress"
          },
          "sensitive_attributes": [],
          "private": "eyJlMmJmYjczMC1lY2FhLTExZTYtOGY4OC0zNDM2M2JjN2M0YzAiOnsiY3JlYXRlIjozMDAwMDAwMDAwMDB9LCJzY2hlbWFfdmVyc2lvbiI6IjIifQ==",
          "dependencies": [
            "aws_eks_cluster.eks",
            "aws_iam_role.eks_role",
            "aws_iam_role_policy_attachment.weka-AmazonEKSClusterPolicy",
            "aws_iam_role_policy_attachment.weka-AmazonEKSVPCResourceController",
            "aws_subnet.public",
            "aws_subnet.weka_subnet1",
            "aws_subnet.weka_subnet2",
            "aws_vpc.weka_vpc",
            "data.aws_availability_zones.available",
            "data.aws_iam_policy_document.assume_role",
            "data.aws_security_group.eks_control_plane"
          ]
        }
      ]
    },
    {
      "mode": "managed",
      "type": "aws_security_group_rule",
      "name": "inbound_worker_to_control_plane",
      "provider": "provider[\"registry.terraform.io/hashicorp/aws\"]",
      "instances": [
        {
          "schema_version": 2,
          "attributes": {
            "cidr_blocks": null,
            "description": "",
            "from_port": 1025,
            "id": "sgrule-3476832898",
            "ipv6_cidr_blocks": null,
            "prefix_list_ids": null,
            "protocol": "tcp",
            "security_group_id": "sg-0554de2fe3663317b",
            "security_group_rule_id": "sgr-027ce15c4b370a4e7",
            "self": false,
            "source_security_group_id": "sg-0aade829fc6075fa0",
            "timeouts": null,
            "to_port": 65535,
            "type": "ingress"
          },
          "sensitive_attributes": [],
          "private": "eyJlMmJmYjczMC1lY2FhLTExZTYtOGY4OC0zNDM2M2JjN2M0YzAiOnsiY3JlYXRlIjozMDAwMDAwMDAwMDB9LCJzY2hlbWFfdmVyc2lvbiI6IjIifQ==",
          "dependencies": [
            "aws_eks_cluster.eks",
            "aws_iam_role.eks_role",
            "aws_iam_role_policy_attachment.weka-AmazonEKSClusterPolicy",
            "aws_iam_role_policy_attachment.weka-AmazonEKSVPCResourceController",
            "aws_security_group.eks_worker_nodes",
            "aws_subnet.public",
            "aws_subnet.weka_subnet1",
            "aws_subnet.weka_subnet2",
            "aws_vpc.weka_vpc",
            "data.aws_availability_zones.available",
            "data.aws_iam_policy_document.assume_role",
            "data.aws_security_group.eks_control_plane"
          ]
        }
      ]
    },
    {
      "mode": "managed",
      "type": "aws_security_group_rule",
      "name": "outbound_worker_nodes",
      "provider": "provider[\"registry.terraform.io/hashicorp/aws\"]",
      "instances": [
        {
          "schema_version": 2,
          "attributes": {
            "cidr_blocks": [
              "0.0.0.0/0"
            ],
            "description": "",
            "from_port": 0,
            "id": "sgrule-3504244178",
            "ipv6_cidr_blocks": null,
            "prefix_list_ids": null,
            "protocol": "-1",
            "security_group_id": "sg-0aade829fc6075fa0",
            "security_group_rule_id": "sgr-068f2f7c4bfb5b4c3",
            "self": false,
            "source_security_group_id": null,
            "timeouts": null,
            "to_port": 0,
            "type": "egress"
          },
          "sensitive_attributes": [],
          "private": "eyJlMmJmYjczMC1lY2FhLTExZTYtOGY4OC0zNDM2M2JjN2M0YzAiOnsiY3JlYXRlIjozMDAwMDAwMDAwMDB9LCJzY2hlbWFfdmVyc2lvbiI6IjIifQ==",
          "dependencies": [
            "aws_security_group.eks_worker_nodes",
            "aws_vpc.weka_vpc"
          ]
        }
      ]
    },
    {
      "mode": "managed",
      "type": "aws_subnet",
      "name": "public",
      "provider": "provider[\"registry.terraform.io/hashicorp/aws\"]",
      "instances": [
        {
          "schema_version": 1,
          "attributes": {
            "arn": "arn:aws:ec2:us-east-2:381492135989:subnet/subnet-013269d1760aa6f41",
            "assign_ipv6_address_on_creation": false,
            "availability_zone": "us-east-2a",
            "availability_zone_id": "use2-az1",
            "cidr_block": "10.0.0.0/24",
            "customer_owned_ipv4_pool": "",
            "enable_dns64": false,
            "enable_lni_at_device_index": 0,
            "enable_resource_name_dns_a_record_on_launch": false,
            "enable_resource_name_dns_aaaa_record_on_launch": false,
            "id": "subnet-013269d1760aa6f41",
            "ipv6_cidr_block": "",
            "ipv6_cidr_block_association_id": "",
            "ipv6_native": false,
            "map_customer_owned_ip_on_launch": false,
            "map_public_ip_on_launch": true,
            "outpost_arn": "",
            "owner_id": "381492135989",
            "private_dns_hostname_type_on_launch": "ip-name",
            "tags": {
              "Name": "weka_public_subnet"
            },
            "tags_all": {
              "Name": "weka_public_subnet"
            },
            "timeouts": null,
            "vpc_id": "vpc-0e8e8a285f7ffc0e2"
          },
          "sensitive_attributes": [],
          "private": "eyJlMmJmYjczMC1lY2FhLTExZTYtOGY4OC0zNDM2M2JjN2M0YzAiOnsiY3JlYXRlIjo2MDAwMDAwMDAwMDAsImRlbGV0ZSI6MTIwMDAwMDAwMDAwMH0sInNjaGVtYV92ZXJzaW9uIjoiMSJ9",
          "dependencies": [
            "aws_vpc.weka_vpc",
            "data.aws_availability_zones.available"
          ]
        }
      ]
    },
    {
      "mode": "managed",
      "type": "aws_subnet",
      "name": "weka_subnet1",
      "provider": "provider[\"registry.terraform.io/hashicorp/aws\"]",
      "instances": [
        {
          "schema_version": 1,
          "attributes": {
            "arn": "arn:aws:ec2:us-east-2:381492135989:subnet/subnet-0e6384b4944b2087f",
            "assign_ipv6_address_on_creation": false,
            "availability_zone": "us-east-2a",
            "availability_zone_id": "use2-az1",
            "cidr_block": "10.0.1.0/24",
            "customer_owned_ipv4_pool": "",
            "enable_dns64": false,
            "enable_lni_at_device_index": 0,
            "enable_resource_name_dns_a_record_on_launch": false,
            "enable_resource_name_dns_aaaa_record_on_launch": false,
            "id": "subnet-0e6384b4944b2087f",
            "ipv6_cidr_block": "",
            "ipv6_cidr_block_association_id": "",
            "ipv6_native": false,
            "map_customer_owned_ip_on_launch": false,
            "map_public_ip_on_launch": true,
            "outpost_arn": "",
            "owner_id": "381492135989",
            "private_dns_hostname_type_on_launch": "ip-name",
            "tags": {
              "Name": "weka_subnet1",
              "kubernetes.io/role/internal-elb": "1"
            },
            "tags_all": {
              "Name": "weka_subnet1",
              "kubernetes.io/role/internal-elb": "1"
            },
            "timeouts": null,
            "vpc_id": "vpc-0e8e8a285f7ffc0e2"
          },
          "sensitive_attributes": [],
          "private": "eyJlMmJmYjczMC1lY2FhLTExZTYtOGY4OC0zNDM2M2JjN2M0YzAiOnsiY3JlYXRlIjo2MDAwMDAwMDAwMDAsImRlbGV0ZSI6MTIwMDAwMDAwMDAwMH0sInNjaGVtYV92ZXJzaW9uIjoiMSJ9",
          "dependencies": [
            "aws_vpc.weka_vpc",
            "data.aws_availability_zones.available"
          ]
        }
      ]
    },
    {
      "mode": "managed",
      "type": "aws_subnet",
      "name": "weka_subnet2",
      "provider": "provider[\"registry.terraform.io/hashicorp/aws\"]",
      "instances": [
        {
          "schema_version": 1,
          "attributes": {
            "arn": "arn:aws:ec2:us-east-2:381492135989:subnet/subnet-015bd3a3f73268e22",
            "assign_ipv6_address_on_creation": false,
            "availability_zone": "us-east-2b",
            "availability_zone_id": "use2-az2",
            "cidr_block": "10.0.2.0/24",
            "customer_owned_ipv4_pool": "",
            "enable_dns64": false,
            "enable_lni_at_device_index": 0,
            "enable_resource_name_dns_a_record_on_launch": false,
            "enable_resource_name_dns_aaaa_record_on_launch": false,
            "id": "subnet-015bd3a3f73268e22",
            "ipv6_cidr_block": "",
            "ipv6_cidr_block_association_id": "",
            "ipv6_native": false,
            "map_customer_owned_ip_on_launch": false,
            "map_public_ip_on_launch": true,
            "outpost_arn": "",
            "owner_id": "381492135989",
            "private_dns_hostname_type_on_launch": "ip-name",
            "tags": {
              "Name": "weka_subnet2",
              "kubernetes.io/role/internal-elb": "1"
            },
            "tags_all": {
              "Name": "weka_subnet2",
              "kubernetes.io/role/internal-elb": "1"
            },
            "timeouts": null,
            "vpc_id": "vpc-0e8e8a285f7ffc0e2"
          },
          "sensitive_attributes": [],
          "private": "eyJlMmJmYjczMC1lY2FhLTExZTYtOGY4OC0zNDM2M2JjN2M0YzAiOnsiY3JlYXRlIjo2MDAwMDAwMDAwMDAsImRlbGV0ZSI6MTIwMDAwMDAwMDAwMH0sInNjaGVtYV92ZXJzaW9uIjoiMSJ9",
          "dependencies": [
            "aws_vpc.weka_vpc",
            "data.aws_availability_zones.available"
          ]
        }
      ]
    },
    {
      "mode": "managed",
      "type": "aws_vpc",
      "name": "weka_vpc",
      "provider": "provider[\"registry.terraform.io/hashicorp/aws\"]",
      "instances": [
        {
          "schema_version": 1,
          "attributes": {
            "arn": "arn:aws:ec2:us-east-2:381492135989:vpc/vpc-0e8e8a285f7ffc0e2",
            "assign_generated_ipv6_cidr_block": false,
            "cidr_block": "10.0.0.0/16",
            "default_network_acl_id": "acl-0ce53c94c41c6046e",
            "default_route_table_id": "rtb-0f5bad046855d2156",
            "default_security_group_id": "sg-02dfe7501caeb4c76",
            "dhcp_options_id": "dopt-0af91fbd6869ed4e5",
            "enable_dns_hostnames": true,
            "enable_dns_support": true,
            "enable_network_address_usage_metrics": false,
            "id": "vpc-0e8e8a285f7ffc0e2",
            "instance_tenancy": "default",
            "ipv4_ipam_pool_id": null,
            "ipv4_netmask_length": null,
            "ipv6_association_id": "",
            "ipv6_cidr_block": "",
            "ipv6_cidr_block_network_border_group": "",
            "ipv6_ipam_pool_id": "",
            "ipv6_netmask_length": 0,
            "main_route_table_id": "rtb-0f5bad046855d2156",
            "owner_id": "381492135989",
            "tags": {
              "Name": "mpfefferle-vpc"
            },
            "tags_all": {
              "Name": "mpfefferle-vpc"
            }
          },
          "sensitive_attributes": [],
          "private": "eyJzY2hlbWFfdmVyc2lvbiI6IjEifQ=="
        }
      ]
    },
    {
      "module": "module.weka",
      "mode": "managed",
      "type": "aws_placement_group",
      "name": "placement_group",
      "provider": "provider[\"registry.terraform.io/hashicorp/aws\"]",
      "instances": [
        {
          "index_key": 0,
          "schema_version": 0,
          "attributes": {
            "arn": "arn:aws:ec2:us-east-2:381492135989:placement-group/weka-mpfefferle-placement-group",
            "id": "weka-mpfefferle-placement-group",
            "name": "weka-mpfefferle-placement-group",
            "partition_count": 0,
            "placement_group_id": "pg-0bb334442e7a0472f",
            "spread_level": "",
            "strategy": "cluster",
            "tags": {},
            "tags_all": {}
          },
          "sensitive_attributes": [],
          "private": "bnVsbA==",
          "dependencies": [
            "aws_subnet.weka_subnet1",
            "aws_vpc.weka_vpc",
            "data.aws_availability_zones.available",
            "module.weka.module.network.aws_eip.nat_eip",
            "module.weka.module.network.aws_internet_gateway.ig",
            "module.weka.module.network.aws_nat_gateway.nat",
            "module.weka.module.network.aws_route_table.ig_route_table",
            "module.weka.module.network.aws_route_table.nat_route_table",
            "module.weka.module.network.aws_route_table_association.private_rt_associate",
            "module.weka.module.network.aws_route_table_association.public_rt_associate",
            "module.weka.module.network.aws_subnet.private_subnet",
            "module.weka.module.network.aws_subnet.public_subnet",
            "module.weka.module.network.aws_vpc.vpc",
            "module.weka.module.network.data.aws_availability_zones.available"
          ]
        }
      ]
    }
  ],
  "check_results": [
    {
      "object_kind": "var",
      "config_addr": "module.weka.var.subnet_ids",
      "status": "unknown",
      "objects": null
    },
    {
      "object_kind": "var",
      "config_addr": "module.weka.module.nfs_protocol_gateways.var.protocol",
      "status": "unknown",
      "objects": null
    },
    {
      "object_kind": "var",
      "config_addr": "module.weka.module.smb_protocol_gateways.var.protocol",
      "status": "unknown",
      "objects": null
    },
    {
      "object_kind": "var",
      "config_addr": "module.weka.var.client_placement_group_name",
      "status": "unknown",
      "objects": null
    },
    {
      "object_kind": "var",
      "config_addr": "module.weka.module.nfs_protocol_gateways.var.smb_cluster_name",
      "status": "unknown",
      "objects": null
    },
    {
      "object_kind": "var",
      "config_addr": "module.weka.module.nfs_protocol_gateways.var.install_weka_url",
      "status": "unknown",
      "objects": null
    },
    {
      "object_kind": "var",
      "config_addr": "module.weka.var.smb_cluster_name",
      "status": "unknown",
      "objects": null
    },
    {
      "object_kind": "resource",
      "config_addr": "module.weka.module.nfs_protocol_gateways.aws_instance.this",
      "status": "unknown",
      "objects": null
    },
    {
      "object_kind": "var",
      "config_addr": "module.weka.module.smb_protocol_gateways.var.smb_cluster_name",
      "status": "unknown",
      "objects": null
    },
    {
      "object_kind": "var",
      "config_addr": "module.weka.module.smb_protocol_gateways.var.install_weka_url",
      "status": "unknown",
      "objects": null
    },
    {
      "object_kind": "var",
      "config_addr": "module.weka.var.stripe_width",
      "status": "unknown",
      "objects": null
    },
    {
      "object_kind": "resource",
      "config_addr": "module.weka.aws_lambda_function.deploy_lambda",
      "status": "unknown",
      "objects": null
    },
    {
      "object_kind": "var",
      "config_addr": "module.weka.module.smb_protocol_gateways.var.interface_group_name",
      "status": "unknown",
      "objects": null
    },
    {
      "object_kind": "var",
      "config_addr": "module.weka.var.protection_level",
      "status": "unknown",
      "objects": null
    },
    {
      "object_kind": "var",
      "config_addr": "module.weka.module.nfs_protocol_gateways.var.interface_group_name",
      "status": "unknown",
      "objects": null
    },
    {
      "object_kind": "var",
      "config_addr": "module.weka.module.iam.var.additional_iam_policy_statement",
      "status": "unknown",
      "objects": null
    },
    {
      "object_kind": "var",
      "config_addr": "module.weka.module.clients.var.placement_group_name",
      "status": "unknown",
      "objects": null
    },
    {
      "object_kind": "resource",
      "config_addr": "module.weka.module.smb_protocol_gateways.aws_instance.this",
      "status": "unknown",
      "objects": null
    },
    {
      "object_kind": "var",
      "config_addr": "module.weka.var.placement_group_name",
      "status": "unknown",
      "objects": null
    },
    {
      "object_kind": "var",
      "config_addr": "module.weka.var.lambdas_dist",
      "status": "unknown",
      "objects": null
    },
    {
      "object_kind": "var",
      "config_addr": "module.weka.var.cluster_size",
      "status": "unknown",
      "objects": null
    },
    {
      "object_kind": "var",
      "config_addr": "module.weka.var.containers_config_map",
      "status": "unknown",
      "objects": null
    },
    {
      "object_kind": "var",
      "config_addr": "module.weka.var.availability_zones",
      "status": "unknown",
      "objects": null
    }
  ]
}
