{
  "version": 4,
  "terraform_version": "1.7.1",
  "serial": 3458,
  "lineage": "3260b5bd-c736-0485-9a54-7981daa389af",
  "outputs": {
    "endpoint": {
      "value": "https://34D47D7C1A7562BC31C4ACB614CAB843.sk1.us-east-2.eks.amazonaws.com",
      "type": "string"
    },
    "kubeconfig-certificate-authority-data": {
      "value": "LS0tLS1CRUdJTiBDRVJUSUZJQ0FURS0tLS0tCk1JSURCVENDQWUyZ0F3SUJBZ0lJRFNESysrTTJvSEF3RFFZSktvWklodmNOQVFFTEJRQXdGVEVUTUJFR0ExVUUKQXhNS2EzVmlaWEp1WlhSbGN6QWVGdzB5TkRBek1USXhNakl4TWpWYUZ3MHpOREF6TVRBeE1qSTJNalZhTUJVeApFekFSQmdOVkJBTVRDbXQxWW1WeWJtVjBaWE13Z2dFaU1BMEdDU3FHU0liM0RRRUJBUVVBQTRJQkR3QXdnZ0VLCkFvSUJBUURUYjFZOVhhVWxqMmdySDdSMnF0YzNUVjMyeHgxTzJWa05KSnRSaWhaSTdsZTdmOG4zLzNHbDgyVjYKZ05Ybm9lWUZjZ1ZLZEp3NlFsemxhOHB1bTNsOTh0NVpOdXRlZWpKaVlkTjE3bVdMd29aMHZ5d1Nhd1N3b2RpSwpiL2pEamV2dTFKTDBtUDVINEk1YWFCbFg5a2F6MEtIRk1PWnNuUUY3N2tKaHNBdGQzU0tRclJuRk5TQU05SW5wCk9zVHo4WmQ2c1dLbGwwTU5QQmNPUzZBUE0yL1ZyTm5oNFQwdDU4Z1hnQ0ZWZHRTWEFLd1JpSkE4VloweGl0K3AKS0xydUR2ZzBOaFBVeVQ5Sk5jeXdQZU93OVJhdE1CcHRXSnloVWZHTW90WldRU1BoYVBSWndheWNscUJBYjljVwptR0dBSFovYldEeHBuR1hPd2JVYVcvUkhmV0lCQWdNQkFBR2pXVEJYTUE0R0ExVWREd0VCL3dRRUF3SUNwREFQCkJnTlZIUk1CQWY4RUJUQURBUUgvTUIwR0ExVWREZ1FXQkJRQXI3SnhpYTluRkE5UDVMOTRXc3E5aHl5VlJ6QVYKQmdOVkhSRUVEakFNZ2dwcmRXSmxjbTVsZEdWek1BMEdDU3FHU0liM0RRRUJDd1VBQTRJQkFRQXF6S1N5SDJTNQpJMUNjKzlzaDlmRUxEVjM0SjJlS2pXeEhVR1hRWDd2Z2dMTlZFVUxZUzIxWmhhVnVXOTVJWHlzWEdaU2tjTXhIClFzL0pDWS9ibUlQbXZQTDdRQWN4L3ZGZnRsTHJXYWd0cFg5UEx5eXZhM0VJekQ4T0d4U0lGM1NSZ3ZobmtHY2YKQ2ludFRWTFAxYXVEZHBDcHpWY0JoTUtTN1JKTGM5MTl4WUtnb1Vjdk1lYXJ3VUQ2RXNnbkJzNENBVkFHVlhhMApvNXRqVy9OdVFVdGIvRU40bTFlRk5LQXEzNjhqRDRtNW1tVnpXSjYrMnkrN2JNY25NeWcwQktUZ0kyWWV3SWFLCkhJdlZ2OWV1M21YY0draUlaZHNnU1JCQUFVZTdsS1BoNTBZSk1IOStPc0hFeVpNdlpIOVhDWWkyaTQvelNTKzAKdm5FZlZ3NlMxZnVOCi0tLS0tRU5EIENFUlRJRklDQVRFLS0tLS0K",
      "type": "string"
    },
    "subnet_ids": {
      "value": [
        "subnet-0cb4b2ff45202c671",
        "subnet-05dd75165ee41020e"
      ],
      "type": [
        "tuple",
        [
          "string",
          "string"
        ]
      ]
    },
    "vpc_id": {
      "value": "vpc-0147047cbf5a62e5c",
      "type": "string"
    }
  },
  "resources": [
    {
      "mode": "data",
      "type": "aws_availability_zones",
      "name": "available",
      "provider": "provider[\"registry.terraform.io/hashicorp/aws\"]",
      "instances": [
        {
          "schema_version": 0,
          "attributes": {
            "all_availability_zones": null,
            "exclude_names": null,
            "exclude_zone_ids": null,
            "filter": null,
            "group_names": [
              "us-east-2"
            ],
            "id": "us-east-2",
            "names": [
              "us-east-2a",
              "us-east-2b",
              "us-east-2c"
            ],
            "state": null,
            "timeouts": null,
            "zone_ids": [
              "use2-az1",
              "use2-az2",
              "use2-az3"
            ]
          },
          "sensitive_attributes": []
        }
      ]
    },
    {
      "mode": "data",
      "type": "aws_caller_identity",
      "name": "current",
      "provider": "provider[\"registry.terraform.io/hashicorp/aws\"]",
      "instances": [
        {
          "schema_version": 0,
          "attributes": {
            "account_id": "381492135989",
            "arn": "arn:aws:sts::381492135989:assumed-role/Root/aws-go-sdk-1710246129973536000",
            "id": "381492135989",
            "user_id": "AROAVRUVUBA2S3OA2XQFV:aws-go-sdk-1710246129973536000"
          },
          "sensitive_attributes": []
        }
      ]
    },
    {
      "mode": "data",
      "type": "aws_iam_policy_document",
      "name": "assume_role",
      "provider": "provider[\"registry.terraform.io/hashicorp/aws\"]",
      "instances": [
        {
          "schema_version": 0,
          "attributes": {
            "id": "2217611055",
            "json": "{\n  \"Version\": \"2012-10-17\",\n  \"Statement\": [\n    {\n      \"Effect\": \"Allow\",\n      \"Action\": \"sts:AssumeRole\",\n      \"Principal\": {\n        \"Service\": [\n          \"eks.amazonaws.com\",\n          \"ec2.amazonaws.com\"\n        ]\n      }\n    }\n  ]\n}",
            "override_policy_documents": null,
            "policy_id": null,
            "source_policy_documents": null,
            "statement": [
              {
                "actions": [
                  "sts:AssumeRole"
                ],
                "condition": [],
                "effect": "Allow",
                "not_actions": [],
                "not_principals": [],
                "not_resources": [],
                "principals": [
                  {
                    "identifiers": [
                      "ec2.amazonaws.com",
                      "eks.amazonaws.com"
                    ],
                    "type": "Service"
                  }
                ],
                "resources": [],
                "sid": ""
              }
            ],
            "version": "2012-10-17"
          },
          "sensitive_attributes": []
        }
      ]
    },
    {
      "mode": "data",
      "type": "aws_security_group",
      "name": "eks_control_plane",
      "provider": "provider[\"registry.terraform.io/hashicorp/aws\"]",
      "instances": [
        {
          "schema_version": 0,
          "attributes": {
            "arn": "arn:aws:ec2:us-east-2:381492135989:security-group/sg-066806a1b80ef5c64",
            "description": "EKS created security group applied to ENI that is attached to EKS Control Plane master nodes, as well as any managed workloads.",
            "filter": null,
            "id": "sg-066806a1b80ef5c64",
            "name": "eks-cluster-sg-mpfefferle-677491768",
            "tags": {
              "Name": "eks-cluster-sg-mpfefferle-677491768",
              "kubernetes.io/cluster/mpfefferle": "owned"
            },
            "timeouts": null,
            "vpc_id": "vpc-0147047cbf5a62e5c"
          },
          "sensitive_attributes": []
        }
      ]
    },
    {
      "mode": "data",
      "type": "aws_ssm_parameter",
      "name": "eks_ami",
      "provider": "provider[\"registry.terraform.io/hashicorp/aws\"]",
      "instances": [
        {
          "schema_version": 0,
          "attributes": {
            "arn": "arn:aws:ssm:us-east-2::parameter/aws/service/eks/optimized-ami/1.29/amazon-linux-2/recommended/image_id",
            "id": "/aws/service/eks/optimized-ami/1.29/amazon-linux-2/recommended/image_id",
            "insecure_value": "ami-0c18ee34aee051305",
            "name": "/aws/service/eks/optimized-ami/1.29/amazon-linux-2/recommended/image_id",
            "type": "String",
            "value": "ami-0c18ee34aee051305",
            "version": 7,
            "with_decryption": true
          },
          "sensitive_attributes": []
        }
      ]
    },
    {
      "mode": "managed",
      "type": "aws_eip",
      "name": "nat",
      "provider": "provider[\"registry.terraform.io/hashicorp/aws\"]",
      "instances": [
        {
          "schema_version": 0,
          "attributes": {
            "address": null,
            "allocation_id": "eipalloc-02b990f33393bb2a6",
            "associate_with_private_ip": null,
            "association_id": "",
            "carrier_ip": "",
            "customer_owned_ip": "",
            "customer_owned_ipv4_pool": "",
            "domain": "vpc",
            "id": "eipalloc-02b990f33393bb2a6",
            "instance": "",
            "network_border_group": "us-east-2",
            "network_interface": "",
            "private_dns": null,
            "private_ip": "",
            "public_dns": "ec2-3-142-167-96.us-east-2.compute.amazonaws.com",
            "public_ip": "3.142.167.96",
            "public_ipv4_pool": "amazon",
            "tags": null,
            "tags_all": {},
            "timeouts": null,
            "vpc": true
          },
          "sensitive_attributes": [],
          "private": "eyJlMmJmYjczMC1lY2FhLTExZTYtOGY4OC0zNDM2M2JjN2M0YzAiOnsiZGVsZXRlIjoxODAwMDAwMDAwMDAsInJlYWQiOjkwMDAwMDAwMDAwMCwidXBkYXRlIjozMDAwMDAwMDAwMDB9fQ=="
        }
      ]
    },
    {
      "mode": "managed",
      "type": "aws_eks_cluster",
      "name": "eks",
      "provider": "provider[\"registry.terraform.io/hashicorp/aws\"]",
      "instances": [
        {
          "schema_version": 0,
          "attributes": {
            "access_config": [
              {
                "authentication_mode": "CONFIG_MAP",
                "bootstrap_cluster_creator_admin_permissions": false
              }
            ],
            "arn": "arn:aws:eks:us-east-2:381492135989:cluster/mpfefferle",
            "certificate_authority": [
              {
                "data": "LS0tLS1CRUdJTiBDRVJUSUZJQ0FURS0tLS0tCk1JSURCVENDQWUyZ0F3SUJBZ0lJRFNESysrTTJvSEF3RFFZSktvWklodmNOQVFFTEJRQXdGVEVUTUJFR0ExVUUKQXhNS2EzVmlaWEp1WlhSbGN6QWVGdzB5TkRBek1USXhNakl4TWpWYUZ3MHpOREF6TVRBeE1qSTJNalZhTUJVeApFekFSQmdOVkJBTVRDbXQxWW1WeWJtVjBaWE13Z2dFaU1BMEdDU3FHU0liM0RRRUJBUVVBQTRJQkR3QXdnZ0VLCkFvSUJBUURUYjFZOVhhVWxqMmdySDdSMnF0YzNUVjMyeHgxTzJWa05KSnRSaWhaSTdsZTdmOG4zLzNHbDgyVjYKZ05Ybm9lWUZjZ1ZLZEp3NlFsemxhOHB1bTNsOTh0NVpOdXRlZWpKaVlkTjE3bVdMd29aMHZ5d1Nhd1N3b2RpSwpiL2pEamV2dTFKTDBtUDVINEk1YWFCbFg5a2F6MEtIRk1PWnNuUUY3N2tKaHNBdGQzU0tRclJuRk5TQU05SW5wCk9zVHo4WmQ2c1dLbGwwTU5QQmNPUzZBUE0yL1ZyTm5oNFQwdDU4Z1hnQ0ZWZHRTWEFLd1JpSkE4VloweGl0K3AKS0xydUR2ZzBOaFBVeVQ5Sk5jeXdQZU93OVJhdE1CcHRXSnloVWZHTW90WldRU1BoYVBSWndheWNscUJBYjljVwptR0dBSFovYldEeHBuR1hPd2JVYVcvUkhmV0lCQWdNQkFBR2pXVEJYTUE0R0ExVWREd0VCL3dRRUF3SUNwREFQCkJnTlZIUk1CQWY4RUJUQURBUUgvTUIwR0ExVWREZ1FXQkJRQXI3SnhpYTluRkE5UDVMOTRXc3E5aHl5VlJ6QVYKQmdOVkhSRUVEakFNZ2dwcmRXSmxjbTVsZEdWek1BMEdDU3FHU0liM0RRRUJDd1VBQTRJQkFRQXF6S1N5SDJTNQpJMUNjKzlzaDlmRUxEVjM0SjJlS2pXeEhVR1hRWDd2Z2dMTlZFVUxZUzIxWmhhVnVXOTVJWHlzWEdaU2tjTXhIClFzL0pDWS9ibUlQbXZQTDdRQWN4L3ZGZnRsTHJXYWd0cFg5UEx5eXZhM0VJekQ4T0d4U0lGM1NSZ3ZobmtHY2YKQ2ludFRWTFAxYXVEZHBDcHpWY0JoTUtTN1JKTGM5MTl4WUtnb1Vjdk1lYXJ3VUQ2RXNnbkJzNENBVkFHVlhhMApvNXRqVy9OdVFVdGIvRU40bTFlRk5LQXEzNjhqRDRtNW1tVnpXSjYrMnkrN2JNY25NeWcwQktUZ0kyWWV3SWFLCkhJdlZ2OWV1M21YY0draUlaZHNnU1JCQUFVZTdsS1BoNTBZSk1IOStPc0hFeVpNdlpIOVhDWWkyaTQvelNTKzAKdm5FZlZ3NlMxZnVOCi0tLS0tRU5EIENFUlRJRklDQVRFLS0tLS0K"
              }
            ],
            "cluster_id": null,
            "created_at": "2024-03-12 12:22:35.812 +0000 UTC",
            "enabled_cluster_log_types": null,
            "encryption_config": [],
            "endpoint": "https://34D47D7C1A7562BC31C4ACB614CAB843.sk1.us-east-2.eks.amazonaws.com",
            "id": "mpfefferle",
            "identity": [
              {
                "oidc": [
                  {
                    "issuer": "https://oidc.eks.us-east-2.amazonaws.com/id/34D47D7C1A7562BC31C4ACB614CAB843"
                  }
                ]
              }
            ],
            "kubernetes_network_config": [
              {
                "ip_family": "ipv4",
                "service_ipv4_cidr": "172.20.0.0/16",
                "service_ipv6_cidr": ""
              }
            ],
            "name": "mpfefferle",
            "outpost_config": [],
            "platform_version": "eks.3",
            "role_arn": "arn:aws:iam::381492135989:role/weka-mpfefferle-eks-role",
            "status": "ACTIVE",
            "tags": null,
            "tags_all": {},
            "timeouts": null,
            "version": "1.29",
            "vpc_config": [
              {
                "cluster_security_group_id": "sg-066806a1b80ef5c64",
                "endpoint_private_access": false,
                "endpoint_public_access": true,
                "public_access_cidrs": [
                  "0.0.0.0/0"
                ],
                "security_group_ids": null,
                "subnet_ids": [
                  "subnet-05dd75165ee41020e",
                  "subnet-0cb4b2ff45202c671",
                  "subnet-0f1df4e0fead7d315"
                ],
                "vpc_id": "vpc-0147047cbf5a62e5c"
              }
            ]
          },
          "sensitive_attributes": [],
          "private": "eyJlMmJmYjczMC1lY2FhLTExZTYtOGY4OC0zNDM2M2JjN2M0YzAiOnsiY3JlYXRlIjoxODAwMDAwMDAwMDAwLCJkZWxldGUiOjkwMDAwMDAwMDAwMCwidXBkYXRlIjozNjAwMDAwMDAwMDAwfX0=",
          "dependencies": [
            "aws_iam_role.eks_role",
            "aws_iam_role_policy_attachment.weka-AmazonEKSClusterPolicy",
            "aws_iam_role_policy_attachment.weka-AmazonEKSVPCResourceController",
            "aws_subnet.public",
            "aws_subnet.weka_subnet1",
            "aws_subnet.weka_subnet2",
            "aws_vpc.weka_vpc",
            "data.aws_availability_zones.available",
            "data.aws_iam_policy_document.assume_role"
          ]
        }
      ]
    },
    {
      "mode": "managed",
      "type": "aws_eks_node_group",
      "name": "weka_backend",
      "provider": "provider[\"registry.terraform.io/hashicorp/aws\"]",
      "instances": [
        {
          "schema_version": 0,
          "attributes": {
            "ami_type": "CUSTOM",
            "arn": "arn:aws:eks:us-east-2:381492135989:nodegroup/mpfefferle/weka-mpfefferle-weka-backend-node-group/eac71951-8035-b657-8dfd-baef978701aa",
            "capacity_type": "ON_DEMAND",
            "cluster_name": "mpfefferle",
            "disk_size": 0,
            "force_update_version": null,
            "id": "mpfefferle:weka-mpfefferle-weka-backend-node-group",
            "instance_types": [],
            "labels": {
              "weka.io/role": "backend"
            },
            "launch_template": [
              {
                "id": "lt-0209833bd3c5275a9",
                "name": "weka-mpfefferle-backend20240312122846498800000009",
                "version": "1"
              }
            ],
            "node_group_name": "weka-mpfefferle-weka-backend-node-group",
            "node_group_name_prefix": "",
            "node_role_arn": "arn:aws:iam::381492135989:role/weka-mpfefferle-eks-role",
            "release_version": "ami-0c18ee34aee051305",
            "remote_access": [],
            "resources": [
              {
                "autoscaling_groups": [
                  {
                    "name": "eks-weka-mpfefferle-weka-backend-node-group-eac71951-8035-b657-8dfd-baef978701aa"
                  }
                ],
                "remote_access_security_group_id": ""
              }
            ],
            "scaling_config": [
              {
                "desired_size": 5,
                "max_size": 5,
                "min_size": 5
              }
            ],
            "status": "ACTIVE",
            "subnet_ids": [
              "subnet-05dd75165ee41020e",
              "subnet-0cb4b2ff45202c671"
            ],
            "tags": null,
            "tags_all": {},
            "taint": [],
            "timeouts": null,
            "update_config": [
              {
                "max_unavailable": 1,
                "max_unavailable_percentage": 0
              }
            ],
            "version": "1.29"
          },
          "sensitive_attributes": [],
          "private": "eyJlMmJmYjczMC1lY2FhLTExZTYtOGY4OC0zNDM2M2JjN2M0YzAiOnsiY3JlYXRlIjozNjAwMDAwMDAwMDAwLCJkZWxldGUiOjM2MDAwMDAwMDAwMDAsInVwZGF0ZSI6MzYwMDAwMDAwMDAwMH19",
          "dependencies": [
            "aws_eks_cluster.eks",
            "aws_iam_role.eks_role",
            "aws_iam_role_policy_attachment.weka-AmazonEKSClusterPolicy",
            "aws_iam_role_policy_attachment.weka-AmazonEKSVPCResourceController",
            "aws_key_pair.eks_key_pair",
            "aws_launch_template.backend",
            "aws_security_group.eks_worker_nodes",
            "aws_subnet.public",
            "aws_subnet.weka_subnet1",
            "aws_subnet.weka_subnet2",
            "aws_vpc.weka_vpc",
            "data.aws_availability_zones.available",
            "data.aws_caller_identity.current",
            "data.aws_iam_policy_document.assume_role",
            "data.aws_security_group.eks_control_plane",
            "data.aws_ssm_parameter.eks_ami"
          ]
        }
      ]
    },
    {
      "mode": "managed",
      "type": "aws_eks_node_group",
      "name": "weka_node_group",
      "provider": "provider[\"registry.terraform.io/hashicorp/aws\"]",
      "instances": [
        {
          "schema_version": 0,
          "attributes": {
            "ami_type": "CUSTOM",
            "arn": "arn:aws:eks:us-east-2:381492135989:nodegroup/mpfefferle/weka-mpfefferle-weka-node-group/1cc71951-7fa4-bf91-7aa5-352d61226444",
            "capacity_type": "ON_DEMAND",
            "cluster_name": "mpfefferle",
            "disk_size": 0,
            "force_update_version": null,
            "id": "mpfefferle:weka-mpfefferle-weka-node-group",
            "instance_types": [],
            "labels": {
              "weka.io/role": "client"
            },
            "launch_template": [
              {
                "id": "lt-0957194fd4233136b",
                "name": "weka-mpfefferle-eks-20240312122846165700000007",
                "version": "1"
              }
            ],
            "node_group_name": "weka-mpfefferle-weka-node-group",
            "node_group_name_prefix": "",
            "node_role_arn": "arn:aws:iam::381492135989:role/weka-mpfefferle-eks-role",
            "release_version": "ami-0c18ee34aee051305",
            "remote_access": [],
            "resources": [
              {
                "autoscaling_groups": [
                  {
                    "name": "eks-weka-mpfefferle-weka-node-group-1cc71951-7fa4-bf91-7aa5-352d61226444"
                  }
                ],
                "remote_access_security_group_id": ""
              }
            ],
            "scaling_config": [
              {
                "desired_size": 3,
                "max_size": 7,
                "min_size": 1
              }
            ],
            "status": "ACTIVE",
            "subnet_ids": [
              "subnet-05dd75165ee41020e",
              "subnet-0cb4b2ff45202c671"
            ],
            "tags": null,
            "tags_all": {},
            "taint": [],
            "timeouts": null,
            "update_config": [
              {
                "max_unavailable": 1,
                "max_unavailable_percentage": 0
              }
            ],
            "version": "1.29"
          },
          "sensitive_attributes": [],
          "private": "eyJlMmJmYjczMC1lY2FhLTExZTYtOGY4OC0zNDM2M2JjN2M0YzAiOnsiY3JlYXRlIjozNjAwMDAwMDAwMDAwLCJkZWxldGUiOjM2MDAwMDAwMDAwMDAsInVwZGF0ZSI6MzYwMDAwMDAwMDAwMH19",
          "dependencies": [
            "aws_eks_cluster.eks",
            "aws_iam_role.eks_role",
            "aws_iam_role_policy_attachment.weka-AmazonEKSClusterPolicy",
            "aws_iam_role_policy_attachment.weka-AmazonEKSVPCResourceController",
            "aws_key_pair.eks_key_pair",
            "aws_launch_template.worker_nodes",
            "aws_subnet.public",
            "aws_subnet.weka_subnet1",
            "aws_subnet.weka_subnet2",
            "aws_vpc.weka_vpc",
            "data.aws_availability_zones.available",
            "data.aws_iam_policy_document.assume_role",
            "data.aws_ssm_parameter.eks_ami"
          ]
        }
      ]
    },
    {
      "mode": "managed",
      "type": "aws_iam_role",
      "name": "eks_role",
      "provider": "provider[\"registry.terraform.io/hashicorp/aws\"]",
      "instances": [
        {
          "schema_version": 0,
          "attributes": {
            "arn": "arn:aws:iam::381492135989:role/weka-mpfefferle-eks-role",
            "assume_role_policy": "{\"Statement\":[{\"Action\":\"sts:AssumeRole\",\"Effect\":\"Allow\",\"Principal\":{\"Service\":[\"eks.amazonaws.com\",\"ec2.amazonaws.com\"]}}],\"Version\":\"2012-10-17\"}",
            "create_date": "2024-03-12T12:22:11Z",
            "description": "",
            "force_detach_policies": false,
            "id": "weka-mpfefferle-eks-role",
            "inline_policy": [],
            "managed_policy_arns": [],
            "max_session_duration": 3600,
            "name": "weka-mpfefferle-eks-role",
            "name_prefix": "",
            "path": "/",
            "permissions_boundary": "",
            "tags": null,
            "tags_all": {},
            "unique_id": "AROAVRUVUBA26EINZ3PX2"
          },
          "sensitive_attributes": [],
          "private": "bnVsbA==",
          "dependencies": [
            "data.aws_iam_policy_document.assume_role"
          ]
        }
      ]
    },
    {
      "mode": "managed",
      "type": "aws_iam_role_policy_attachment",
      "name": "weka-AmazonEC2ContainerRegistryReadOnly",
      "provider": "provider[\"registry.terraform.io/hashicorp/aws\"]",
      "instances": [
        {
          "schema_version": 0,
          "attributes": {
            "id": "weka-mpfefferle-eks-role-20240312122211908900000004",
            "policy_arn": "arn:aws:iam::aws:policy/AmazonEC2ContainerRegistryReadOnly",
            "role": "weka-mpfefferle-eks-role"
          },
          "sensitive_attributes": [],
          "private": "bnVsbA==",
          "dependencies": [
            "aws_iam_role.eks_role",
            "data.aws_iam_policy_document.assume_role"
          ]
        }
      ]
    },
    {
      "mode": "managed",
      "type": "aws_iam_role_policy_attachment",
      "name": "weka-AmazonEKSClusterPolicy",
      "provider": "provider[\"registry.terraform.io/hashicorp/aws\"]",
      "instances": [
        {
          "schema_version": 0,
          "attributes": {
            "id": "weka-mpfefferle-eks-role-20240312122211923400000005",
            "policy_arn": "arn:aws:iam::aws:policy/AmazonEKSClusterPolicy",
            "role": "weka-mpfefferle-eks-role"
          },
          "sensitive_attributes": [],
          "private": "bnVsbA==",
          "dependencies": [
            "aws_iam_role.eks_role",
            "data.aws_iam_policy_document.assume_role"
          ]
        }
      ]
    },
    {
      "mode": "managed",
      "type": "aws_iam_role_policy_attachment",
      "name": "weka-AmazonEKSVPCResourceController",
      "provider": "provider[\"registry.terraform.io/hashicorp/aws\"]",
      "instances": [
        {
          "schema_version": 0,
          "attributes": {
            "id": "weka-mpfefferle-eks-role-20240312122211905300000003",
            "policy_arn": "arn:aws:iam::aws:policy/AmazonEKSVPCResourceController",
            "role": "weka-mpfefferle-eks-role"
          },
          "sensitive_attributes": [],
          "private": "bnVsbA==",
          "dependencies": [
            "aws_iam_role.eks_role",
            "data.aws_iam_policy_document.assume_role"
          ]
        }
      ]
    },
    {
      "mode": "managed",
      "type": "aws_iam_role_policy_attachment",
      "name": "weka-AmazonEKSWorkerNodePolicy",
      "provider": "provider[\"registry.terraform.io/hashicorp/aws\"]",
      "instances": [
        {
          "schema_version": 0,
          "attributes": {
            "id": "weka-mpfefferle-eks-role-20240312122211746500000001",
            "policy_arn": "arn:aws:iam::aws:policy/AmazonEKSWorkerNodePolicy",
            "role": "weka-mpfefferle-eks-role"
          },
          "sensitive_attributes": [],
          "private": "bnVsbA==",
          "dependencies": [
            "aws_iam_role.eks_role",
            "data.aws_iam_policy_document.assume_role"
          ]
        }
      ]
    },
    {
      "mode": "managed",
      "type": "aws_iam_role_policy_attachment",
      "name": "weka-AmazonEKS_CNI_Policy",
      "provider": "provider[\"registry.terraform.io/hashicorp/aws\"]",
      "instances": [
        {
          "schema_version": 0,
          "attributes": {
            "id": "weka-mpfefferle-eks-role-20240312122211853700000002",
            "policy_arn": "arn:aws:iam::aws:policy/AmazonEKS_CNI_Policy",
            "role": "weka-mpfefferle-eks-role"
          },
          "sensitive_attributes": [],
          "private": "bnVsbA==",
          "dependencies": [
            "aws_iam_role.eks_role",
            "data.aws_iam_policy_document.assume_role"
          ]
        }
      ]
    },
    {
      "mode": "managed",
      "type": "aws_internet_gateway",
      "name": "weka_igw",
      "provider": "provider[\"registry.terraform.io/hashicorp/aws\"]",
      "instances": [
        {
          "schema_version": 0,
          "attributes": {
            "arn": "arn:aws:ec2:us-east-2:381492135989:internet-gateway/igw-03892337c556b6620",
            "id": "igw-03892337c556b6620",
            "owner_id": "381492135989",
            "tags": null,
            "tags_all": {},
            "timeouts": null,
            "vpc_id": "vpc-0147047cbf5a62e5c"
          },
          "sensitive_attributes": [],
          "private": "eyJlMmJmYjczMC1lY2FhLTExZTYtOGY4OC0zNDM2M2JjN2M0YzAiOnsiY3JlYXRlIjoxMjAwMDAwMDAwMDAwLCJkZWxldGUiOjEyMDAwMDAwMDAwMDAsInVwZGF0ZSI6MTIwMDAwMDAwMDAwMH19",
          "dependencies": [
            "aws_vpc.weka_vpc"
          ]
        }
      ]
    },
    {
      "mode": "managed",
      "type": "aws_key_pair",
      "name": "eks_key_pair",
      "provider": "provider[\"registry.terraform.io/hashicorp/aws\"]",
      "instances": [
        {
          "schema_version": 1,
          "attributes": {
            "arn": "arn:aws:ec2:us-east-2:381492135989:key-pair/weka-mpfefferle-eks-ssh-key",
            "fingerprint": "64:95:a9:c5:ca:8b:2e:0a:94:29:20:f2:68:60:03:e0",
            "id": "weka-mpfefferle-eks-ssh-key",
            "key_name": "weka-mpfefferle-eks-ssh-key",
            "key_name_prefix": "",
            "key_pair_id": "key-08414d5879361cfc2",
            "key_type": "rsa",
            "public_key": "ssh-rsa AAAAB3NzaC1yc2EAAAADAQABAAABAQC83xywjfh32vOUZGc2cWMBI7s0krK1au2EkWSTLkkOnsW7QVulrwqT5yi+02lVsJ7TPIV0DYTyg2GjkcUoBOyTu0/Msly9cTPv033SD+17CY3WAG29kY0OGkxSugpEWp4Z+vaQqGWP0G3D7yxBXQ0m0W3yDzNV+Jk3PERh4t7VU4T+zRmGy1cBttW1nQH9BewqgNfynQvUr3/YBkQXP0g2yTWtFM+0BUv4imcNpgm4/MQyQX41PJt0ey8v/pEuz9Hl75aZINwkdbQvSVWO2pcwwtkMtSK/89kYKCI3bF0gBSUPlnoPZorYyk+Y99nrOLUhSdrC8IjZ2DLQfzuwLNtl",
            "tags": null,
            "tags_all": {}
          },
          "sensitive_attributes": [],
          "private": "eyJzY2hlbWFfdmVyc2lvbiI6IjEifQ=="
        }
      ]
    },
    {
      "mode": "managed",
      "type": "aws_launch_template",
      "name": "backend",
      "provider": "provider[\"registry.terraform.io/hashicorp/aws\"]",
      "instances": [
        {
          "schema_version": 0,
          "attributes": {
            "arn": "arn:aws:ec2:us-east-2:381492135989:launch-template/lt-0209833bd3c5275a9",
            "block_device_mappings": [
              {
                "device_name": "/dev/sdp",
                "ebs": [
                  {
                    "delete_on_termination": "true",
                    "encrypted": "",
                    "iops": 0,
                    "kms_key_id": "",
                    "snapshot_id": "",
                    "throughput": 0,
                    "volume_size": 50,
                    "volume_type": "gp3"
                  }
                ],
                "no_device": "",
                "virtual_name": ""
              }
            ],
            "capacity_reservation_specification": [],
            "cpu_options": [],
            "credit_specification": [
              {
                "cpu_credits": "standard"
              }
            ],
            "default_version": 1,
            "description": "",
            "disable_api_stop": false,
            "disable_api_termination": false,
            "ebs_optimized": "",
            "elastic_gpu_specifications": [],
            "elastic_inference_accelerator": [],
            "enclave_options": [],
            "hibernation_options": [],
            "iam_instance_profile": [],
            "id": "lt-0209833bd3c5275a9",
            "image_id": "ami-0c18ee34aee051305",
            "instance_initiated_shutdown_behavior": "",
            "instance_market_options": [],
            "instance_requirements": [],
            "instance_type": "i3en.2xlarge",
            "kernel_id": "",
            "key_name": "weka-mpfefferle-eks-ssh-key",
            "latest_version": 1,
            "license_specification": [],
            "maintenance_options": [],
            "metadata_options": [
              {
                "http_endpoint": "enabled",
                "http_protocol_ipv6": "",
                "http_put_response_hop_limit": 1,
                "http_tokens": "required",
                "instance_metadata_tags": "enabled"
              }
            ],
            "monitoring": [
              {
                "enabled": true
              }
            ],
            "name": "weka-mpfefferle-backend20240312122846498800000009",
            "name_prefix": "weka-mpfefferle-backend",
            "network_interfaces": [
              {
                "associate_carrier_ip_address": "",
                "associate_public_ip_address": "true",
                "delete_on_termination": "true",
                "description": "",
                "device_index": 0,
                "interface_type": "",
                "ipv4_address_count": 0,
                "ipv4_addresses": null,
                "ipv4_prefix_count": 0,
                "ipv4_prefixes": null,
                "ipv6_address_count": 0,
                "ipv6_addresses": null,
                "ipv6_prefix_count": 0,
                "ipv6_prefixes": null,
                "network_card_index": 0,
                "network_interface_id": "",
                "private_ip_address": "",
                "security_groups": [
                  "sg-03a803728200d3214",
                  "sg-066806a1b80ef5c64"
                ],
                "subnet_id": ""
              }
            ],
            "placement": [],
            "private_dns_name_options": [],
            "ram_disk_id": "",
            "security_group_names": null,
            "tag_specifications": [
              {
                "resource_type": "instance",
                "tags": {
                  "Name": "weka-mpfefferle-instance-backend",
                  "creator": "tf",
                  "env": "dev",
                  "user": "AROAVRUVUBA2S3OA2XQFV:aws-go-sdk-1710246129973536000",
                  "weka_cluster_name": "mpfefferle",
                  "weka_hostgroup_type": "backend"
                }
              },
              {
                "resource_type": "network-interface",
                "tags": {
                  "Name": "weka-mpfefferle-network-interface-backend",
                  "creator": "tf",
                  "env": "dev",
                  "user": "AROAVRUVUBA2S3OA2XQFV:aws-go-sdk-1710246129973536000",
                  "weka_cluster_name": "mpfefferle",
                  "weka_hostgroup_type": "backend"
                }
              },
              {
                "resource_type": "volume",
                "tags": {
                  "Name": "weka-mpfefferle-volume-backend",
                  "creator": "tf",
                  "env": "dev",
                  "user": "AROAVRUVUBA2S3OA2XQFV:aws-go-sdk-1710246129973536000",
                  "weka_cluster_name": "mpfefferle",
                  "weka_hostgroup_type": "backend"
                }
              }
            ],
            "tags": null,
            "tags_all": {},
            "update_default_version": null,
            "user_data": "IyEvYmluL2Jhc2gKZWNobyAidm0ubnJfaHVnZXBhZ2VzPTEwMjQiID4+IC9ldGMvc3lzY3RsLmNvbmYKL3Vzci9zYmluL3N5c2N0bCAtLXN5c3RlbQovZXRjL2Vrcy9ib290c3RyYXAuc2ggbXBmZWZmZXJsZSBcCiAgLS1rdWJlbGV0LWV4dHJhLWFyZ3MgJy0tY3B1LW1hbmFnZXItcG9saWN5PXN0YXRpYycK",
            "vpc_security_group_ids": null
          },
          "sensitive_attributes": [
            [
              {
                "type": "get_attr",
                "value": "image_id"
              }
            ]
          ],
          "private": "bnVsbA==",
          "dependencies": [
            "aws_eks_cluster.eks",
            "aws_iam_role.eks_role",
            "aws_iam_role_policy_attachment.weka-AmazonEKSClusterPolicy",
            "aws_iam_role_policy_attachment.weka-AmazonEKSVPCResourceController",
            "aws_key_pair.eks_key_pair",
            "aws_security_group.eks_worker_nodes",
            "aws_subnet.public",
            "aws_subnet.weka_subnet1",
            "aws_subnet.weka_subnet2",
            "aws_vpc.weka_vpc",
            "data.aws_availability_zones.available",
            "data.aws_caller_identity.current",
            "data.aws_iam_policy_document.assume_role",
            "data.aws_security_group.eks_control_plane",
            "data.aws_ssm_parameter.eks_ami"
          ]
        }
      ]
    },
    {
      "mode": "managed",
      "type": "aws_launch_template",
      "name": "worker_nodes",
      "provider": "provider[\"registry.terraform.io/hashicorp/aws\"]",
      "instances": [
        {
          "schema_version": 0,
          "attributes": {
            "arn": "arn:aws:ec2:us-east-2:381492135989:launch-template/lt-0957194fd4233136b",
            "block_device_mappings": [
              {
                "device_name": "/dev/sda1",
                "ebs": [
                  {
                    "delete_on_termination": "",
                    "encrypted": "",
                    "iops": 0,
                    "kms_key_id": "",
                    "snapshot_id": "",
                    "throughput": 0,
                    "volume_size": 50,
                    "volume_type": ""
                  }
                ],
                "no_device": "",
                "virtual_name": ""
              }
            ],
            "capacity_reservation_specification": [
              {
                "capacity_reservation_preference": "open",
                "capacity_reservation_target": []
              }
            ],
            "cpu_options": [],
            "credit_specification": [],
            "default_version": 1,
            "description": "",
            "disable_api_stop": false,
            "disable_api_termination": false,
            "ebs_optimized": "",
            "elastic_gpu_specifications": [],
            "elastic_inference_accelerator": [],
            "enclave_options": [],
            "hibernation_options": [],
            "iam_instance_profile": [],
            "id": "lt-0957194fd4233136b",
            "image_id": "ami-0c18ee34aee051305",
            "instance_initiated_shutdown_behavior": "",
            "instance_market_options": [],
            "instance_requirements": [],
            "instance_type": "m6i.xlarge",
            "kernel_id": "",
            "key_name": "weka-mpfefferle-eks-ssh-key",
            "latest_version": 1,
            "license_specification": [],
            "maintenance_options": [],
            "metadata_options": [],
            "monitoring": [],
            "name": "weka-mpfefferle-eks-20240312122846165700000007",
            "name_prefix": "weka-mpfefferle-eks-",
            "network_interfaces": [],
            "placement": [],
            "private_dns_name_options": [],
            "ram_disk_id": "",
            "security_group_names": null,
            "tag_specifications": [
              {
                "resource_type": "instance",
                "tags": {
                  "Name": "weka-mpfefferle-weka-node"
                }
              }
            ],
            "tags": null,
            "tags_all": {},
            "update_default_version": null,
            "user_data": "IyEvYmluL2Jhc2gKZWNobyAidm0ubnJfaHVnZXBhZ2VzPTEwMjQiID4+IC9ldGMvc3lzY3RsLmNvbmYKL3Vzci9zYmluL3N5c2N0bCAtLXN5c3RlbQovZXRjL2Vrcy9ib290c3RyYXAuc2ggbXBmZWZmZXJsZSBcCiAgLS1rdWJlbGV0LWV4dHJhLWFyZ3MgJy0tY3B1LW1hbmFnZXItcG9saWN5PXN0YXRpYycK",
            "vpc_security_group_ids": null
          },
          "sensitive_attributes": [
            [
              {
                "type": "get_attr",
                "value": "image_id"
              }
            ]
          ],
          "private": "bnVsbA==",
          "dependencies": [
            "aws_eks_cluster.eks",
            "aws_iam_role.eks_role",
            "aws_iam_role_policy_attachment.weka-AmazonEKSClusterPolicy",
            "aws_iam_role_policy_attachment.weka-AmazonEKSVPCResourceController",
            "aws_key_pair.eks_key_pair",
            "aws_subnet.public",
            "aws_subnet.weka_subnet1",
            "aws_subnet.weka_subnet2",
            "aws_vpc.weka_vpc",
            "data.aws_availability_zones.available",
            "data.aws_iam_policy_document.assume_role",
            "data.aws_ssm_parameter.eks_ami"
          ]
        }
      ]
    },
    {
      "mode": "managed",
      "type": "aws_nat_gateway",
      "name": "nat",
      "provider": "provider[\"registry.terraform.io/hashicorp/aws\"]",
      "instances": [
        {
          "schema_version": 0,
          "attributes": {
            "allocation_id": "eipalloc-02b990f33393bb2a6",
            "association_id": "eipassoc-03fb7b1e67881e0db",
            "connectivity_type": "public",
            "id": "nat-0f86e8b6b004cedee",
            "network_interface_id": "eni-0c8e07805d1ca4421",
            "private_ip": "10.0.0.206",
            "public_ip": "3.142.167.96",
            "secondary_allocation_ids": null,
            "secondary_private_ip_address_count": 0,
            "secondary_private_ip_addresses": [],
            "subnet_id": "subnet-0f1df4e0fead7d315",
            "tags": null,
            "tags_all": {},
            "timeouts": null
          },
          "sensitive_attributes": [],
          "private": "eyJlMmJmYjczMC1lY2FhLTExZTYtOGY4OC0zNDM2M2JjN2M0YzAiOnsiY3JlYXRlIjo2MDAwMDAwMDAwMDAsImRlbGV0ZSI6MTgwMDAwMDAwMDAwMCwidXBkYXRlIjo2MDAwMDAwMDAwMDB9fQ==",
          "dependencies": [
            "aws_eip.nat",
            "aws_internet_gateway.weka_igw",
            "aws_subnet.public",
            "aws_vpc.weka_vpc",
            "data.aws_availability_zones.available"
          ]
        }
      ]
    },
    {
      "mode": "managed",
      "type": "aws_route_table",
      "name": "weka_route_table",
      "provider": "provider[\"registry.terraform.io/hashicorp/aws\"]",
      "instances": [
        {
          "schema_version": 0,
          "attributes": {
            "arn": "arn:aws:ec2:us-east-2:381492135989:route-table/rtb-08d4ec6b00300e190",
            "id": "rtb-08d4ec6b00300e190",
            "owner_id": "381492135989",
            "propagating_vgws": [],
            "route": [
              {
                "carrier_gateway_id": "",
                "cidr_block": "0.0.0.0/0",
                "core_network_arn": "",
                "destination_prefix_list_id": "",
                "egress_only_gateway_id": "",
                "gateway_id": "igw-03892337c556b6620",
                "ipv6_cidr_block": "",
                "local_gateway_id": "",
                "nat_gateway_id": "",
                "network_interface_id": "",
                "transit_gateway_id": "",
                "vpc_endpoint_id": "",
                "vpc_peering_connection_id": ""
              }
            ],
            "tags": null,
            "tags_all": {},
            "timeouts": null,
            "vpc_id": "vpc-0147047cbf5a62e5c"
          },
          "sensitive_attributes": [],
          "private": "eyJlMmJmYjczMC1lY2FhLTExZTYtOGY4OC0zNDM2M2JjN2M0YzAiOnsiY3JlYXRlIjozMDAwMDAwMDAwMDAsImRlbGV0ZSI6MzAwMDAwMDAwMDAwLCJ1cGRhdGUiOjEyMDAwMDAwMDAwMH19",
          "dependencies": [
            "aws_internet_gateway.weka_igw",
            "aws_vpc.weka_vpc"
          ]
        }
      ]
    },
    {
      "mode": "managed",
      "type": "aws_route_table_association",
      "name": "weka_subnet1_association",
      "provider": "provider[\"registry.terraform.io/hashicorp/aws\"]",
      "instances": [
        {
          "schema_version": 0,
          "attributes": {
            "gateway_id": "",
            "id": "rtbassoc-06dada4181219f550",
            "route_table_id": "rtb-08d4ec6b00300e190",
            "subnet_id": "subnet-0cb4b2ff45202c671",
            "timeouts": null
          },
          "sensitive_attributes": [],
          "private": "eyJlMmJmYjczMC1lY2FhLTExZTYtOGY4OC0zNDM2M2JjN2M0YzAiOnsiY3JlYXRlIjozMDAwMDAwMDAwMDAsImRlbGV0ZSI6MzAwMDAwMDAwMDAwLCJ1cGRhdGUiOjEyMDAwMDAwMDAwMH19",
          "dependencies": [
            "aws_internet_gateway.weka_igw",
            "aws_route_table.weka_route_table",
            "aws_subnet.weka_subnet1",
            "aws_vpc.weka_vpc",
            "data.aws_availability_zones.available"
          ]
        }
      ]
    },
    {
      "mode": "managed",
      "type": "aws_route_table_association",
      "name": "weka_subnet2_association",
      "provider": "provider[\"registry.terraform.io/hashicorp/aws\"]",
      "instances": [
        {
          "schema_version": 0,
          "attributes": {
            "gateway_id": "",
            "id": "rtbassoc-0096a5d11fe647326",
            "route_table_id": "rtb-08d4ec6b00300e190",
            "subnet_id": "subnet-05dd75165ee41020e",
            "timeouts": null
          },
          "sensitive_attributes": [],
          "private": "eyJlMmJmYjczMC1lY2FhLTExZTYtOGY4OC0zNDM2M2JjN2M0YzAiOnsiY3JlYXRlIjozMDAwMDAwMDAwMDAsImRlbGV0ZSI6MzAwMDAwMDAwMDAwLCJ1cGRhdGUiOjEyMDAwMDAwMDAwMH19",
          "dependencies": [
            "aws_internet_gateway.weka_igw",
            "aws_route_table.weka_route_table",
            "aws_subnet.weka_subnet2",
            "aws_vpc.weka_vpc",
            "data.aws_availability_zones.available"
          ]
        }
      ]
    },
    {
      "mode": "managed",
      "type": "aws_security_group",
      "name": "eks_worker_nodes",
      "provider": "provider[\"registry.terraform.io/hashicorp/aws\"]",
      "instances": [
        {
          "schema_version": 1,
          "attributes": {
            "arn": "arn:aws:ec2:us-east-2:381492135989:security-group/sg-03a803728200d3214",
            "description": "EKS worker nodes security group",
            "egress": [],
            "id": "sg-03a803728200d3214",
            "ingress": [],
            "name": "weka-mpfefferle-eks-worker-nodes",
            "name_prefix": "",
            "owner_id": "381492135989",
            "revoke_rules_on_delete": false,
            "tags": null,
            "tags_all": {},
            "timeouts": null,
            "vpc_id": "vpc-0147047cbf5a62e5c"
          },
          "sensitive_attributes": [],
          "private": "eyJlMmJmYjczMC1lY2FhLTExZTYtOGY4OC0zNDM2M2JjN2M0YzAiOnsiY3JlYXRlIjo2MDAwMDAwMDAwMDAsImRlbGV0ZSI6OTAwMDAwMDAwMDAwfSwic2NoZW1hX3ZlcnNpb24iOiIxIn0=",
          "dependencies": [
            "aws_vpc.weka_vpc"
          ]
        }
      ]
    },
    {
      "mode": "managed",
      "type": "aws_security_group_rule",
      "name": "all_traffic_between_workers",
      "provider": "provider[\"registry.terraform.io/hashicorp/aws\"]",
      "instances": [
        {
          "schema_version": 2,
          "attributes": {
            "cidr_blocks": null,
            "description": null,
            "from_port": 0,
            "id": "sgrule-1196175835",
            "ipv6_cidr_blocks": null,
            "prefix_list_ids": null,
            "protocol": "-1",
            "security_group_id": "sg-03a803728200d3214",
            "security_group_rule_id": "sgr-06aae72221ae51423",
            "self": true,
            "source_security_group_id": null,
            "timeouts": null,
            "to_port": 0,
            "type": "ingress"
          },
          "sensitive_attributes": [],
          "private": "eyJlMmJmYjczMC1lY2FhLTExZTYtOGY4OC0zNDM2M2JjN2M0YzAiOnsiY3JlYXRlIjozMDAwMDAwMDAwMDB9LCJzY2hlbWFfdmVyc2lvbiI6IjIifQ==",
          "dependencies": [
            "aws_security_group.eks_worker_nodes",
            "aws_vpc.weka_vpc"
          ]
        }
      ]
    },
    {
      "mode": "managed",
      "type": "aws_security_group_rule",
      "name": "inbound_control_plane_to_worker",
      "provider": "provider[\"registry.terraform.io/hashicorp/aws\"]",
      "instances": [
        {
          "schema_version": 2,
          "attributes": {
            "cidr_blocks": null,
            "description": null,
            "from_port": 1025,
            "id": "sgrule-1366919233",
            "ipv6_cidr_blocks": null,
            "prefix_list_ids": null,
            "protocol": "tcp",
            "security_group_id": "sg-03a803728200d3214",
            "security_group_rule_id": "sgr-0ada3470dcdd2a9ff",
            "self": false,
            "source_security_group_id": "sg-066806a1b80ef5c64",
            "timeouts": null,
            "to_port": 65535,
            "type": "ingress"
          },
          "sensitive_attributes": [],
          "private": "eyJlMmJmYjczMC1lY2FhLTExZTYtOGY4OC0zNDM2M2JjN2M0YzAiOnsiY3JlYXRlIjozMDAwMDAwMDAwMDB9LCJzY2hlbWFfdmVyc2lvbiI6IjIifQ==",
          "dependencies": [
            "aws_eks_cluster.eks",
            "aws_iam_role.eks_role",
            "aws_iam_role_policy_attachment.weka-AmazonEKSClusterPolicy",
            "aws_iam_role_policy_attachment.weka-AmazonEKSVPCResourceController",
            "aws_security_group.eks_worker_nodes",
            "aws_subnet.public",
            "aws_subnet.weka_subnet1",
            "aws_subnet.weka_subnet2",
            "aws_vpc.weka_vpc",
            "data.aws_availability_zones.available",
            "data.aws_iam_policy_document.assume_role",
            "data.aws_security_group.eks_control_plane"
          ]
        }
      ]
    },
    {
      "mode": "managed",
      "type": "aws_security_group_rule",
      "name": "inbound_ssh",
      "provider": "provider[\"registry.terraform.io/hashicorp/aws\"]",
      "instances": [
        {
          "schema_version": 2,
          "attributes": {
            "cidr_blocks": [
              "0.0.0.0/0"
            ],
            "description": null,
            "from_port": 22,
            "id": "sgrule-2106704008",
            "ipv6_cidr_blocks": null,
            "prefix_list_ids": null,
            "protocol": "tcp",
            "security_group_id": "sg-066806a1b80ef5c64",
            "security_group_rule_id": "sgr-0733869272a07802a",
            "self": false,
            "source_security_group_id": null,
            "timeouts": null,
            "to_port": 22,
            "type": "ingress"
          },
          "sensitive_attributes": [],
          "private": "eyJlMmJmYjczMC1lY2FhLTExZTYtOGY4OC0zNDM2M2JjN2M0YzAiOnsiY3JlYXRlIjozMDAwMDAwMDAwMDB9LCJzY2hlbWFfdmVyc2lvbiI6IjIifQ==",
          "dependencies": [
            "aws_eks_cluster.eks",
            "aws_iam_role.eks_role",
            "aws_iam_role_policy_attachment.weka-AmazonEKSClusterPolicy",
            "aws_iam_role_policy_attachment.weka-AmazonEKSVPCResourceController",
            "aws_subnet.public",
            "aws_subnet.weka_subnet1",
            "aws_subnet.weka_subnet2",
            "aws_vpc.weka_vpc",
            "data.aws_availability_zones.available",
            "data.aws_iam_policy_document.assume_role",
            "data.aws_security_group.eks_control_plane"
          ]
        }
      ]
    },
    {
      "mode": "managed",
      "type": "aws_security_group_rule",
      "name": "inbound_weka",
      "provider": "provider[\"registry.terraform.io/hashicorp/aws\"]",
      "instances": [
        {
          "schema_version": 2,
          "attributes": {
            "cidr_blocks": [
              "10.0.1.0/24",
              "10.0.2.0/24"
            ],
            "description": null,
            "from_port": 0,
            "id": "sgrule-604714041",
            "ipv6_cidr_blocks": null,
            "prefix_list_ids": null,
            "protocol": "tcp",
            "security_group_id": "sg-066806a1b80ef5c64",
            "security_group_rule_id": "",
            "self": false,
            "source_security_group_id": null,
            "timeouts": null,
            "to_port": 65535,
            "type": "ingress"
          },
          "sensitive_attributes": [],
          "private": "eyJlMmJmYjczMC1lY2FhLTExZTYtOGY4OC0zNDM2M2JjN2M0YzAiOnsiY3JlYXRlIjozMDAwMDAwMDAwMDB9LCJzY2hlbWFfdmVyc2lvbiI6IjIifQ==",
          "dependencies": [
            "aws_eks_cluster.eks",
            "aws_iam_role.eks_role",
            "aws_iam_role_policy_attachment.weka-AmazonEKSClusterPolicy",
            "aws_iam_role_policy_attachment.weka-AmazonEKSVPCResourceController",
            "aws_subnet.public",
            "aws_subnet.weka_subnet1",
            "aws_subnet.weka_subnet2",
            "aws_vpc.weka_vpc",
            "data.aws_availability_zones.available",
            "data.aws_iam_policy_document.assume_role",
            "data.aws_security_group.eks_control_plane"
          ]
        }
      ]
    },
    {
      "mode": "managed",
      "type": "aws_security_group_rule",
      "name": "inbound_worker_to_control_plane",
      "provider": "provider[\"registry.terraform.io/hashicorp/aws\"]",
      "instances": [
        {
          "schema_version": 2,
          "attributes": {
            "cidr_blocks": null,
            "description": null,
            "from_port": 1025,
            "id": "sgrule-2172451967",
            "ipv6_cidr_blocks": null,
            "prefix_list_ids": null,
            "protocol": "tcp",
            "security_group_id": "sg-066806a1b80ef5c64",
            "security_group_rule_id": "sgr-0486d5b65ca41d78d",
            "self": false,
            "source_security_group_id": "sg-03a803728200d3214",
            "timeouts": null,
            "to_port": 65535,
            "type": "ingress"
          },
          "sensitive_attributes": [],
          "private": "eyJlMmJmYjczMC1lY2FhLTExZTYtOGY4OC0zNDM2M2JjN2M0YzAiOnsiY3JlYXRlIjozMDAwMDAwMDAwMDB9LCJzY2hlbWFfdmVyc2lvbiI6IjIifQ==",
          "dependencies": [
            "aws_eks_cluster.eks",
            "aws_iam_role.eks_role",
            "aws_iam_role_policy_attachment.weka-AmazonEKSClusterPolicy",
            "aws_iam_role_policy_attachment.weka-AmazonEKSVPCResourceController",
            "aws_security_group.eks_worker_nodes",
            "aws_subnet.public",
            "aws_subnet.weka_subnet1",
            "aws_subnet.weka_subnet2",
            "aws_vpc.weka_vpc",
            "data.aws_availability_zones.available",
            "data.aws_iam_policy_document.assume_role",
            "data.aws_security_group.eks_control_plane"
          ]
        }
      ]
    },
    {
      "mode": "managed",
      "type": "aws_security_group_rule",
      "name": "outbound_worker_nodes",
      "provider": "provider[\"registry.terraform.io/hashicorp/aws\"]",
      "instances": [
        {
          "schema_version": 2,
          "attributes": {
            "cidr_blocks": [
              "0.0.0.0/0"
            ],
            "description": null,
            "from_port": 0,
            "id": "sgrule-3563671102",
            "ipv6_cidr_blocks": null,
            "prefix_list_ids": null,
            "protocol": "-1",
            "security_group_id": "sg-03a803728200d3214",
            "security_group_rule_id": "sgr-042ba25b145125113",
            "self": false,
            "source_security_group_id": null,
            "timeouts": null,
            "to_port": 0,
            "type": "egress"
          },
          "sensitive_attributes": [],
          "private": "eyJlMmJmYjczMC1lY2FhLTExZTYtOGY4OC0zNDM2M2JjN2M0YzAiOnsiY3JlYXRlIjozMDAwMDAwMDAwMDB9LCJzY2hlbWFfdmVyc2lvbiI6IjIifQ==",
          "dependencies": [
            "aws_security_group.eks_worker_nodes",
            "aws_vpc.weka_vpc"
          ]
        }
      ]
    },
    {
      "mode": "managed",
      "type": "aws_subnet",
      "name": "public",
      "provider": "provider[\"registry.terraform.io/hashicorp/aws\"]",
      "instances": [
        {
          "schema_version": 1,
          "attributes": {
            "arn": "arn:aws:ec2:us-east-2:381492135989:subnet/subnet-0f1df4e0fead7d315",
            "assign_ipv6_address_on_creation": false,
            "availability_zone": "us-east-2a",
            "availability_zone_id": "use2-az1",
            "cidr_block": "10.0.0.0/24",
            "customer_owned_ipv4_pool": "",
            "enable_dns64": false,
            "enable_lni_at_device_index": 0,
            "enable_resource_name_dns_a_record_on_launch": false,
            "enable_resource_name_dns_aaaa_record_on_launch": false,
            "id": "subnet-0f1df4e0fead7d315",
            "ipv6_cidr_block": "",
            "ipv6_cidr_block_association_id": "",
            "ipv6_native": false,
            "map_customer_owned_ip_on_launch": false,
            "map_public_ip_on_launch": true,
            "outpost_arn": "",
            "owner_id": "381492135989",
            "private_dns_hostname_type_on_launch": "ip-name",
            "tags": {
              "Name": "weka_public_subnet"
            },
            "tags_all": {
              "Name": "weka_public_subnet"
            },
            "timeouts": null,
            "vpc_id": "vpc-0147047cbf5a62e5c"
          },
          "sensitive_attributes": [],
          "private": "eyJlMmJmYjczMC1lY2FhLTExZTYtOGY4OC0zNDM2M2JjN2M0YzAiOnsiY3JlYXRlIjo2MDAwMDAwMDAwMDAsImRlbGV0ZSI6MTIwMDAwMDAwMDAwMH0sInNjaGVtYV92ZXJzaW9uIjoiMSJ9",
          "dependencies": [
            "aws_vpc.weka_vpc",
            "data.aws_availability_zones.available"
          ]
        }
      ]
    },
    {
      "mode": "managed",
      "type": "aws_subnet",
      "name": "weka_subnet1",
      "provider": "provider[\"registry.terraform.io/hashicorp/aws\"]",
      "instances": [
        {
          "schema_version": 1,
          "attributes": {
            "arn": "arn:aws:ec2:us-east-2:381492135989:subnet/subnet-0cb4b2ff45202c671",
            "assign_ipv6_address_on_creation": false,
            "availability_zone": "us-east-2a",
            "availability_zone_id": "use2-az1",
            "cidr_block": "10.0.1.0/24",
            "customer_owned_ipv4_pool": "",
            "enable_dns64": false,
            "enable_lni_at_device_index": 0,
            "enable_resource_name_dns_a_record_on_launch": false,
            "enable_resource_name_dns_aaaa_record_on_launch": false,
            "id": "subnet-0cb4b2ff45202c671",
            "ipv6_cidr_block": "",
            "ipv6_cidr_block_association_id": "",
            "ipv6_native": false,
            "map_customer_owned_ip_on_launch": false,
            "map_public_ip_on_launch": true,
            "outpost_arn": "",
            "owner_id": "381492135989",
            "private_dns_hostname_type_on_launch": "ip-name",
            "tags": {
              "Name": "weka_subnet1",
              "kubernetes.io/role/internal-elb": "1"
            },
            "tags_all": {
              "Name": "weka_subnet1",
              "kubernetes.io/role/internal-elb": "1"
            },
            "timeouts": null,
            "vpc_id": "vpc-0147047cbf5a62e5c"
          },
          "sensitive_attributes": [],
          "private": "eyJlMmJmYjczMC1lY2FhLTExZTYtOGY4OC0zNDM2M2JjN2M0YzAiOnsiY3JlYXRlIjo2MDAwMDAwMDAwMDAsImRlbGV0ZSI6MTIwMDAwMDAwMDAwMH0sInNjaGVtYV92ZXJzaW9uIjoiMSJ9",
          "dependencies": [
            "aws_vpc.weka_vpc",
            "data.aws_availability_zones.available"
          ]
        }
      ]
    },
    {
      "mode": "managed",
      "type": "aws_subnet",
      "name": "weka_subnet2",
      "provider": "provider[\"registry.terraform.io/hashicorp/aws\"]",
      "instances": [
        {
          "schema_version": 1,
          "attributes": {
            "arn": "arn:aws:ec2:us-east-2:381492135989:subnet/subnet-05dd75165ee41020e",
            "assign_ipv6_address_on_creation": false,
            "availability_zone": "us-east-2b",
            "availability_zone_id": "use2-az2",
            "cidr_block": "10.0.2.0/24",
            "customer_owned_ipv4_pool": "",
            "enable_dns64": false,
            "enable_lni_at_device_index": 0,
            "enable_resource_name_dns_a_record_on_launch": false,
            "enable_resource_name_dns_aaaa_record_on_launch": false,
            "id": "subnet-05dd75165ee41020e",
            "ipv6_cidr_block": "",
            "ipv6_cidr_block_association_id": "",
            "ipv6_native": false,
            "map_customer_owned_ip_on_launch": false,
            "map_public_ip_on_launch": true,
            "outpost_arn": "",
            "owner_id": "381492135989",
            "private_dns_hostname_type_on_launch": "ip-name",
            "tags": {
              "Name": "weka_subnet2",
              "kubernetes.io/role/internal-elb": "1"
            },
            "tags_all": {
              "Name": "weka_subnet2",
              "kubernetes.io/role/internal-elb": "1"
            },
            "timeouts": null,
            "vpc_id": "vpc-0147047cbf5a62e5c"
          },
          "sensitive_attributes": [],
          "private": "eyJlMmJmYjczMC1lY2FhLTExZTYtOGY4OC0zNDM2M2JjN2M0YzAiOnsiY3JlYXRlIjo2MDAwMDAwMDAwMDAsImRlbGV0ZSI6MTIwMDAwMDAwMDAwMH0sInNjaGVtYV92ZXJzaW9uIjoiMSJ9",
          "dependencies": [
            "aws_vpc.weka_vpc",
            "data.aws_availability_zones.available"
          ]
        }
      ]
    },
    {
      "mode": "managed",
      "type": "aws_vpc",
      "name": "weka_vpc",
      "provider": "provider[\"registry.terraform.io/hashicorp/aws\"]",
      "instances": [
        {
          "schema_version": 1,
          "attributes": {
            "arn": "arn:aws:ec2:us-east-2:381492135989:vpc/vpc-0147047cbf5a62e5c",
            "assign_generated_ipv6_cidr_block": false,
            "cidr_block": "10.0.0.0/16",
            "default_network_acl_id": "acl-022aa85b03bbb6ff7",
            "default_route_table_id": "rtb-09fb6bf7eea29d299",
            "default_security_group_id": "sg-0945aded94fcd4451",
            "dhcp_options_id": "dopt-0af91fbd6869ed4e5",
            "enable_dns_hostnames": true,
            "enable_dns_support": true,
            "enable_network_address_usage_metrics": false,
            "id": "vpc-0147047cbf5a62e5c",
            "instance_tenancy": "default",
            "ipv4_ipam_pool_id": null,
            "ipv4_netmask_length": null,
            "ipv6_association_id": "",
            "ipv6_cidr_block": "",
            "ipv6_cidr_block_network_border_group": "",
            "ipv6_ipam_pool_id": "",
            "ipv6_netmask_length": 0,
            "main_route_table_id": "rtb-09fb6bf7eea29d299",
            "owner_id": "381492135989",
            "tags": {
              "Name": "mpfefferle-vpc"
            },
            "tags_all": {
              "Name": "mpfefferle-vpc"
            }
          },
          "sensitive_attributes": [],
          "private": "eyJzY2hlbWFfdmVyc2lvbiI6IjEifQ=="
        }
      ]
    }
  ],
  "check_results": null
}
