{
  "version": 4,
  "terraform_version": "1.7.1",
  "serial": 3493,
  "lineage": "3260b5bd-c736-0485-9a54-7981daa389af",
  "outputs": {
    "endpoint": {
      "value": "https://EFC667F708034F515104DC5E13B5F0BD.gr7.us-east-2.eks.amazonaws.com",
      "type": "string"
    },
    "kubeconfig-certificate-authority-data": {
      "value": "LS0tLS1CRUdJTiBDRVJUSUZJQ0FURS0tLS0tCk1JSURCVENDQWUyZ0F3SUJBZ0lJRmlPMzQ2cVlBb1F3RFFZSktvWklodmNOQVFFTEJRQXdGVEVUTUJFR0ExVUUKQXhNS2EzVmlaWEp1WlhSbGN6QWVGdzB5TkRBeU1USXhPVEkwTVROYUZ3MHpOREF5TURreE9USTVNVE5hTUJVeApFekFSQmdOVkJBTVRDbXQxWW1WeWJtVjBaWE13Z2dFaU1BMEdDU3FHU0liM0RRRUJBUVVBQTRJQkR3QXdnZ0VLCkFvSUJBUURBNTZ6TXRJM1c0VlROUXdubjdLSHVlZWxyVm9uNi9GeVRScDd2YmdBTFNyVWJPVjlnOWxqaDRCQ0YKeVdoaVJ5eEVsQ2VMbHFlcE13TzZ5aS81RDVLYkcvK2xhb1c5bEluMkpmWlNrTVZNVU9NQ2RwTW9NSE5OMHRGbQprZGNOUVpIV2FVWEl3cTE0eHBwMkJNVHBUSFdRQ3puc0lZR2RkUXA1V1gydVhqV2Z5eUUrWnliUzViQ3hFanB2CjRiUWEraC9sRmdIVDZsRm16NWNSRHU4RVcrSGZCK25ibjRKbmtoSUVabHQ5MStYaHlVWS9aaXVnLzRIeVRUKzkKcXFkNE9JVXp5eXpoOVJuMUVBa0E1MVpUMG1HSlFlWDBIRTR3L0FPZUpyek1YMmdXNVBwWGtSODZkdi9tdXNSNgpOcWxQbVBMN1lhSjFPVTBmekZDNTN2VGtGR0d2QWdNQkFBR2pXVEJYTUE0R0ExVWREd0VCL3dRRUF3SUNwREFQCkJnTlZIUk1CQWY4RUJUQURBUUgvTUIwR0ExVWREZ1FXQkJUQ2Fldk4zRy85Wkllejg5Vk5OWExzZ0ZmRFhUQVYKQmdOVkhSRUVEakFNZ2dwcmRXSmxjbTVsZEdWek1BMEdDU3FHU0liM0RRRUJDd1VBQTRJQkFRQk9wV2lWQk05YwpuSm5kZk1KTDl1UjRnOTUwS2N2b3hQdlN2cGl6UDZXck0vNnpIby9tdGxqU0EwK3huTWg2em1qYmNsVFd4bDA1CjRKQnAzN2srYW01VFdRcjc4UFlPZzA3cHBWWG9wL2ZNMnh4K08wT2NxSGxBUUFtNjZuWkxJTHQ5Z2xxV1R3aWYKejBwZUJRUlB0SUV6U2RBQ0YyUjlsckkxY0JuUWN4TzdlaGNiSGp3L1JwVGNtejhnajdEbkF6VFFjT1pkSloydAoyU2JFS09ORVRYK01uMEtwNzhCcGlXTjZqcG14MDl6SDlYeGg4VE80UnFiVmZZdUJKbmxXYlFpc0ExYzEvVktRCnJXZUQrRHRKRytCejdybmFRTm55Wi9OK2wyMVZmLzhHUi82bTNTaUREd2Mxcmx4T0Y0M3VKME9wbU9tUjVrRUQKcEQ5Z2hZSVJDQW4xCi0tLS0tRU5EIENFUlRJRklDQVRFLS0tLS0K",
      "type": "string"
    },
    "subnet_ids": {
      "value": [
        "subnet-0e6384b4944b2087f",
        "subnet-015bd3a3f73268e22"
      ],
      "type": [
        "tuple",
        [
          "string",
          "string"
        ]
      ]
    },
    "vpc_id": {
      "value": "vpc-0e8e8a285f7ffc0e2",
      "type": "string"
    },
    "weka_deployment_output": {
      "value": {
        "alb_alias_record": null,
        "alb_dns_name": "internal-weka-mpfefferle-lb-1466398919.us-east-2.elb.amazonaws.com",
        "asg_name": "weka-mpfefferle-autoscaling-group",
        "client_asg_name": null,
        "client_helper_commands": null,
        "client_ips": null,
        "cluster_helper_commands": "aws ec2 describe-instances --instance-ids $(aws autoscaling describe-auto-scaling-groups --auto-scaling-group-name weka-mpfefferle-autoscaling-group --query \"AutoScalingGroups[].Instances[].InstanceId\" --output text) --query 'Reservations[].Instances[].PublicIpAddress' --output json\naws lambda invoke --function-name weka-mpfefferle-status-lambda --payload '{\"type\": \"progress\"}' --cli-binary-format raw-in-base64-out /dev/stdout\naws secretsmanager get-secret-value --secret-id arn:aws:secretsmanager:us-east-2:381492135989:secret:weka/weka-mpfefferle/weka-password-w1QA-A0mNCv --query SecretString --output text\n",
        "cluster_name": "mpfefferle",
        "ips_type": "PublicIpAddress",
        "lambda_status_name": "weka-mpfefferle-status-lambda",
        "local_ssh_private_key": null,
        "nfs_protocol_gateways_ips": null,
        "placement_group_name": "weka-mpfefferle-placement-group",
        "sg_ids": [
          "sg-0554de2fe3663317b",
          "sg-0aade829fc6075fa0",
          "sg-0554de2fe3663317b"
        ],
        "smb_protocol_gateways_ips": null,
        "subnet_ids": [
          "subnet-0e6384b4944b2087f"
        ],
        "vm_username": "ec2-user",
        "weka_cluster_password_secret_id": "arn:aws:secretsmanager:us-east-2:381492135989:secret:weka/weka-mpfefferle/weka-password-w1QA-A0mNCv"
      },
      "type": [
        "object",
        {
          "alb_alias_record": "dynamic",
          "alb_dns_name": "string",
          "asg_name": "string",
          "client_asg_name": "dynamic",
          "client_helper_commands": "dynamic",
          "client_ips": "dynamic",
          "cluster_helper_commands": "string",
          "cluster_name": "string",
          "ips_type": "string",
          "lambda_status_name": "string",
          "local_ssh_private_key": "string",
          "nfs_protocol_gateways_ips": "string",
          "placement_group_name": "string",
          "sg_ids": [
            "list",
            "string"
          ],
          "smb_protocol_gateways_ips": "string",
          "subnet_ids": [
            "list",
            "string"
          ],
          "vm_username": "string",
          "weka_cluster_password_secret_id": "string"
        }
      ]
    }
  },
  "resources": [
    {
      "mode": "data",
      "type": "aws_availability_zones",
      "name": "available",
      "provider": "provider[\"registry.terraform.io/hashicorp/aws\"]",
      "instances": [
        {
          "schema_version": 0,
          "attributes": {
            "all_availability_zones": null,
            "exclude_names": null,
            "exclude_zone_ids": null,
            "filter": null,
            "group_names": [
              "us-east-2"
            ],
            "id": "us-east-2",
            "names": [
              "us-east-2a",
              "us-east-2b",
              "us-east-2c"
            ],
            "state": null,
            "timeouts": null,
            "zone_ids": [
              "use2-az1",
              "use2-az2",
              "use2-az3"
            ]
          },
          "sensitive_attributes": []
        }
      ]
    },
    {
      "mode": "data",
      "type": "aws_caller_identity",
      "name": "current",
      "provider": "provider[\"registry.terraform.io/hashicorp/aws\"]",
      "instances": [
        {
          "schema_version": 0,
          "attributes": {
            "account_id": "381492135989",
            "arn": "arn:aws:sts::381492135989:assumed-role/Root/aws-go-sdk-1707946143172814000",
            "id": "381492135989",
            "user_id": "AROAVRUVUBA2S3OA2XQFV:aws-go-sdk-1707946143172814000"
          },
          "sensitive_attributes": []
        }
      ]
    },
    {
      "mode": "data",
      "type": "aws_iam_policy_document",
      "name": "assume_role",
      "provider": "provider[\"registry.terraform.io/hashicorp/aws\"]",
      "instances": [
        {
          "schema_version": 0,
          "attributes": {
            "id": "2217611055",
            "json": "{\n  \"Version\": \"2012-10-17\",\n  \"Statement\": [\n    {\n      \"Effect\": \"Allow\",\n      \"Action\": \"sts:AssumeRole\",\n      \"Principal\": {\n        \"Service\": [\n          \"eks.amazonaws.com\",\n          \"ec2.amazonaws.com\"\n        ]\n      }\n    }\n  ]\n}",
            "override_policy_documents": null,
            "policy_id": null,
            "source_policy_documents": null,
            "statement": [
              {
                "actions": [
                  "sts:AssumeRole"
                ],
                "condition": [],
                "effect": "Allow",
                "not_actions": [],
                "not_principals": [],
                "not_resources": [],
                "principals": [
                  {
                    "identifiers": [
                      "ec2.amazonaws.com",
                      "eks.amazonaws.com"
                    ],
                    "type": "Service"
                  }
                ],
                "resources": [],
                "sid": ""
              }
            ],
            "version": "2012-10-17"
          },
          "sensitive_attributes": []
        }
      ]
    },
    {
      "mode": "data",
      "type": "aws_security_group",
      "name": "eks_control_plane",
      "provider": "provider[\"registry.terraform.io/hashicorp/aws\"]",
      "instances": [
        {
          "schema_version": 0,
          "attributes": {
            "arn": "arn:aws:ec2:us-east-2:381492135989:security-group/sg-0554de2fe3663317b",
            "description": "EKS created security group applied to ENI that is attached to EKS Control Plane master nodes, as well as any managed workloads.",
            "filter": null,
            "id": "sg-0554de2fe3663317b",
            "name": "eks-cluster-sg-mpfefferle-677491768",
            "tags": {
              "Name": "eks-cluster-sg-mpfefferle-677491768",
              "kubernetes.io/cluster/mpfefferle": "owned"
            },
            "timeouts": null,
            "vpc_id": "vpc-0e8e8a285f7ffc0e2"
          },
          "sensitive_attributes": []
        }
      ]
    },
    {
      "mode": "data",
      "type": "aws_ssm_parameter",
      "name": "eks_ami",
      "provider": "provider[\"registry.terraform.io/hashicorp/aws\"]",
      "instances": [
        {
          "schema_version": 0,
          "attributes": {
            "arn": "arn:aws:ssm:us-east-2::parameter/aws/service/eks/optimized-ami/1.29/amazon-linux-2/recommended/image_id",
            "id": "/aws/service/eks/optimized-ami/1.29/amazon-linux-2/recommended/image_id",
            "insecure_value": "ami-010feaf9c3bddd955",
            "name": "/aws/service/eks/optimized-ami/1.29/amazon-linux-2/recommended/image_id",
            "type": "String",
            "value": "ami-010feaf9c3bddd955",
            "version": 5,
            "with_decryption": true
          },
          "sensitive_attributes": []
        }
      ]
    },
    {
      "mode": "managed",
      "type": "aws_eip",
      "name": "nat",
      "provider": "provider[\"registry.terraform.io/hashicorp/aws\"]",
      "instances": [
        {
          "schema_version": 0,
          "attributes": {
            "address": null,
            "allocation_id": "eipalloc-0595b668e1d599ea8",
            "associate_with_private_ip": null,
            "association_id": "eipassoc-05276d0733c6c3c47",
            "carrier_ip": "",
            "customer_owned_ip": "",
            "customer_owned_ipv4_pool": "",
            "domain": "vpc",
            "id": "eipalloc-0595b668e1d599ea8",
            "instance": "",
            "network_border_group": "us-east-2",
            "network_interface": "eni-08e2893730d67a452",
            "private_dns": "ip-10-0-0-243.us-east-2.compute.internal",
            "private_ip": "10.0.0.243",
            "public_dns": "ec2-3-143-48-175.us-east-2.compute.amazonaws.com",
            "public_ip": "3.143.48.175",
            "public_ipv4_pool": "amazon",
            "tags": {},
            "tags_all": {},
            "timeouts": null,
            "vpc": true
          },
          "sensitive_attributes": [],
          "private": "eyJlMmJmYjczMC1lY2FhLTExZTYtOGY4OC0zNDM2M2JjN2M0YzAiOnsiZGVsZXRlIjoxODAwMDAwMDAwMDAsInJlYWQiOjkwMDAwMDAwMDAwMCwidXBkYXRlIjozMDAwMDAwMDAwMDB9fQ=="
        }
      ]
    },
    {
      "mode": "managed",
      "type": "aws_eks_cluster",
      "name": "eks",
      "provider": "provider[\"registry.terraform.io/hashicorp/aws\"]",
      "instances": [
        {
          "schema_version": 0,
          "attributes": {
            "access_config": [
              {
                "authentication_mode": "CONFIG_MAP",
                "bootstrap_cluster_creator_admin_permissions": false
              }
            ],
            "arn": "arn:aws:eks:us-east-2:381492135989:cluster/mpfefferle",
            "certificate_authority": [
              {
                "data": "LS0tLS1CRUdJTiBDRVJUSUZJQ0FURS0tLS0tCk1JSURCVENDQWUyZ0F3SUJBZ0lJRmlPMzQ2cVlBb1F3RFFZSktvWklodmNOQVFFTEJRQXdGVEVUTUJFR0ExVUUKQXhNS2EzVmlaWEp1WlhSbGN6QWVGdzB5TkRBeU1USXhPVEkwTVROYUZ3MHpOREF5TURreE9USTVNVE5hTUJVeApFekFSQmdOVkJBTVRDbXQxWW1WeWJtVjBaWE13Z2dFaU1BMEdDU3FHU0liM0RRRUJBUVVBQTRJQkR3QXdnZ0VLCkFvSUJBUURBNTZ6TXRJM1c0VlROUXdubjdLSHVlZWxyVm9uNi9GeVRScDd2YmdBTFNyVWJPVjlnOWxqaDRCQ0YKeVdoaVJ5eEVsQ2VMbHFlcE13TzZ5aS81RDVLYkcvK2xhb1c5bEluMkpmWlNrTVZNVU9NQ2RwTW9NSE5OMHRGbQprZGNOUVpIV2FVWEl3cTE0eHBwMkJNVHBUSFdRQ3puc0lZR2RkUXA1V1gydVhqV2Z5eUUrWnliUzViQ3hFanB2CjRiUWEraC9sRmdIVDZsRm16NWNSRHU4RVcrSGZCK25ibjRKbmtoSUVabHQ5MStYaHlVWS9aaXVnLzRIeVRUKzkKcXFkNE9JVXp5eXpoOVJuMUVBa0E1MVpUMG1HSlFlWDBIRTR3L0FPZUpyek1YMmdXNVBwWGtSODZkdi9tdXNSNgpOcWxQbVBMN1lhSjFPVTBmekZDNTN2VGtGR0d2QWdNQkFBR2pXVEJYTUE0R0ExVWREd0VCL3dRRUF3SUNwREFQCkJnTlZIUk1CQWY4RUJUQURBUUgvTUIwR0ExVWREZ1FXQkJUQ2Fldk4zRy85Wkllejg5Vk5OWExzZ0ZmRFhUQVYKQmdOVkhSRUVEakFNZ2dwcmRXSmxjbTVsZEdWek1BMEdDU3FHU0liM0RRRUJDd1VBQTRJQkFRQk9wV2lWQk05YwpuSm5kZk1KTDl1UjRnOTUwS2N2b3hQdlN2cGl6UDZXck0vNnpIby9tdGxqU0EwK3huTWg2em1qYmNsVFd4bDA1CjRKQnAzN2srYW01VFdRcjc4UFlPZzA3cHBWWG9wL2ZNMnh4K08wT2NxSGxBUUFtNjZuWkxJTHQ5Z2xxV1R3aWYKejBwZUJRUlB0SUV6U2RBQ0YyUjlsckkxY0JuUWN4TzdlaGNiSGp3L1JwVGNtejhnajdEbkF6VFFjT1pkSloydAoyU2JFS09ORVRYK01uMEtwNzhCcGlXTjZqcG14MDl6SDlYeGg4VE80UnFiVmZZdUJKbmxXYlFpc0ExYzEvVktRCnJXZUQrRHRKRytCejdybmFRTm55Wi9OK2wyMVZmLzhHUi82bTNTaUREd2Mxcmx4T0Y0M3VKME9wbU9tUjVrRUQKcEQ5Z2hZSVJDQW4xCi0tLS0tRU5EIENFUlRJRklDQVRFLS0tLS0K"
              }
            ],
            "cluster_id": null,
            "created_at": "2024-02-12 19:24:33.728 +0000 UTC",
            "enabled_cluster_log_types": [],
            "encryption_config": [],
            "endpoint": "https://EFC667F708034F515104DC5E13B5F0BD.gr7.us-east-2.eks.amazonaws.com",
            "id": "mpfefferle",
            "identity": [
              {
                "oidc": [
                  {
                    "issuer": "https://oidc.eks.us-east-2.amazonaws.com/id/EFC667F708034F515104DC5E13B5F0BD"
                  }
                ]
              }
            ],
            "kubernetes_network_config": [
              {
                "ip_family": "ipv4",
                "service_ipv4_cidr": "172.20.0.0/16",
                "service_ipv6_cidr": ""
              }
            ],
            "name": "mpfefferle",
            "outpost_config": [],
            "platform_version": "eks.1",
            "role_arn": "arn:aws:iam::381492135989:role/weka-mpfefferle-eks-role",
            "status": "ACTIVE",
            "tags": {},
            "tags_all": {},
            "timeouts": null,
            "version": "1.29",
            "vpc_config": [
              {
                "cluster_security_group_id": "sg-0554de2fe3663317b",
                "endpoint_private_access": false,
                "endpoint_public_access": true,
                "public_access_cidrs": [
                  "0.0.0.0/0"
                ],
                "security_group_ids": [],
                "subnet_ids": [
                  "subnet-013269d1760aa6f41",
                  "subnet-015bd3a3f73268e22",
                  "subnet-0e6384b4944b2087f"
                ],
                "vpc_id": "vpc-0e8e8a285f7ffc0e2"
              }
            ]
          },
          "sensitive_attributes": [],
          "private": "eyJlMmJmYjczMC1lY2FhLTExZTYtOGY4OC0zNDM2M2JjN2M0YzAiOnsiY3JlYXRlIjoxODAwMDAwMDAwMDAwLCJkZWxldGUiOjkwMDAwMDAwMDAwMCwidXBkYXRlIjozNjAwMDAwMDAwMDAwfX0=",
          "dependencies": [
            "aws_iam_role.eks_role",
            "aws_iam_role_policy_attachment.weka-AmazonEKSClusterPolicy",
            "aws_iam_role_policy_attachment.weka-AmazonEKSVPCResourceController",
            "aws_subnet.public",
            "aws_subnet.weka_subnet1",
            "aws_subnet.weka_subnet2",
            "aws_vpc.weka_vpc",
            "data.aws_availability_zones.available",
            "data.aws_iam_policy_document.assume_role"
          ]
        }
      ]
    },
    {
      "mode": "managed",
      "type": "aws_eks_node_group",
      "name": "weka_node_group",
      "provider": "provider[\"registry.terraform.io/hashicorp/aws\"]",
      "instances": [
        {
          "schema_version": 0,
          "attributes": {
            "ami_type": "CUSTOM",
            "arn": "arn:aws:eks:us-east-2:381492135989:nodegroup/mpfefferle/weka-mpfefferle-weka-node-group/9cc6cfa5-255b-1ef5-ad8c-4f5f3bcf48c3",
            "capacity_type": "ON_DEMAND",
            "cluster_name": "mpfefferle",
            "disk_size": 0,
            "force_update_version": null,
            "id": "mpfefferle:weka-mpfefferle-weka-node-group",
            "instance_types": [],
            "labels": {
              "kmm.node.kubernetes.io/control-plane": "true",
              "weka.io/role": "client"
            },
            "launch_template": [
              {
                "id": "lt-08b1aceca0499392f",
                "name": "weka-mpfefferle-eks-20240212193216582700000010",
                "version": "5"
              }
            ],
            "node_group_name": "weka-mpfefferle-weka-node-group",
            "node_group_name_prefix": "",
            "node_role_arn": "arn:aws:iam::381492135989:role/weka-mpfefferle-eks-role",
            "release_version": "ami-010feaf9c3bddd955",
            "remote_access": [],
            "resources": [
              {
                "autoscaling_groups": [
                  {
                    "name": "eks-weka-mpfefferle-weka-node-group-9cc6cfa5-255b-1ef5-ad8c-4f5f3bcf48c3"
                  }
                ],
                "remote_access_security_group_id": ""
              }
            ],
            "scaling_config": [
              {
                "desired_size": 3,
                "max_size": 7,
                "min_size": 1
              }
            ],
            "status": "ACTIVE",
            "subnet_ids": [
              "subnet-015bd3a3f73268e22",
              "subnet-0e6384b4944b2087f"
            ],
            "tags": {},
            "tags_all": {},
            "taint": [],
            "timeouts": null,
            "update_config": [
              {
                "max_unavailable": 1,
                "max_unavailable_percentage": 0
              }
            ],
            "version": "1.29"
          },
          "sensitive_attributes": [],
          "private": "eyJlMmJmYjczMC1lY2FhLTExZTYtOGY4OC0zNDM2M2JjN2M0YzAiOnsiY3JlYXRlIjozNjAwMDAwMDAwMDAwLCJkZWxldGUiOjM2MDAwMDAwMDAwMDAsInVwZGF0ZSI6MzYwMDAwMDAwMDAwMH19",
          "dependencies": [
            "aws_eks_cluster.eks",
            "aws_iam_role.eks_role",
            "aws_iam_role_policy_attachment.weka-AmazonEKSClusterPolicy",
            "aws_iam_role_policy_attachment.weka-AmazonEKSVPCResourceController",
            "aws_key_pair.eks_key_pair",
            "aws_launch_template.worker_nodes",
            "aws_subnet.public",
            "aws_subnet.weka_subnet1",
            "aws_subnet.weka_subnet2",
            "aws_vpc.weka_vpc",
            "data.aws_availability_zones.available",
            "data.aws_iam_policy_document.assume_role",
            "data.aws_ssm_parameter.eks_ami"
          ]
        }
      ]
    },
    {
      "mode": "managed",
      "type": "aws_iam_role",
      "name": "eks_role",
      "provider": "provider[\"registry.terraform.io/hashicorp/aws\"]",
      "instances": [
        {
          "schema_version": 0,
          "attributes": {
            "arn": "arn:aws:iam::381492135989:role/weka-mpfefferle-eks-role",
            "assume_role_policy": "{\"Statement\":[{\"Action\":\"sts:AssumeRole\",\"Effect\":\"Allow\",\"Principal\":{\"Service\":[\"eks.amazonaws.com\",\"ec2.amazonaws.com\"]}}],\"Version\":\"2012-10-17\"}",
            "create_date": "2024-02-12T19:24:21Z",
            "description": "",
            "force_detach_policies": false,
            "id": "weka-mpfefferle-eks-role",
            "inline_policy": [],
            "managed_policy_arns": [
              "arn:aws:iam::aws:policy/AmazonEC2ContainerRegistryReadOnly",
              "arn:aws:iam::aws:policy/AmazonEKSClusterPolicy",
              "arn:aws:iam::aws:policy/AmazonEKSVPCResourceController",
              "arn:aws:iam::aws:policy/AmazonEKSWorkerNodePolicy",
              "arn:aws:iam::aws:policy/AmazonEKS_CNI_Policy"
            ],
            "max_session_duration": 3600,
            "name": "weka-mpfefferle-eks-role",
            "name_prefix": "",
            "path": "/",
            "permissions_boundary": "",
            "tags": {},
            "tags_all": {},
            "unique_id": "AROAVRUVUBA2ZZESYK36C"
          },
          "sensitive_attributes": [],
          "private": "bnVsbA==",
          "dependencies": [
            "data.aws_iam_policy_document.assume_role"
          ]
        }
      ]
    },
    {
      "mode": "managed",
      "type": "aws_iam_role_policy_attachment",
      "name": "weka-AmazonEC2ContainerRegistryReadOnly",
      "provider": "provider[\"registry.terraform.io/hashicorp/aws\"]",
      "instances": [
        {
          "schema_version": 0,
          "attributes": {
            "id": "weka-mpfefferle-eks-role-2024021219242216980000000c",
            "policy_arn": "arn:aws:iam::aws:policy/AmazonEC2ContainerRegistryReadOnly",
            "role": "weka-mpfefferle-eks-role"
          },
          "sensitive_attributes": [],
          "private": "bnVsbA==",
          "dependencies": [
            "aws_iam_role.eks_role",
            "data.aws_iam_policy_document.assume_role"
          ]
        }
      ]
    },
    {
      "mode": "managed",
      "type": "aws_iam_role_policy_attachment",
      "name": "weka-AmazonEKSClusterPolicy",
      "provider": "provider[\"registry.terraform.io/hashicorp/aws\"]",
      "instances": [
        {
          "schema_version": 0,
          "attributes": {
            "id": "weka-mpfefferle-eks-role-2024021219242209370000000b",
            "policy_arn": "arn:aws:iam::aws:policy/AmazonEKSClusterPolicy",
            "role": "weka-mpfefferle-eks-role"
          },
          "sensitive_attributes": [],
          "private": "bnVsbA==",
          "dependencies": [
            "aws_iam_role.eks_role",
            "data.aws_iam_policy_document.assume_role"
          ]
        }
      ]
    },
    {
      "mode": "managed",
      "type": "aws_iam_role_policy_attachment",
      "name": "weka-AmazonEKSVPCResourceController",
      "provider": "provider[\"registry.terraform.io/hashicorp/aws\"]",
      "instances": [
        {
          "schema_version": 0,
          "attributes": {
            "id": "weka-mpfefferle-eks-role-20240212192421920100000009",
            "policy_arn": "arn:aws:iam::aws:policy/AmazonEKSVPCResourceController",
            "role": "weka-mpfefferle-eks-role"
          },
          "sensitive_attributes": [],
          "private": "bnVsbA==",
          "dependencies": [
            "aws_iam_role.eks_role",
            "data.aws_iam_policy_document.assume_role"
          ]
        }
      ]
    },
    {
      "mode": "managed",
      "type": "aws_iam_role_policy_attachment",
      "name": "weka-AmazonEKSWorkerNodePolicy",
      "provider": "provider[\"registry.terraform.io/hashicorp/aws\"]",
      "instances": [
        {
          "schema_version": 0,
          "attributes": {
            "id": "weka-mpfefferle-eks-role-2024021219242218140000000d",
            "policy_arn": "arn:aws:iam::aws:policy/AmazonEKSWorkerNodePolicy",
            "role": "weka-mpfefferle-eks-role"
          },
          "sensitive_attributes": [],
          "private": "bnVsbA==",
          "dependencies": [
            "aws_iam_role.eks_role",
            "data.aws_iam_policy_document.assume_role"
          ]
        }
      ]
    },
    {
      "mode": "managed",
      "type": "aws_iam_role_policy_attachment",
      "name": "weka-AmazonEKS_CNI_Policy",
      "provider": "provider[\"registry.terraform.io/hashicorp/aws\"]",
      "instances": [
        {
          "schema_version": 0,
          "attributes": {
            "id": "weka-mpfefferle-eks-role-2024021219242208930000000a",
            "policy_arn": "arn:aws:iam::aws:policy/AmazonEKS_CNI_Policy",
            "role": "weka-mpfefferle-eks-role"
          },
          "sensitive_attributes": [],
          "private": "bnVsbA==",
          "dependencies": [
            "aws_iam_role.eks_role",
            "data.aws_iam_policy_document.assume_role"
          ]
        }
      ]
    },
    {
      "mode": "managed",
      "type": "aws_internet_gateway",
      "name": "weka_igw",
      "provider": "provider[\"registry.terraform.io/hashicorp/aws\"]",
      "instances": [
        {
          "schema_version": 0,
          "attributes": {
            "arn": "arn:aws:ec2:us-east-2:381492135989:internet-gateway/igw-03938cb7d705f23dc",
            "id": "igw-03938cb7d705f23dc",
            "owner_id": "381492135989",
            "tags": {},
            "tags_all": {},
            "timeouts": null,
            "vpc_id": "vpc-0e8e8a285f7ffc0e2"
          },
          "sensitive_attributes": [],
          "private": "eyJlMmJmYjczMC1lY2FhLTExZTYtOGY4OC0zNDM2M2JjN2M0YzAiOnsiY3JlYXRlIjoxMjAwMDAwMDAwMDAwLCJkZWxldGUiOjEyMDAwMDAwMDAwMDAsInVwZGF0ZSI6MTIwMDAwMDAwMDAwMH19",
          "dependencies": [
            "aws_vpc.weka_vpc"
          ]
        }
      ]
    },
    {
      "mode": "managed",
      "type": "aws_key_pair",
      "name": "eks_key_pair",
      "provider": "provider[\"registry.terraform.io/hashicorp/aws\"]",
      "instances": [
        {
          "schema_version": 1,
          "attributes": {
            "arn": "arn:aws:ec2:us-east-2:381492135989:key-pair/weka-mpfefferle-eks-ssh-key",
            "fingerprint": "64:95:a9:c5:ca:8b:2e:0a:94:29:20:f2:68:60:03:e0",
            "id": "weka-mpfefferle-eks-ssh-key",
            "key_name": "weka-mpfefferle-eks-ssh-key",
            "key_name_prefix": "",
            "key_pair_id": "key-067e18fe075b68106",
            "key_type": "rsa",
            "public_key": "ssh-rsa AAAAB3NzaC1yc2EAAAADAQABAAABAQC83xywjfh32vOUZGc2cWMBI7s0krK1au2EkWSTLkkOnsW7QVulrwqT5yi+02lVsJ7TPIV0DYTyg2GjkcUoBOyTu0/Msly9cTPv033SD+17CY3WAG29kY0OGkxSugpEWp4Z+vaQqGWP0G3D7yxBXQ0m0W3yDzNV+Jk3PERh4t7VU4T+zRmGy1cBttW1nQH9BewqgNfynQvUr3/YBkQXP0g2yTWtFM+0BUv4imcNpgm4/MQyQX41PJt0ey8v/pEuz9Hl75aZINwkdbQvSVWO2pcwwtkMtSK/89kYKCI3bF0gBSUPlnoPZorYyk+Y99nrOLUhSdrC8IjZ2DLQfzuwLNtl",
            "tags": {},
            "tags_all": {}
          },
          "sensitive_attributes": [],
          "private": "eyJzY2hlbWFfdmVyc2lvbiI6IjEifQ=="
        }
      ]
    },
    {
      "mode": "managed",
      "type": "aws_launch_template",
      "name": "worker_nodes",
      "provider": "provider[\"registry.terraform.io/hashicorp/aws\"]",
      "instances": [
        {
          "schema_version": 0,
          "attributes": {
            "arn": "arn:aws:ec2:us-east-2:381492135989:launch-template/lt-08b1aceca0499392f",
            "block_device_mappings": [
              {
                "device_name": "/dev/sda1",
                "ebs": [
                  {
                    "delete_on_termination": "",
                    "encrypted": "",
                    "iops": 0,
                    "kms_key_id": "",
                    "snapshot_id": "",
                    "throughput": 0,
                    "volume_size": 50,
                    "volume_type": ""
                  }
                ],
                "no_device": "",
                "virtual_name": ""
              }
            ],
            "capacity_reservation_specification": [
              {
                "capacity_reservation_preference": "open",
                "capacity_reservation_target": []
              }
            ],
            "cpu_options": [],
            "credit_specification": [],
            "default_version": 1,
            "description": "",
            "disable_api_stop": false,
            "disable_api_termination": false,
            "ebs_optimized": "",
            "elastic_gpu_specifications": [],
            "elastic_inference_accelerator": [],
            "enclave_options": [],
            "hibernation_options": [],
            "iam_instance_profile": [],
            "id": "lt-08b1aceca0499392f",
            "image_id": "ami-010feaf9c3bddd955",
            "instance_initiated_shutdown_behavior": "",
            "instance_market_options": [],
            "instance_requirements": [],
            "instance_type": "m6i.xlarge",
            "kernel_id": "",
            "key_name": "weka-mpfefferle-eks-ssh-key",
            "latest_version": 5,
            "license_specification": [],
            "maintenance_options": [],
            "metadata_options": [],
            "monitoring": [],
            "name": "weka-mpfefferle-eks-20240212193216582700000010",
            "name_prefix": "weka-mpfefferle-eks-",
            "network_interfaces": [],
            "placement": [],
            "private_dns_name_options": [],
            "ram_disk_id": "",
            "security_group_names": [],
            "tag_specifications": [
              {
                "resource_type": "instance",
                "tags": {
                  "Name": "weka-mpfefferle-weka-node"
                }
              }
            ],
            "tags": {},
            "tags_all": {},
            "update_default_version": null,
            "user_data": "IyEvYmluL2Jhc2gKZWNobyAidm0ubnJfaHVnZXBhZ2VzPTgwMCIgPj4gL2V0Yy9zeXNjdGwuY29uZgovdXNyL3NiaW4vc3lzY3RsIC0tc3lzdGVtCi9ldGMvZWtzL2Jvb3RzdHJhcC5zaCBtcGZlZmZlcmxlIFwKICAtLWt1YmVsZXQtZXh0cmEtYXJncyAnLS1jcHUtbWFuYWdlci1wb2xpY3k9c3RhdGljJwo=",
            "vpc_security_group_ids": []
          },
          "sensitive_attributes": [
            [
              {
                "type": "get_attr",
                "value": "image_id"
              }
            ]
          ],
          "private": "bnVsbA==",
          "dependencies": [
            "aws_eks_cluster.eks",
            "aws_iam_role.eks_role",
            "aws_iam_role_policy_attachment.weka-AmazonEKSClusterPolicy",
            "aws_iam_role_policy_attachment.weka-AmazonEKSVPCResourceController",
            "aws_key_pair.eks_key_pair",
            "aws_subnet.public",
            "aws_subnet.weka_subnet1",
            "aws_subnet.weka_subnet2",
            "aws_vpc.weka_vpc",
            "data.aws_availability_zones.available",
            "data.aws_iam_policy_document.assume_role",
            "data.aws_ssm_parameter.eks_ami"
          ]
        }
      ]
    },
    {
      "mode": "managed",
      "type": "aws_nat_gateway",
      "name": "nat",
      "provider": "provider[\"registry.terraform.io/hashicorp/aws\"]",
      "instances": [
        {
          "schema_version": 0,
          "attributes": {
            "allocation_id": "eipalloc-0595b668e1d599ea8",
            "association_id": "eipassoc-05276d0733c6c3c47",
            "connectivity_type": "public",
            "id": "nat-08b4e2aed82132af1",
            "network_interface_id": "eni-08e2893730d67a452",
            "private_ip": "10.0.0.243",
            "public_ip": "3.143.48.175",
            "secondary_allocation_ids": [],
            "secondary_private_ip_address_count": 0,
            "secondary_private_ip_addresses": [],
            "subnet_id": "subnet-013269d1760aa6f41",
            "tags": {},
            "tags_all": {},
            "timeouts": null
          },
          "sensitive_attributes": [],
          "private": "eyJlMmJmYjczMC1lY2FhLTExZTYtOGY4OC0zNDM2M2JjN2M0YzAiOnsiY3JlYXRlIjo2MDAwMDAwMDAwMDAsImRlbGV0ZSI6MTgwMDAwMDAwMDAwMCwidXBkYXRlIjo2MDAwMDAwMDAwMDB9fQ==",
          "dependencies": [
            "aws_eip.nat",
            "aws_internet_gateway.weka_igw",
            "aws_subnet.public",
            "aws_vpc.weka_vpc",
            "data.aws_availability_zones.available"
          ]
        }
      ]
    },
    {
      "mode": "managed",
      "type": "aws_route_table",
      "name": "weka_route_table",
      "provider": "provider[\"registry.terraform.io/hashicorp/aws\"]",
      "instances": [
        {
          "schema_version": 0,
          "attributes": {
            "arn": "arn:aws:ec2:us-east-2:381492135989:route-table/rtb-0f66bc08151ae9447",
            "id": "rtb-0f66bc08151ae9447",
            "owner_id": "381492135989",
            "propagating_vgws": [],
            "route": [
              {
                "carrier_gateway_id": "",
                "cidr_block": "0.0.0.0/0",
                "core_network_arn": "",
                "destination_prefix_list_id": "",
                "egress_only_gateway_id": "",
                "gateway_id": "igw-03938cb7d705f23dc",
                "ipv6_cidr_block": "",
                "local_gateway_id": "",
                "nat_gateway_id": "",
                "network_interface_id": "",
                "transit_gateway_id": "",
                "vpc_endpoint_id": "",
                "vpc_peering_connection_id": ""
              }
            ],
            "tags": {},
            "tags_all": {},
            "timeouts": null,
            "vpc_id": "vpc-0e8e8a285f7ffc0e2"
          },
          "sensitive_attributes": [],
          "private": "eyJlMmJmYjczMC1lY2FhLTExZTYtOGY4OC0zNDM2M2JjN2M0YzAiOnsiY3JlYXRlIjozMDAwMDAwMDAwMDAsImRlbGV0ZSI6MzAwMDAwMDAwMDAwLCJ1cGRhdGUiOjEyMDAwMDAwMDAwMH19",
          "dependencies": [
            "aws_internet_gateway.weka_igw",
            "aws_vpc.weka_vpc"
          ]
        }
      ]
    },
    {
      "mode": "managed",
      "type": "aws_route_table_association",
      "name": "weka_subnet1_association",
      "provider": "provider[\"registry.terraform.io/hashicorp/aws\"]",
      "instances": [
        {
          "schema_version": 0,
          "attributes": {
            "gateway_id": "",
            "id": "rtbassoc-00028efd5a09a4bc4",
            "route_table_id": "rtb-0f66bc08151ae9447",
            "subnet_id": "subnet-0e6384b4944b2087f",
            "timeouts": null
          },
          "sensitive_attributes": [],
          "private": "eyJlMmJmYjczMC1lY2FhLTExZTYtOGY4OC0zNDM2M2JjN2M0YzAiOnsiY3JlYXRlIjozMDAwMDAwMDAwMDAsImRlbGV0ZSI6MzAwMDAwMDAwMDAwLCJ1cGRhdGUiOjEyMDAwMDAwMDAwMH19",
          "dependencies": [
            "aws_internet_gateway.weka_igw",
            "aws_route_table.weka_route_table",
            "aws_subnet.weka_subnet1",
            "aws_vpc.weka_vpc",
            "data.aws_availability_zones.available"
          ]
        }
      ]
    },
    {
      "mode": "managed",
      "type": "aws_route_table_association",
      "name": "weka_subnet2_association",
      "provider": "provider[\"registry.terraform.io/hashicorp/aws\"]",
      "instances": [
        {
          "schema_version": 0,
          "attributes": {
            "gateway_id": "",
            "id": "rtbassoc-0e8043491b1aa2aa9",
            "route_table_id": "rtb-0f66bc08151ae9447",
            "subnet_id": "subnet-015bd3a3f73268e22",
            "timeouts": null
          },
          "sensitive_attributes": [],
          "private": "eyJlMmJmYjczMC1lY2FhLTExZTYtOGY4OC0zNDM2M2JjN2M0YzAiOnsiY3JlYXRlIjozMDAwMDAwMDAwMDAsImRlbGV0ZSI6MzAwMDAwMDAwMDAwLCJ1cGRhdGUiOjEyMDAwMDAwMDAwMH19",
          "dependencies": [
            "aws_internet_gateway.weka_igw",
            "aws_route_table.weka_route_table",
            "aws_subnet.weka_subnet2",
            "aws_vpc.weka_vpc",
            "data.aws_availability_zones.available"
          ]
        }
      ]
    },
    {
      "mode": "managed",
      "type": "aws_security_group",
      "name": "eks_worker_nodes",
      "provider": "provider[\"registry.terraform.io/hashicorp/aws\"]",
      "instances": [
        {
          "schema_version": 1,
          "attributes": {
            "arn": "arn:aws:ec2:us-east-2:381492135989:security-group/sg-0aade829fc6075fa0",
            "description": "EKS worker nodes security group",
            "egress": [
              {
                "cidr_blocks": [
                  "0.0.0.0/0"
                ],
                "description": "",
                "from_port": 0,
                "ipv6_cidr_blocks": [],
                "prefix_list_ids": [],
                "protocol": "-1",
                "security_groups": [],
                "self": false,
                "to_port": 0
              }
            ],
            "id": "sg-0aade829fc6075fa0",
            "ingress": [
              {
                "cidr_blocks": [],
                "description": "",
                "from_port": 0,
                "ipv6_cidr_blocks": [],
                "prefix_list_ids": [],
                "protocol": "-1",
                "security_groups": [],
                "self": true,
                "to_port": 0
              },
              {
                "cidr_blocks": [],
                "description": "",
                "from_port": 1025,
                "ipv6_cidr_blocks": [],
                "prefix_list_ids": [],
                "protocol": "tcp",
                "security_groups": [
                  "sg-0554de2fe3663317b"
                ],
                "self": false,
                "to_port": 65535
              }
            ],
            "name": "weka-mpfefferle-eks-worker-nodes",
            "name_prefix": "",
            "owner_id": "381492135989",
            "revoke_rules_on_delete": false,
            "tags": {},
            "tags_all": {},
            "timeouts": null,
            "vpc_id": "vpc-0e8e8a285f7ffc0e2"
          },
          "sensitive_attributes": [],
          "private": "eyJlMmJmYjczMC1lY2FhLTExZTYtOGY4OC0zNDM2M2JjN2M0YzAiOnsiY3JlYXRlIjo2MDAwMDAwMDAwMDAsImRlbGV0ZSI6OTAwMDAwMDAwMDAwfSwic2NoZW1hX3ZlcnNpb24iOiIxIn0=",
          "dependencies": [
            "aws_vpc.weka_vpc"
          ]
        }
      ]
    },
    {
      "mode": "managed",
      "type": "aws_security_group_rule",
      "name": "all_traffic_between_workers",
      "provider": "provider[\"registry.terraform.io/hashicorp/aws\"]",
      "instances": [
        {
          "schema_version": 2,
          "attributes": {
            "cidr_blocks": null,
            "description": "",
            "from_port": 0,
            "id": "sgrule-2280609423",
            "ipv6_cidr_blocks": null,
            "prefix_list_ids": null,
            "protocol": "-1",
            "security_group_id": "sg-0aade829fc6075fa0",
            "security_group_rule_id": "sgr-0df782d46c757fda4",
            "self": true,
            "source_security_group_id": null,
            "timeouts": null,
            "to_port": 0,
            "type": "ingress"
          },
          "sensitive_attributes": [],
          "private": "eyJlMmJmYjczMC1lY2FhLTExZTYtOGY4OC0zNDM2M2JjN2M0YzAiOnsiY3JlYXRlIjozMDAwMDAwMDAwMDB9LCJzY2hlbWFfdmVyc2lvbiI6IjIifQ==",
          "dependencies": [
            "aws_security_group.eks_worker_nodes",
            "aws_vpc.weka_vpc"
          ]
        }
      ]
    },
    {
      "mode": "managed",
      "type": "aws_security_group_rule",
      "name": "inbound_control_plane_to_worker",
      "provider": "provider[\"registry.terraform.io/hashicorp/aws\"]",
      "instances": [
        {
          "schema_version": 2,
          "attributes": {
            "cidr_blocks": null,
            "description": "",
            "from_port": 1025,
            "id": "sgrule-303800791",
            "ipv6_cidr_blocks": null,
            "prefix_list_ids": null,
            "protocol": "tcp",
            "security_group_id": "sg-0aade829fc6075fa0",
            "security_group_rule_id": "sgr-0e4764e5272972f6c",
            "self": false,
            "source_security_group_id": "sg-0554de2fe3663317b",
            "timeouts": null,
            "to_port": 65535,
            "type": "ingress"
          },
          "sensitive_attributes": [],
          "private": "eyJlMmJmYjczMC1lY2FhLTExZTYtOGY4OC0zNDM2M2JjN2M0YzAiOnsiY3JlYXRlIjozMDAwMDAwMDAwMDB9LCJzY2hlbWFfdmVyc2lvbiI6IjIifQ==",
          "dependencies": [
            "aws_eks_cluster.eks",
            "aws_iam_role.eks_role",
            "aws_iam_role_policy_attachment.weka-AmazonEKSClusterPolicy",
            "aws_iam_role_policy_attachment.weka-AmazonEKSVPCResourceController",
            "aws_security_group.eks_worker_nodes",
            "aws_subnet.public",
            "aws_subnet.weka_subnet1",
            "aws_subnet.weka_subnet2",
            "aws_vpc.weka_vpc",
            "data.aws_availability_zones.available",
            "data.aws_iam_policy_document.assume_role",
            "data.aws_security_group.eks_control_plane"
          ]
        }
      ]
    },
    {
      "mode": "managed",
      "type": "aws_security_group_rule",
      "name": "inbound_ssh",
      "provider": "provider[\"registry.terraform.io/hashicorp/aws\"]",
      "instances": [
        {
          "schema_version": 2,
          "attributes": {
            "cidr_blocks": [
              "0.0.0.0/0"
            ],
            "description": "",
            "from_port": 22,
            "id": "sgrule-274067599",
            "ipv6_cidr_blocks": null,
            "prefix_list_ids": null,
            "protocol": "tcp",
            "security_group_id": "sg-0554de2fe3663317b",
            "security_group_rule_id": "sgr-0d549790ef96b7888",
            "self": false,
            "source_security_group_id": null,
            "timeouts": null,
            "to_port": 22,
            "type": "ingress"
          },
          "sensitive_attributes": [],
          "private": "eyJlMmJmYjczMC1lY2FhLTExZTYtOGY4OC0zNDM2M2JjN2M0YzAiOnsiY3JlYXRlIjozMDAwMDAwMDAwMDB9LCJzY2hlbWFfdmVyc2lvbiI6IjIifQ==",
          "dependencies": [
            "aws_eks_cluster.eks",
            "aws_iam_role.eks_role",
            "aws_iam_role_policy_attachment.weka-AmazonEKSClusterPolicy",
            "aws_iam_role_policy_attachment.weka-AmazonEKSVPCResourceController",
            "aws_subnet.public",
            "aws_subnet.weka_subnet1",
            "aws_subnet.weka_subnet2",
            "aws_vpc.weka_vpc",
            "data.aws_availability_zones.available",
            "data.aws_iam_policy_document.assume_role",
            "data.aws_security_group.eks_control_plane"
          ]
        }
      ]
    },
    {
      "mode": "managed",
      "type": "aws_security_group_rule",
      "name": "inbound_weka",
      "provider": "provider[\"registry.terraform.io/hashicorp/aws\"]",
      "instances": [
        {
          "schema_version": 2,
          "attributes": {
            "cidr_blocks": [
              "10.0.1.0/24",
              "10.0.2.0/24"
            ],
            "description": "",
            "from_port": 0,
            "id": "sgrule-2388478854",
            "ipv6_cidr_blocks": null,
            "prefix_list_ids": null,
            "protocol": "tcp",
            "security_group_id": "sg-0554de2fe3663317b",
            "security_group_rule_id": "",
            "self": false,
            "source_security_group_id": null,
            "timeouts": null,
            "to_port": 65535,
            "type": "ingress"
          },
          "sensitive_attributes": [],
          "private": "eyJlMmJmYjczMC1lY2FhLTExZTYtOGY4OC0zNDM2M2JjN2M0YzAiOnsiY3JlYXRlIjozMDAwMDAwMDAwMDB9LCJzY2hlbWFfdmVyc2lvbiI6IjIifQ==",
          "dependencies": [
            "aws_eks_cluster.eks",
            "aws_iam_role.eks_role",
            "aws_iam_role_policy_attachment.weka-AmazonEKSClusterPolicy",
            "aws_iam_role_policy_attachment.weka-AmazonEKSVPCResourceController",
            "aws_subnet.public",
            "aws_subnet.weka_subnet1",
            "aws_subnet.weka_subnet2",
            "aws_vpc.weka_vpc",
            "data.aws_availability_zones.available",
            "data.aws_iam_policy_document.assume_role",
            "data.aws_security_group.eks_control_plane"
          ]
        }
      ]
    },
    {
      "mode": "managed",
      "type": "aws_security_group_rule",
      "name": "inbound_worker_to_control_plane",
      "provider": "provider[\"registry.terraform.io/hashicorp/aws\"]",
      "instances": [
        {
          "schema_version": 2,
          "attributes": {
            "cidr_blocks": null,
            "description": "",
            "from_port": 1025,
            "id": "sgrule-3476832898",
            "ipv6_cidr_blocks": null,
            "prefix_list_ids": null,
            "protocol": "tcp",
            "security_group_id": "sg-0554de2fe3663317b",
            "security_group_rule_id": "sgr-027ce15c4b370a4e7",
            "self": false,
            "source_security_group_id": "sg-0aade829fc6075fa0",
            "timeouts": null,
            "to_port": 65535,
            "type": "ingress"
          },
          "sensitive_attributes": [],
          "private": "eyJlMmJmYjczMC1lY2FhLTExZTYtOGY4OC0zNDM2M2JjN2M0YzAiOnsiY3JlYXRlIjozMDAwMDAwMDAwMDB9LCJzY2hlbWFfdmVyc2lvbiI6IjIifQ==",
          "dependencies": [
            "aws_eks_cluster.eks",
            "aws_iam_role.eks_role",
            "aws_iam_role_policy_attachment.weka-AmazonEKSClusterPolicy",
            "aws_iam_role_policy_attachment.weka-AmazonEKSVPCResourceController",
            "aws_security_group.eks_worker_nodes",
            "aws_subnet.public",
            "aws_subnet.weka_subnet1",
            "aws_subnet.weka_subnet2",
            "aws_vpc.weka_vpc",
            "data.aws_availability_zones.available",
            "data.aws_iam_policy_document.assume_role",
            "data.aws_security_group.eks_control_plane"
          ]
        }
      ]
    },
    {
      "mode": "managed",
      "type": "aws_security_group_rule",
      "name": "outbound_worker_nodes",
      "provider": "provider[\"registry.terraform.io/hashicorp/aws\"]",
      "instances": [
        {
          "schema_version": 2,
          "attributes": {
            "cidr_blocks": [
              "0.0.0.0/0"
            ],
            "description": "",
            "from_port": 0,
            "id": "sgrule-3504244178",
            "ipv6_cidr_blocks": null,
            "prefix_list_ids": null,
            "protocol": "-1",
            "security_group_id": "sg-0aade829fc6075fa0",
            "security_group_rule_id": "sgr-068f2f7c4bfb5b4c3",
            "self": false,
            "source_security_group_id": null,
            "timeouts": null,
            "to_port": 0,
            "type": "egress"
          },
          "sensitive_attributes": [],
          "private": "eyJlMmJmYjczMC1lY2FhLTExZTYtOGY4OC0zNDM2M2JjN2M0YzAiOnsiY3JlYXRlIjozMDAwMDAwMDAwMDB9LCJzY2hlbWFfdmVyc2lvbiI6IjIifQ==",
          "dependencies": [
            "aws_security_group.eks_worker_nodes",
            "aws_vpc.weka_vpc"
          ]
        }
      ]
    },
    {
      "mode": "managed",
      "type": "aws_subnet",
      "name": "public",
      "provider": "provider[\"registry.terraform.io/hashicorp/aws\"]",
      "instances": [
        {
          "schema_version": 1,
          "attributes": {
            "arn": "arn:aws:ec2:us-east-2:381492135989:subnet/subnet-013269d1760aa6f41",
            "assign_ipv6_address_on_creation": false,
            "availability_zone": "us-east-2a",
            "availability_zone_id": "use2-az1",
            "cidr_block": "10.0.0.0/24",
            "customer_owned_ipv4_pool": "",
            "enable_dns64": false,
            "enable_lni_at_device_index": 0,
            "enable_resource_name_dns_a_record_on_launch": false,
            "enable_resource_name_dns_aaaa_record_on_launch": false,
            "id": "subnet-013269d1760aa6f41",
            "ipv6_cidr_block": "",
            "ipv6_cidr_block_association_id": "",
            "ipv6_native": false,
            "map_customer_owned_ip_on_launch": false,
            "map_public_ip_on_launch": true,
            "outpost_arn": "",
            "owner_id": "381492135989",
            "private_dns_hostname_type_on_launch": "ip-name",
            "tags": {
              "Name": "weka_public_subnet"
            },
            "tags_all": {
              "Name": "weka_public_subnet"
            },
            "timeouts": null,
            "vpc_id": "vpc-0e8e8a285f7ffc0e2"
          },
          "sensitive_attributes": [],
          "private": "eyJlMmJmYjczMC1lY2FhLTExZTYtOGY4OC0zNDM2M2JjN2M0YzAiOnsiY3JlYXRlIjo2MDAwMDAwMDAwMDAsImRlbGV0ZSI6MTIwMDAwMDAwMDAwMH0sInNjaGVtYV92ZXJzaW9uIjoiMSJ9",
          "dependencies": [
            "aws_vpc.weka_vpc",
            "data.aws_availability_zones.available"
          ]
        }
      ]
    },
    {
      "mode": "managed",
      "type": "aws_subnet",
      "name": "weka_subnet1",
      "provider": "provider[\"registry.terraform.io/hashicorp/aws\"]",
      "instances": [
        {
          "schema_version": 1,
          "attributes": {
            "arn": "arn:aws:ec2:us-east-2:381492135989:subnet/subnet-0e6384b4944b2087f",
            "assign_ipv6_address_on_creation": false,
            "availability_zone": "us-east-2a",
            "availability_zone_id": "use2-az1",
            "cidr_block": "10.0.1.0/24",
            "customer_owned_ipv4_pool": "",
            "enable_dns64": false,
            "enable_lni_at_device_index": 0,
            "enable_resource_name_dns_a_record_on_launch": false,
            "enable_resource_name_dns_aaaa_record_on_launch": false,
            "id": "subnet-0e6384b4944b2087f",
            "ipv6_cidr_block": "",
            "ipv6_cidr_block_association_id": "",
            "ipv6_native": false,
            "map_customer_owned_ip_on_launch": false,
            "map_public_ip_on_launch": true,
            "outpost_arn": "",
            "owner_id": "381492135989",
            "private_dns_hostname_type_on_launch": "ip-name",
            "tags": {
              "Name": "weka_subnet1",
              "kubernetes.io/role/internal-elb": "1"
            },
            "tags_all": {
              "Name": "weka_subnet1",
              "kubernetes.io/role/internal-elb": "1"
            },
            "timeouts": null,
            "vpc_id": "vpc-0e8e8a285f7ffc0e2"
          },
          "sensitive_attributes": [],
          "private": "eyJlMmJmYjczMC1lY2FhLTExZTYtOGY4OC0zNDM2M2JjN2M0YzAiOnsiY3JlYXRlIjo2MDAwMDAwMDAwMDAsImRlbGV0ZSI6MTIwMDAwMDAwMDAwMH0sInNjaGVtYV92ZXJzaW9uIjoiMSJ9",
          "dependencies": [
            "aws_vpc.weka_vpc",
            "data.aws_availability_zones.available"
          ]
        }
      ]
    },
    {
      "mode": "managed",
      "type": "aws_subnet",
      "name": "weka_subnet2",
      "provider": "provider[\"registry.terraform.io/hashicorp/aws\"]",
      "instances": [
        {
          "schema_version": 1,
          "attributes": {
            "arn": "arn:aws:ec2:us-east-2:381492135989:subnet/subnet-015bd3a3f73268e22",
            "assign_ipv6_address_on_creation": false,
            "availability_zone": "us-east-2b",
            "availability_zone_id": "use2-az2",
            "cidr_block": "10.0.2.0/24",
            "customer_owned_ipv4_pool": "",
            "enable_dns64": false,
            "enable_lni_at_device_index": 0,
            "enable_resource_name_dns_a_record_on_launch": false,
            "enable_resource_name_dns_aaaa_record_on_launch": false,
            "id": "subnet-015bd3a3f73268e22",
            "ipv6_cidr_block": "",
            "ipv6_cidr_block_association_id": "",
            "ipv6_native": false,
            "map_customer_owned_ip_on_launch": false,
            "map_public_ip_on_launch": true,
            "outpost_arn": "",
            "owner_id": "381492135989",
            "private_dns_hostname_type_on_launch": "ip-name",
            "tags": {
              "Name": "weka_subnet2",
              "kubernetes.io/role/internal-elb": "1"
            },
            "tags_all": {
              "Name": "weka_subnet2",
              "kubernetes.io/role/internal-elb": "1"
            },
            "timeouts": null,
            "vpc_id": "vpc-0e8e8a285f7ffc0e2"
          },
          "sensitive_attributes": [],
          "private": "eyJlMmJmYjczMC1lY2FhLTExZTYtOGY4OC0zNDM2M2JjN2M0YzAiOnsiY3JlYXRlIjo2MDAwMDAwMDAwMDAsImRlbGV0ZSI6MTIwMDAwMDAwMDAwMH0sInNjaGVtYV92ZXJzaW9uIjoiMSJ9",
          "dependencies": [
            "aws_vpc.weka_vpc",
            "data.aws_availability_zones.available"
          ]
        }
      ]
    },
    {
      "mode": "managed",
      "type": "aws_vpc",
      "name": "weka_vpc",
      "provider": "provider[\"registry.terraform.io/hashicorp/aws\"]",
      "instances": [
        {
          "schema_version": 1,
          "attributes": {
            "arn": "arn:aws:ec2:us-east-2:381492135989:vpc/vpc-0e8e8a285f7ffc0e2",
            "assign_generated_ipv6_cidr_block": false,
            "cidr_block": "10.0.0.0/16",
            "default_network_acl_id": "acl-0ce53c94c41c6046e",
            "default_route_table_id": "rtb-0f5bad046855d2156",
            "default_security_group_id": "sg-02dfe7501caeb4c76",
            "dhcp_options_id": "dopt-0af91fbd6869ed4e5",
            "enable_dns_hostnames": true,
            "enable_dns_support": true,
            "enable_network_address_usage_metrics": false,
            "id": "vpc-0e8e8a285f7ffc0e2",
            "instance_tenancy": "default",
            "ipv4_ipam_pool_id": null,
            "ipv4_netmask_length": null,
            "ipv6_association_id": "",
            "ipv6_cidr_block": "",
            "ipv6_cidr_block_network_border_group": "",
            "ipv6_ipam_pool_id": "",
            "ipv6_netmask_length": 0,
            "main_route_table_id": "rtb-0f5bad046855d2156",
            "owner_id": "381492135989",
            "tags": {
              "Name": "mpfefferle-vpc"
            },
            "tags_all": {
              "Name": "mpfefferle-vpc"
            }
          },
          "sensitive_attributes": [],
          "private": "eyJzY2hlbWFfdmVyc2lvbiI6IjEifQ=="
        }
      ]
    },
    {
      "module": "module.weka",
      "mode": "data",
      "type": "aws_ami",
      "name": "amzn_ami",
      "provider": "provider[\"registry.terraform.io/hashicorp/aws\"]",
      "instances": [
        {
          "index_key": 0,
          "schema_version": 0,
          "attributes": {
            "architecture": "x86_64",
            "arn": "arn:aws:ec2:us-east-2::image/ami-0cf7b2f456cd5efd4",
            "block_device_mappings": [
              {
                "device_name": "/dev/xvda",
                "ebs": {
                  "delete_on_termination": "true",
                  "encrypted": "false",
                  "iops": "0",
                  "snapshot_id": "snap-0b95a9f9420e33d15",
                  "throughput": "0",
                  "volume_size": "8",
                  "volume_type": "gp2"
                },
                "no_device": "",
                "virtual_name": ""
              }
            ],
            "boot_mode": "",
            "creation_date": "2024-01-26T19:22:34.000Z",
            "deprecation_time": "2025-07-01T00:00:00.000Z",
            "description": "Amazon Linux 2 Kernel 5.10 AMI 2.0.20240131.0 x86_64 HVM gp2",
            "ena_support": true,
            "executable_users": null,
            "filter": [
              {
                "name": "name",
                "values": [
                  "amzn2-ami-kernel-5.*-x86_64-gp2"
                ]
              }
            ],
            "hypervisor": "xen",
            "id": "ami-0cf7b2f456cd5efd4",
            "image_id": "ami-0cf7b2f456cd5efd4",
            "image_location": "amazon/amzn2-ami-kernel-5.10-hvm-2.0.20240131.0-x86_64-gp2",
            "image_owner_alias": "amazon",
            "image_type": "machine",
            "imds_support": "",
            "include_deprecated": false,
            "kernel_id": "",
            "most_recent": true,
            "name": "amzn2-ami-kernel-5.10-hvm-2.0.20240131.0-x86_64-gp2",
            "name_regex": null,
            "owner_id": "137112412989",
            "owners": [
              "amazon"
            ],
            "platform": "",
            "platform_details": "Linux/UNIX",
            "product_codes": [],
            "public": true,
            "ramdisk_id": "",
            "root_device_name": "/dev/xvda",
            "root_device_type": "ebs",
            "root_snapshot_id": "snap-0b95a9f9420e33d15",
            "sriov_net_support": "simple",
            "state": "available",
            "state_reason": {
              "code": "UNSET",
              "message": "UNSET"
            },
            "tags": {},
            "timeouts": null,
            "tpm_support": "",
            "usage_operation": "RunInstances",
            "virtualization_type": "hvm"
          },
          "sensitive_attributes": []
        }
      ]
    },
    {
      "module": "module.weka",
      "mode": "data",
      "type": "aws_caller_identity",
      "name": "current",
      "provider": "provider[\"registry.terraform.io/hashicorp/aws\"]",
      "instances": [
        {
          "schema_version": 0,
          "attributes": {
            "account_id": "381492135989",
            "arn": "arn:aws:sts::381492135989:assumed-role/Root/aws-go-sdk-1707946143172814000",
            "id": "381492135989",
            "user_id": "AROAVRUVUBA2S3OA2XQFV:aws-go-sdk-1707946143172814000"
          },
          "sensitive_attributes": []
        }
      ]
    },
    {
      "module": "module.weka",
      "mode": "data",
      "type": "aws_region",
      "name": "current",
      "provider": "provider[\"registry.terraform.io/hashicorp/aws\"]",
      "instances": [
        {
          "schema_version": 0,
          "attributes": {
            "description": "US East (Ohio)",
            "endpoint": "ec2.us-east-2.amazonaws.com",
            "id": "us-east-2",
            "name": "us-east-2"
          },
          "sensitive_attributes": []
        }
      ]
    },
    {
      "module": "module.weka",
      "mode": "data",
      "type": "aws_subnet",
      "name": "this",
      "provider": "provider[\"registry.terraform.io/hashicorp/aws\"]",
      "instances": [
        {
          "index_key": 0,
          "schema_version": 0,
          "attributes": {
            "arn": "arn:aws:ec2:us-east-2:381492135989:subnet/subnet-0e6384b4944b2087f",
            "assign_ipv6_address_on_creation": false,
            "availability_zone": "us-east-2a",
            "availability_zone_id": "use2-az1",
            "available_ip_address_count": 218,
            "cidr_block": "10.0.1.0/24",
            "customer_owned_ipv4_pool": "",
            "default_for_az": false,
            "enable_dns64": false,
            "enable_lni_at_device_index": 0,
            "enable_resource_name_dns_a_record_on_launch": false,
            "enable_resource_name_dns_aaaa_record_on_launch": false,
            "filter": null,
            "id": "subnet-0e6384b4944b2087f",
            "ipv6_cidr_block": "",
            "ipv6_cidr_block_association_id": "",
            "ipv6_native": false,
            "map_customer_owned_ip_on_launch": false,
            "map_public_ip_on_launch": true,
            "outpost_arn": "",
            "owner_id": "381492135989",
            "private_dns_hostname_type_on_launch": "ip-name",
            "state": "available",
            "tags": {
              "Name": "weka_subnet1",
              "kubernetes.io/role/internal-elb": "1"
            },
            "timeouts": null,
            "vpc_id": "vpc-0e8e8a285f7ffc0e2"
          },
          "sensitive_attributes": []
        }
      ]
    },
    {
      "module": "module.weka",
      "mode": "managed",
      "type": "aws_autoscaling_attachment",
      "name": "alb_autoscaling_attachment",
      "provider": "provider[\"registry.terraform.io/hashicorp/aws\"]",
      "instances": [
        {
          "index_key": 0,
          "schema_version": 0,
          "attributes": {
            "autoscaling_group_name": "weka-mpfefferle-autoscaling-group",
            "elb": null,
            "id": "weka-mpfefferle-autoscaling-group-2024021421295980170000000f",
            "lb_target_group_arn": "arn:aws:elasticloadbalancing:us-east-2:381492135989:targetgroup/weka-mpfefferle-lb-target-group/5a3793601a5e063a"
          },
          "sensitive_attributes": [],
          "private": "bnVsbA==",
          "dependencies": [
            "aws_eks_cluster.eks",
            "aws_iam_role.eks_role",
            "aws_iam_role_policy_attachment.weka-AmazonEKSClusterPolicy",
            "aws_iam_role_policy_attachment.weka-AmazonEKSVPCResourceController",
            "aws_key_pair.eks_key_pair",
            "aws_security_group.eks_worker_nodes",
            "aws_subnet.public",
            "aws_subnet.weka_subnet1",
            "aws_subnet.weka_subnet2",
            "aws_vpc.weka_vpc",
            "data.aws_availability_zones.available",
            "data.aws_iam_policy_document.assume_role",
            "data.aws_security_group.eks_control_plane",
            "module.weka.aws_autoscaling_group.autoscaling_group",
            "module.weka.aws_cloudwatch_log_group.cloudwatch_log_group",
            "module.weka.aws_dynamodb_table.weka_deployment",
            "module.weka.aws_key_pair.generated_key",
            "module.weka.aws_lambda_function.clusterize_finalization_lambda",
            "module.weka.aws_lambda_function.clusterize_lambda",
            "module.weka.aws_lambda_function.deploy_lambda",
            "module.weka.aws_lambda_function.report_lambda",
            "module.weka.aws_launch_template.launch_template",
            "module.weka.aws_lb_target_group.alb_target_group",
            "module.weka.aws_placement_group.placement_group",
            "module.weka.aws_secretsmanager_secret.get_weka_io_token",
            "module.weka.aws_secretsmanager_secret.weka_password",
            "module.weka.aws_secretsmanager_secret.weka_username",
            "module.weka.data.aws_ami.amzn_ami",
            "module.weka.data.aws_caller_identity.current",
            "module.weka.data.aws_region.current",
            "module.weka.data.aws_subnet.this",
            "module.weka.module.iam.aws_iam_instance_profile.instance_profile",
            "module.weka.module.iam.aws_iam_role.iam_role",
            "module.weka.module.iam.aws_iam_role.lambda_iam_role",
            "module.weka.module.network.aws_eip.nat_eip",
            "module.weka.module.network.aws_internet_gateway.ig",
            "module.weka.module.network.aws_nat_gateway.nat",
            "module.weka.module.network.aws_route_table.ig_route_table",
            "module.weka.module.network.aws_route_table.nat_route_table",
            "module.weka.module.network.aws_route_table_association.private_rt_associate",
            "module.weka.module.network.aws_route_table_association.public_rt_associate",
            "module.weka.module.network.aws_subnet.private_subnet",
            "module.weka.module.network.aws_subnet.public_subnet",
            "module.weka.module.network.aws_vpc.vpc",
            "module.weka.module.network.data.aws_availability_zones.available",
            "module.weka.module.security_group.aws_security_group.sg",
            "module.weka.random_password.suffix",
            "module.weka.tls_private_key.key"
          ]
        }
      ]
    },
    {
      "module": "module.weka",
      "mode": "managed",
      "type": "aws_autoscaling_group",
      "name": "autoscaling_group",
      "provider": "provider[\"registry.terraform.io/hashicorp/aws\"]",
      "instances": [
        {
          "schema_version": 1,
          "attributes": {
            "arn": "arn:aws:autoscaling:us-east-2:381492135989:autoScalingGroup:0e5cd084-2f40-48dc-84ac-ce6e239dff7b:autoScalingGroupName/weka-mpfefferle-autoscaling-group",
            "availability_zones": [
              "us-east-2a"
            ],
            "capacity_rebalance": false,
            "context": "",
            "default_cooldown": 300,
            "default_instance_warmup": 0,
            "desired_capacity": 6,
            "desired_capacity_type": "",
            "enabled_metrics": null,
            "force_delete": false,
            "force_delete_warm_pool": false,
            "health_check_grace_period": 300,
            "health_check_type": "EC2",
            "id": "weka-mpfefferle-autoscaling-group",
            "ignore_failed_scaling_activities": false,
            "initial_lifecycle_hook": [],
            "instance_maintenance_policy": [],
            "instance_refresh": [],
            "launch_configuration": "",
            "launch_template": [
              {
                "id": "lt-02047794cd1df14e6",
                "name": "weka-mpfefferle-backend2024021421293205230000000d",
                "version": "1"
              }
            ],
            "load_balancers": [],
            "max_instance_lifetime": 0,
            "max_size": 42,
            "metrics_granularity": "1Minute",
            "min_elb_capacity": null,
            "min_size": 6,
            "mixed_instances_policy": [],
            "name": "weka-mpfefferle-autoscaling-group",
            "name_prefix": "",
            "placement_group": "",
            "predicted_capacity": 0,
            "protect_from_scale_in": true,
            "service_linked_role_arn": "arn:aws:iam::381492135989:role/aws-service-role/autoscaling.amazonaws.com/AWSServiceRoleForAutoScaling",
            "suspended_processes": [
              "ReplaceUnhealthy"
            ],
            "tag": [
              {
                "key": "creator",
                "propagate_at_launch": false,
                "value": "tf"
              },
              {
                "key": "env",
                "propagate_at_launch": false,
                "value": "dev"
              },
              {
                "key": "weka-mpfefferle-asg",
                "propagate_at_launch": true,
                "value": "mpfefferle"
              }
            ],
            "target_group_arns": [],
            "termination_policies": null,
            "timeouts": null,
            "traffic_source": [],
            "vpc_zone_identifier": [
              "subnet-0e6384b4944b2087f"
            ],
            "wait_for_capacity_timeout": "10m",
            "wait_for_elb_capacity": null,
            "warm_pool": [],
            "warm_pool_size": 0
          },
          "sensitive_attributes": [],
          "private": "eyJlMmJmYjczMC1lY2FhLTExZTYtOGY4OC0zNDM2M2JjN2M0YzAiOnsiZGVsZXRlIjo2MDAwMDAwMDAwMDAsInVwZGF0ZSI6NjAwMDAwMDAwMDAwfSwic2NoZW1hX3ZlcnNpb24iOiIxIn0=",
          "dependencies": [
            "aws_eks_cluster.eks",
            "aws_iam_role.eks_role",
            "aws_iam_role_policy_attachment.weka-AmazonEKSClusterPolicy",
            "aws_iam_role_policy_attachment.weka-AmazonEKSVPCResourceController",
            "aws_key_pair.eks_key_pair",
            "aws_security_group.eks_worker_nodes",
            "aws_subnet.public",
            "aws_subnet.weka_subnet1",
            "aws_subnet.weka_subnet2",
            "aws_vpc.weka_vpc",
            "data.aws_availability_zones.available",
            "data.aws_iam_policy_document.assume_role",
            "data.aws_security_group.eks_control_plane",
            "module.weka.aws_cloudwatch_log_group.cloudwatch_log_group",
            "module.weka.aws_dynamodb_table.weka_deployment",
            "module.weka.aws_key_pair.generated_key",
            "module.weka.aws_lambda_function.clusterize_finalization_lambda",
            "module.weka.aws_lambda_function.clusterize_lambda",
            "module.weka.aws_lambda_function.deploy_lambda",
            "module.weka.aws_lambda_function.report_lambda",
            "module.weka.aws_launch_template.launch_template",
            "module.weka.aws_placement_group.placement_group",
            "module.weka.aws_secretsmanager_secret.get_weka_io_token",
            "module.weka.aws_secretsmanager_secret.weka_password",
            "module.weka.aws_secretsmanager_secret.weka_username",
            "module.weka.data.aws_ami.amzn_ami",
            "module.weka.data.aws_caller_identity.current",
            "module.weka.data.aws_region.current",
            "module.weka.data.aws_subnet.this",
            "module.weka.module.iam.aws_iam_instance_profile.instance_profile",
            "module.weka.module.iam.aws_iam_role.iam_role",
            "module.weka.module.iam.aws_iam_role.lambda_iam_role",
            "module.weka.module.network.aws_eip.nat_eip",
            "module.weka.module.network.aws_internet_gateway.ig",
            "module.weka.module.network.aws_nat_gateway.nat",
            "module.weka.module.network.aws_route_table.ig_route_table",
            "module.weka.module.network.aws_route_table.nat_route_table",
            "module.weka.module.network.aws_route_table_association.private_rt_associate",
            "module.weka.module.network.aws_route_table_association.public_rt_associate",
            "module.weka.module.network.aws_subnet.private_subnet",
            "module.weka.module.network.aws_subnet.public_subnet",
            "module.weka.module.network.aws_vpc.vpc",
            "module.weka.module.network.data.aws_availability_zones.available",
            "module.weka.module.security_group.aws_security_group.sg",
            "module.weka.random_password.suffix",
            "module.weka.tls_private_key.key"
          ]
        }
      ]
    },
    {
      "module": "module.weka",
      "mode": "managed",
      "type": "aws_cloudwatch_event_rule",
      "name": "event_rule",
      "provider": "provider[\"registry.terraform.io/hashicorp/aws\"]",
      "instances": [
        {
          "schema_version": 1,
          "attributes": {
            "arn": "arn:aws:events:us-east-2:381492135989:rule/weka-mpfefferle-scale-down-trigger-rule",
            "description": "CloudWatch trigger scale down step function every 1 minute",
            "event_bus_name": "default",
            "event_pattern": null,
            "id": "weka-mpfefferle-scale-down-trigger-rule",
            "is_enabled": true,
            "name": "weka-mpfefferle-scale-down-trigger-rule",
            "name_prefix": "",
            "role_arn": "",
            "schedule_expression": "rate(1 minute)",
            "state": "ENABLED",
            "tags": {
              "Name": "weka-mpfefferle-scale-down-trigger-rule"
            },
            "tags_all": {
              "Name": "weka-mpfefferle-scale-down-trigger-rule"
            }
          },
          "sensitive_attributes": [],
          "private": "eyJzY2hlbWFfdmVyc2lvbiI6IjEifQ=="
        }
      ]
    },
    {
      "module": "module.weka",
      "mode": "managed",
      "type": "aws_cloudwatch_event_target",
      "name": "step_function_event_target",
      "provider": "provider[\"registry.terraform.io/hashicorp/aws\"]",
      "instances": [
        {
          "schema_version": 1,
          "attributes": {
            "arn": "arn:aws:states:us-east-2:381492135989:stateMachine:weka-mpfefferle-scale-down-state-machine",
            "batch_target": [],
            "dead_letter_config": [],
            "ecs_target": [],
            "event_bus_name": "default",
            "http_target": [],
            "id": "weka-mpfefferle-scale-down-trigger-rule-TriggerStepFunctionFromCloudWatch",
            "input": "",
            "input_path": "",
            "input_transformer": [],
            "kinesis_target": [],
            "redshift_target": [],
            "retry_policy": [],
            "role_arn": "arn:aws:iam::381492135989:role/weka-mpfefferle-event-role",
            "rule": "weka-mpfefferle-scale-down-trigger-rule",
            "run_command_targets": [],
            "sagemaker_pipeline_target": [],
            "sqs_target": [],
            "target_id": "TriggerStepFunctionFromCloudWatch"
          },
          "sensitive_attributes": [],
          "private": "eyJzY2hlbWFfdmVyc2lvbiI6IjEifQ==",
          "dependencies": [
            "aws_eks_cluster.eks",
            "aws_iam_role.eks_role",
            "aws_iam_role_policy_attachment.weka-AmazonEKSClusterPolicy",
            "aws_iam_role_policy_attachment.weka-AmazonEKSVPCResourceController",
            "aws_security_group.eks_worker_nodes",
            "aws_subnet.public",
            "aws_subnet.weka_subnet1",
            "aws_subnet.weka_subnet2",
            "aws_vpc.weka_vpc",
            "data.aws_availability_zones.available",
            "data.aws_iam_policy_document.assume_role",
            "data.aws_security_group.eks_control_plane",
            "module.weka.aws_cloudwatch_event_rule.event_rule",
            "module.weka.aws_cloudwatch_log_group.cloudwatch_log_group",
            "module.weka.aws_cloudwatch_log_group.sfn_log_group",
            "module.weka.aws_dynamodb_table.weka_deployment",
            "module.weka.aws_lambda_function.fetch_lambda",
            "module.weka.aws_lambda_function.scale_down_lambda",
            "module.weka.aws_lambda_function.terminate_lambda",
            "module.weka.aws_lambda_function.transient_lambda",
            "module.weka.aws_secretsmanager_secret.weka_password",
            "module.weka.aws_secretsmanager_secret.weka_username",
            "module.weka.aws_sfn_state_machine.scale_down_state_machine",
            "module.weka.data.aws_region.current",
            "module.weka.module.iam.aws_iam_role.event_iam_role",
            "module.weka.module.iam.aws_iam_role.lambda_iam_role",
            "module.weka.module.iam.aws_iam_role.sfn_iam_role",
            "module.weka.module.network.aws_eip.nat_eip",
            "module.weka.module.network.aws_internet_gateway.ig",
            "module.weka.module.network.aws_nat_gateway.nat",
            "module.weka.module.network.aws_route_table.ig_route_table",
            "module.weka.module.network.aws_route_table.nat_route_table",
            "module.weka.module.network.aws_route_table_association.private_rt_associate",
            "module.weka.module.network.aws_route_table_association.public_rt_associate",
            "module.weka.module.network.aws_subnet.private_subnet",
            "module.weka.module.network.aws_subnet.public_subnet",
            "module.weka.module.network.aws_vpc.vpc",
            "module.weka.module.network.data.aws_availability_zones.available",
            "module.weka.module.security_group.aws_security_group.sg",
            "module.weka.random_password.suffix"
          ]
        }
      ]
    },
    {
      "module": "module.weka",
      "mode": "managed",
      "type": "aws_cloudwatch_log_group",
      "name": "cloudwatch_log_group",
      "provider": "provider[\"registry.terraform.io/hashicorp/aws\"]",
      "instances": [
        {
          "index_key": 0,
          "schema_version": 0,
          "attributes": {
            "arn": "arn:aws:logs:us-east-2:381492135989:log-group:/aws/lambda/weka-mpfefferle-clusterize-lambda",
            "id": "/aws/lambda/weka-mpfefferle-clusterize-lambda",
            "kms_key_id": "",
            "log_group_class": "STANDARD",
            "name": "/aws/lambda/weka-mpfefferle-clusterize-lambda",
            "name_prefix": "",
            "retention_in_days": 30,
            "skip_destroy": false,
            "tags": null,
            "tags_all": {}
          },
          "sensitive_attributes": [],
          "private": "bnVsbA=="
        },
        {
          "index_key": 1,
          "schema_version": 0,
          "attributes": {
            "arn": "arn:aws:logs:us-east-2:381492135989:log-group:/aws/lambda/weka-mpfefferle-clusterize-finalization-lambda",
            "id": "/aws/lambda/weka-mpfefferle-clusterize-finalization-lambda",
            "kms_key_id": "",
            "log_group_class": "STANDARD",
            "name": "/aws/lambda/weka-mpfefferle-clusterize-finalization-lambda",
            "name_prefix": "",
            "retention_in_days": 30,
            "skip_destroy": false,
            "tags": null,
            "tags_all": {}
          },
          "sensitive_attributes": [],
          "private": "bnVsbA=="
        },
        {
          "index_key": 2,
          "schema_version": 0,
          "attributes": {
            "arn": "arn:aws:logs:us-east-2:381492135989:log-group:/aws/lambda/weka-mpfefferle-deploy-lambda",
            "id": "/aws/lambda/weka-mpfefferle-deploy-lambda",
            "kms_key_id": "",
            "log_group_class": "STANDARD",
            "name": "/aws/lambda/weka-mpfefferle-deploy-lambda",
            "name_prefix": "",
            "retention_in_days": 30,
            "skip_destroy": false,
            "tags": null,
            "tags_all": {}
          },
          "sensitive_attributes": [],
          "private": "bnVsbA=="
        },
        {
          "index_key": 3,
          "schema_version": 0,
          "attributes": {
            "arn": "arn:aws:logs:us-east-2:381492135989:log-group:/aws/lambda/weka-mpfefferle-fetch-lambda",
            "id": "/aws/lambda/weka-mpfefferle-fetch-lambda",
            "kms_key_id": "",
            "log_group_class": "STANDARD",
            "name": "/aws/lambda/weka-mpfefferle-fetch-lambda",
            "name_prefix": "",
            "retention_in_days": 30,
            "skip_destroy": false,
            "tags": null,
            "tags_all": {}
          },
          "sensitive_attributes": [],
          "private": "bnVsbA=="
        },
        {
          "index_key": 4,
          "schema_version": 0,
          "attributes": {
            "arn": "arn:aws:logs:us-east-2:381492135989:log-group:/aws/lambda/weka-mpfefferle-report-lambda",
            "id": "/aws/lambda/weka-mpfefferle-report-lambda",
            "kms_key_id": "",
            "log_group_class": "STANDARD",
            "name": "/aws/lambda/weka-mpfefferle-report-lambda",
            "name_prefix": "",
            "retention_in_days": 30,
            "skip_destroy": false,
            "tags": null,
            "tags_all": {}
          },
          "sensitive_attributes": [],
          "private": "bnVsbA=="
        },
        {
          "index_key": 5,
          "schema_version": 0,
          "attributes": {
            "arn": "arn:aws:logs:us-east-2:381492135989:log-group:/aws/lambda/weka-mpfefferle-scale-down-lambda",
            "id": "/aws/lambda/weka-mpfefferle-scale-down-lambda",
            "kms_key_id": "",
            "log_group_class": "STANDARD",
            "name": "/aws/lambda/weka-mpfefferle-scale-down-lambda",
            "name_prefix": "",
            "retention_in_days": 30,
            "skip_destroy": false,
            "tags": null,
            "tags_all": {}
          },
          "sensitive_attributes": [],
          "private": "bnVsbA=="
        },
        {
          "index_key": 6,
          "schema_version": 0,
          "attributes": {
            "arn": "arn:aws:logs:us-east-2:381492135989:log-group:/aws/lambda/weka-mpfefferle-status-lambda",
            "id": "/aws/lambda/weka-mpfefferle-status-lambda",
            "kms_key_id": "",
            "log_group_class": "STANDARD",
            "name": "/aws/lambda/weka-mpfefferle-status-lambda",
            "name_prefix": "",
            "retention_in_days": 30,
            "skip_destroy": false,
            "tags": null,
            "tags_all": {}
          },
          "sensitive_attributes": [],
          "private": "bnVsbA=="
        },
        {
          "index_key": 7,
          "schema_version": 0,
          "attributes": {
            "arn": "arn:aws:logs:us-east-2:381492135989:log-group:/aws/lambda/weka-mpfefferle-terminate-lambda",
            "id": "/aws/lambda/weka-mpfefferle-terminate-lambda",
            "kms_key_id": "",
            "log_group_class": "STANDARD",
            "name": "/aws/lambda/weka-mpfefferle-terminate-lambda",
            "name_prefix": "",
            "retention_in_days": 30,
            "skip_destroy": false,
            "tags": null,
            "tags_all": {}
          },
          "sensitive_attributes": [],
          "private": "bnVsbA=="
        },
        {
          "index_key": 8,
          "schema_version": 0,
          "attributes": {
            "arn": "arn:aws:logs:us-east-2:381492135989:log-group:/aws/lambda/weka-mpfefferle-transient-lambda",
            "id": "/aws/lambda/weka-mpfefferle-transient-lambda",
            "kms_key_id": "",
            "log_group_class": "STANDARD",
            "name": "/aws/lambda/weka-mpfefferle-transient-lambda",
            "name_prefix": "",
            "retention_in_days": 30,
            "skip_destroy": false,
            "tags": null,
            "tags_all": {}
          },
          "sensitive_attributes": [],
          "private": "bnVsbA=="
        }
      ]
    },
    {
      "module": "module.weka",
      "mode": "managed",
      "type": "aws_cloudwatch_log_group",
      "name": "sfn_log_group",
      "provider": "provider[\"registry.terraform.io/hashicorp/aws\"]",
      "instances": [
        {
          "schema_version": 0,
          "attributes": {
            "arn": "arn:aws:logs:us-east-2:381492135989:log-group:/aws/vendedlogs/states/weka-mpfefferle-scale-down-sfn",
            "id": "/aws/vendedlogs/states/weka-mpfefferle-scale-down-sfn",
            "kms_key_id": "",
            "log_group_class": "STANDARD",
            "name": "/aws/vendedlogs/states/weka-mpfefferle-scale-down-sfn",
            "name_prefix": "",
            "retention_in_days": 30,
            "skip_destroy": false,
            "tags": null,
            "tags_all": {}
          },
          "sensitive_attributes": [],
          "private": "bnVsbA=="
        }
      ]
    },
    {
      "module": "module.weka",
      "mode": "managed",
      "type": "aws_dynamodb_table",
      "name": "weka_deployment",
      "provider": "provider[\"registry.terraform.io/hashicorp/aws\"]",
      "instances": [
        {
          "index_key": 0,
          "schema_version": 1,
          "attributes": {
            "arn": "arn:aws:dynamodb:us-east-2:381492135989:table/weka-mpfefferle-weka-deployment",
            "attribute": [
              {
                "name": "Key",
                "type": "S"
              }
            ],
            "billing_mode": "PAY_PER_REQUEST",
            "deletion_protection_enabled": false,
            "global_secondary_index": [],
            "hash_key": "Key",
            "id": "weka-mpfefferle-weka-deployment",
            "import_table": [],
            "local_secondary_index": [],
            "name": "weka-mpfefferle-weka-deployment",
            "point_in_time_recovery": [
              {
                "enabled": false
              }
            ],
            "range_key": null,
            "read_capacity": 0,
            "replica": [],
            "restore_date_time": null,
            "restore_source_name": null,
            "restore_to_latest_time": null,
            "server_side_encryption": [],
            "stream_arn": "",
            "stream_enabled": false,
            "stream_label": "",
            "stream_view_type": "",
            "table_class": "STANDARD",
            "tags": null,
            "tags_all": {},
            "timeouts": null,
            "ttl": [
              {
                "attribute_name": "",
                "enabled": false
              }
            ],
            "write_capacity": 0
          },
          "sensitive_attributes": [],
          "private": "eyJlMmJmYjczMC1lY2FhLTExZTYtOGY4OC0zNDM2M2JjN2M0YzAiOnsiY3JlYXRlIjoxODAwMDAwMDAwMDAwLCJkZWxldGUiOjYwMDAwMDAwMDAwMCwidXBkYXRlIjozNjAwMDAwMDAwMDAwfSwic2NoZW1hX3ZlcnNpb24iOiIxIn0="
        }
      ]
    },
    {
      "module": "module.weka",
      "mode": "managed",
      "type": "aws_dynamodb_table_item",
      "name": "weka_deployment_state",
      "provider": "provider[\"registry.terraform.io/hashicorp/aws\"]",
      "instances": [
        {
          "schema_version": 0,
          "attributes": {
            "hash_key": "Key",
            "id": "weka-mpfefferle-weka-deployment|Key||weka-mpfefferle-state|",
            "item": "{\n  \"Key\": {\"S\": \"weka-mpfefferle-state\"},\n  \"Locked\": {\"BOOL\": false},\n  \"Value\": {\"M\": {\n    \"initial_size\": {\"N\": \"6\"},\n    \"desired_size\": {\"N\": \"6\"},\n    \"instances\": {\"L\": []},\n    \"clusterized\": {\"BOOL\": false}\n  }}\n}\n",
            "range_key": null,
            "table_name": "weka-mpfefferle-weka-deployment"
          },
          "sensitive_attributes": [],
          "private": "bnVsbA==",
          "dependencies": [
            "module.weka.aws_dynamodb_table.weka_deployment"
          ]
        }
      ]
    },
    {
      "module": "module.weka",
      "mode": "managed",
      "type": "aws_key_pair",
      "name": "generated_key",
      "provider": "provider[\"registry.terraform.io/hashicorp/aws\"]",
      "instances": [
        {
          "index_key": 0,
          "schema_version": 1,
          "attributes": {
            "arn": "arn:aws:ec2:us-east-2:381492135989:key-pair/weka-mpfefferle-ssh-key",
            "fingerprint": "64:95:a9:c5:ca:8b:2e:0a:94:29:20:f2:68:60:03:e0",
            "id": "weka-mpfefferle-ssh-key",
            "key_name": "weka-mpfefferle-ssh-key",
            "key_name_prefix": "",
            "key_pair_id": "key-03c0616f74cb1c217",
            "key_type": "rsa",
            "public_key": "ssh-rsa AAAAB3NzaC1yc2EAAAADAQABAAABAQC83xywjfh32vOUZGc2cWMBI7s0krK1au2EkWSTLkkOnsW7QVulrwqT5yi+02lVsJ7TPIV0DYTyg2GjkcUoBOyTu0/Msly9cTPv033SD+17CY3WAG29kY0OGkxSugpEWp4Z+vaQqGWP0G3D7yxBXQ0m0W3yDzNV+Jk3PERh4t7VU4T+zRmGy1cBttW1nQH9BewqgNfynQvUr3/YBkQXP0g2yTWtFM+0BUv4imcNpgm4/MQyQX41PJt0ey8v/pEuz9Hl75aZINwkdbQvSVWO2pcwwtkMtSK/89kYKCI3bF0gBSUPlnoPZorYyk+Y99nrOLUhSdrC8IjZ2DLQfzuwLNtl",
            "tags": null,
            "tags_all": {}
          },
          "sensitive_attributes": [],
          "private": "eyJzY2hlbWFfdmVyc2lvbiI6IjEifQ==",
          "dependencies": [
            "aws_key_pair.eks_key_pair",
            "module.weka.tls_private_key.key"
          ]
        }
      ]
    },
    {
      "module": "module.weka",
      "mode": "managed",
      "type": "aws_lambda_function",
      "name": "clusterize_finalization_lambda",
      "provider": "provider[\"registry.terraform.io/hashicorp/aws\"]",
      "instances": [
        {
          "schema_version": 0,
          "attributes": {
            "architectures": [
              "arm64"
            ],
            "arn": "arn:aws:lambda:us-east-2:381492135989:function:weka-mpfefferle-clusterize-finalization-lambda",
            "code_signing_config_arn": "",
            "dead_letter_config": [],
            "description": "",
            "environment": [
              {
                "variables": {
                  "CLUSTER_NAME": "mpfefferle",
                  "LAMBDA": "clusterizeFinalization",
                  "PREFIX": "weka",
                  "REGION": "us-east-2",
                  "STATE_TABLE": "weka-mpfefferle-weka-deployment",
                  "STATE_TABLE_HASH_KEY": "Key"
                }
              }
            ],
            "ephemeral_storage": [
              {
                "size": 512
              }
            ],
            "file_system_config": [],
            "filename": null,
            "function_name": "weka-mpfefferle-clusterize-finalization-lambda",
            "handler": "bootstrap",
            "id": "weka-mpfefferle-clusterize-finalization-lambda",
            "image_config": [],
            "image_uri": "",
            "invoke_arn": "arn:aws:apigateway:us-east-2:lambda:path/2015-03-31/functions/arn:aws:lambda:us-east-2:381492135989:function:weka-mpfefferle-clusterize-finalization-lambda/invocations",
            "kms_key_arn": "",
            "last_modified": "2024-02-14T21:29:14.318+0000",
            "layers": null,
            "logging_config": [
              {
                "application_log_level": "",
                "log_format": "Text",
                "log_group": "/aws/lambda/weka-mpfefferle-clusterize-finalization-lambda",
                "system_log_level": ""
              }
            ],
            "memory_size": 128,
            "package_type": "Zip",
            "publish": false,
            "qualified_arn": "arn:aws:lambda:us-east-2:381492135989:function:weka-mpfefferle-clusterize-finalization-lambda:$LATEST",
            "qualified_invoke_arn": "arn:aws:apigateway:us-east-2:lambda:path/2015-03-31/functions/arn:aws:lambda:us-east-2:381492135989:function:weka-mpfefferle-clusterize-finalization-lambda:$LATEST/invocations",
            "replace_security_groups_on_destroy": null,
            "replacement_security_group_ids": null,
            "reserved_concurrent_executions": -1,
            "role": "arn:aws:iam::381492135989:role/weka-mpfefferle-lambda-role",
            "runtime": "provided.al2",
            "s3_bucket": "weka-tf-aws-releases-us-east-2",
            "s3_key": "release/28e6ea7a283aa8e692dfbf2656cc471a.zip",
            "s3_object_version": null,
            "signing_job_arn": "",
            "signing_profile_version_arn": "",
            "skip_destroy": false,
            "snap_start": [],
            "source_code_hash": "udFMqO7Bsfxz6s7kv3aPN4u2M5EmBtr3/B9qL3Nkob4=",
            "source_code_size": 6434391,
            "tags": null,
            "tags_all": {},
            "timeout": 20,
            "timeouts": null,
            "tracing_config": [
              {
                "mode": "PassThrough"
              }
            ],
            "version": "$LATEST",
            "vpc_config": []
          },
          "sensitive_attributes": [],
          "private": "eyJlMmJmYjczMC1lY2FhLTExZTYtOGY4OC0zNDM2M2JjN2M0YzAiOnsiY3JlYXRlIjo2MDAwMDAwMDAwMDAsImRlbGV0ZSI6NjAwMDAwMDAwMDAwLCJ1cGRhdGUiOjYwMDAwMDAwMDAwMH19",
          "dependencies": [
            "module.weka.aws_cloudwatch_log_group.cloudwatch_log_group",
            "module.weka.aws_dynamodb_table.weka_deployment",
            "module.weka.data.aws_region.current",
            "module.weka.module.iam.aws_iam_role.lambda_iam_role"
          ]
        }
      ]
    },
    {
      "module": "module.weka",
      "mode": "managed",
      "type": "aws_lambda_function",
      "name": "clusterize_lambda",
      "provider": "provider[\"registry.terraform.io/hashicorp/aws\"]",
      "instances": [
        {
          "schema_version": 0,
          "attributes": {
            "architectures": [
              "arm64"
            ],
            "arn": "arn:aws:lambda:us-east-2:381492135989:function:weka-mpfefferle-clusterize-lambda",
            "code_signing_config_arn": "",
            "dead_letter_config": [],
            "description": "",
            "environment": [
              {
                "variables": {
                  "CLUSTERIZE_FINALIZATION_LAMBDA_NAME": "weka-mpfefferle-clusterize-finalization-lambda",
                  "CLUSTER_NAME": "mpfefferle",
                  "FRONTEND_CONTAINER_CORES_NUM": "1",
                  "HOSTS_NUM": "6",
                  "HOTSPARE": "1",
                  "LAMBDA": "clusterize",
                  "NVMES_NUM": "2",
                  "OBS_NAME": "",
                  "OBS_TIERING_SSD_PERCENT": "20",
                  "PASSWORD_ID": "arn:aws:secretsmanager:us-east-2:381492135989:secret:weka/weka-mpfefferle/weka-password-w1QA-A0mNCv",
                  "PREFIX": "weka",
                  "PROTECTION_LEVEL": "2",
                  "PROXY_URL": "",
                  "REGION": "us-east-2",
                  "REPORT_LAMBDA_NAME": "weka-mpfefferle-report-lambda",
                  "SET_OBS": "false",
                  "SMBW_ENABLED": "true",
                  "STATE_TABLE": "weka-mpfefferle-weka-deployment",
                  "STATE_TABLE_HASH_KEY": "Key",
                  "STRIPE_WIDTH": "3",
                  "USERNAME_ID": "arn:aws:secretsmanager:us-east-2:381492135989:secret:weka/weka-mpfefferle/weka-username-w1QA-7kZRzc",
                  "WEKA_HOME_URL": ""
                }
              }
            ],
            "ephemeral_storage": [
              {
                "size": 512
              }
            ],
            "file_system_config": [],
            "filename": null,
            "function_name": "weka-mpfefferle-clusterize-lambda",
            "handler": "bootstrap",
            "id": "weka-mpfefferle-clusterize-lambda",
            "image_config": [],
            "image_uri": "",
            "invoke_arn": "arn:aws:apigateway:us-east-2:lambda:path/2015-03-31/functions/arn:aws:lambda:us-east-2:381492135989:function:weka-mpfefferle-clusterize-lambda/invocations",
            "kms_key_arn": "",
            "last_modified": "2024-02-14T21:29:20.326+0000",
            "layers": null,
            "logging_config": [
              {
                "application_log_level": "",
                "log_format": "Text",
                "log_group": "/aws/lambda/weka-mpfefferle-clusterize-lambda",
                "system_log_level": ""
              }
            ],
            "memory_size": 128,
            "package_type": "Zip",
            "publish": false,
            "qualified_arn": "arn:aws:lambda:us-east-2:381492135989:function:weka-mpfefferle-clusterize-lambda:$LATEST",
            "qualified_invoke_arn": "arn:aws:apigateway:us-east-2:lambda:path/2015-03-31/functions/arn:aws:lambda:us-east-2:381492135989:function:weka-mpfefferle-clusterize-lambda:$LATEST/invocations",
            "replace_security_groups_on_destroy": null,
            "replacement_security_group_ids": null,
            "reserved_concurrent_executions": -1,
            "role": "arn:aws:iam::381492135989:role/weka-mpfefferle-lambda-role",
            "runtime": "provided.al2",
            "s3_bucket": "weka-tf-aws-releases-us-east-2",
            "s3_key": "release/28e6ea7a283aa8e692dfbf2656cc471a.zip",
            "s3_object_version": null,
            "signing_job_arn": "",
            "signing_profile_version_arn": "",
            "skip_destroy": false,
            "snap_start": [],
            "source_code_hash": "udFMqO7Bsfxz6s7kv3aPN4u2M5EmBtr3/B9qL3Nkob4=",
            "source_code_size": 6434391,
            "tags": null,
            "tags_all": {},
            "timeout": 20,
            "timeouts": null,
            "tracing_config": [
              {
                "mode": "PassThrough"
              }
            ],
            "version": "$LATEST",
            "vpc_config": []
          },
          "sensitive_attributes": [],
          "private": "eyJlMmJmYjczMC1lY2FhLTExZTYtOGY4OC0zNDM2M2JjN2M0YzAiOnsiY3JlYXRlIjo2MDAwMDAwMDAwMDAsImRlbGV0ZSI6NjAwMDAwMDAwMDAwLCJ1cGRhdGUiOjYwMDAwMDAwMDAwMH19",
          "dependencies": [
            "module.weka.aws_cloudwatch_log_group.cloudwatch_log_group",
            "module.weka.aws_dynamodb_table.weka_deployment",
            "module.weka.aws_lambda_function.clusterize_finalization_lambda",
            "module.weka.aws_lambda_function.report_lambda",
            "module.weka.aws_secretsmanager_secret.weka_password",
            "module.weka.aws_secretsmanager_secret.weka_username",
            "module.weka.data.aws_region.current",
            "module.weka.module.iam.aws_iam_role.lambda_iam_role",
            "module.weka.random_password.suffix"
          ]
        }
      ]
    },
    {
      "module": "module.weka",
      "mode": "managed",
      "type": "aws_lambda_function",
      "name": "deploy_lambda",
      "provider": "provider[\"registry.terraform.io/hashicorp/aws\"]",
      "instances": [
        {
          "schema_version": 0,
          "attributes": {
            "architectures": [
              "arm64"
            ],
            "arn": "arn:aws:lambda:us-east-2:381492135989:function:weka-mpfefferle-deploy-lambda",
            "code_signing_config_arn": "",
            "dead_letter_config": [],
            "description": "",
            "environment": [
              {
                "variables": {
                  "CLUSTERIZE_LAMBDA_NAME": "weka-mpfefferle-clusterize-lambda",
                  "CLUSTER_NAME": "mpfefferle",
                  "COMPUTE_CONTAINER_CORES_NUM": "1",
                  "COMPUTE_MEMORY": "32.64GB",
                  "DRIVE_CONTAINER_CORES_NUM": "1",
                  "FRONTEND_CONTAINER_CORES_NUM": "1",
                  "INSTALL_URL": "https://EZxlx8iydgqQTcvZ@get.prod.weka.io/dist/v1/install/4.2.9-406c00f199f95e0399f1a52f4474adb6/4.2.9.214-27fc8e5a8889d57c9ebdf0768e098c5a",
                  "LAMBDA": "deploy",
                  "NICS_NUM": "4",
                  "PASSWORD_ID": "arn:aws:secretsmanager:us-east-2:381492135989:secret:weka/weka-mpfefferle/weka-password-w1QA-A0mNCv",
                  "PREFIX": "weka",
                  "PROXY_URL": "",
                  "REGION": "us-east-2",
                  "REPORT_LAMBDA_NAME": "weka-mpfefferle-report-lambda",
                  "STATE_TABLE": "weka-mpfefferle-weka-deployment",
                  "STATE_TABLE_HASH_KEY": "Key",
                  "TOKEN_ID": "arn:aws:secretsmanager:us-east-2:381492135989:secret:weka/weka-mpfefferle/get_weka_io_token-w1QA-Yfna29",
                  "USERNAME_ID": "arn:aws:secretsmanager:us-east-2:381492135989:secret:weka/weka-mpfefferle/weka-username-w1QA-7kZRzc"
                }
              }
            ],
            "ephemeral_storage": [
              {
                "size": 512
              }
            ],
            "file_system_config": [],
            "filename": null,
            "function_name": "weka-mpfefferle-deploy-lambda",
            "handler": "bootstrap",
            "id": "weka-mpfefferle-deploy-lambda",
            "image_config": [],
            "image_uri": "",
            "invoke_arn": "arn:aws:apigateway:us-east-2:lambda:path/2015-03-31/functions/arn:aws:lambda:us-east-2:381492135989:function:weka-mpfefferle-deploy-lambda/invocations",
            "kms_key_arn": "",
            "last_modified": "2024-02-14T21:29:26.296+0000",
            "layers": null,
            "logging_config": [
              {
                "application_log_level": "",
                "log_format": "Text",
                "log_group": "/aws/lambda/weka-mpfefferle-deploy-lambda",
                "system_log_level": ""
              }
            ],
            "memory_size": 128,
            "package_type": "Zip",
            "publish": false,
            "qualified_arn": "arn:aws:lambda:us-east-2:381492135989:function:weka-mpfefferle-deploy-lambda:$LATEST",
            "qualified_invoke_arn": "arn:aws:apigateway:us-east-2:lambda:path/2015-03-31/functions/arn:aws:lambda:us-east-2:381492135989:function:weka-mpfefferle-deploy-lambda:$LATEST/invocations",
            "replace_security_groups_on_destroy": null,
            "replacement_security_group_ids": null,
            "reserved_concurrent_executions": -1,
            "role": "arn:aws:iam::381492135989:role/weka-mpfefferle-lambda-role",
            "runtime": "provided.al2",
            "s3_bucket": "weka-tf-aws-releases-us-east-2",
            "s3_key": "release/28e6ea7a283aa8e692dfbf2656cc471a.zip",
            "s3_object_version": null,
            "signing_job_arn": "",
            "signing_profile_version_arn": "",
            "skip_destroy": false,
            "snap_start": [],
            "source_code_hash": "udFMqO7Bsfxz6s7kv3aPN4u2M5EmBtr3/B9qL3Nkob4=",
            "source_code_size": 6434391,
            "tags": null,
            "tags_all": {},
            "timeout": 20,
            "timeouts": null,
            "tracing_config": [
              {
                "mode": "PassThrough"
              }
            ],
            "version": "$LATEST",
            "vpc_config": []
          },
          "sensitive_attributes": [],
          "private": "eyJlMmJmYjczMC1lY2FhLTExZTYtOGY4OC0zNDM2M2JjN2M0YzAiOnsiY3JlYXRlIjo2MDAwMDAwMDAwMDAsImRlbGV0ZSI6NjAwMDAwMDAwMDAwLCJ1cGRhdGUiOjYwMDAwMDAwMDAwMH19",
          "dependencies": [
            "module.weka.aws_cloudwatch_log_group.cloudwatch_log_group",
            "module.weka.aws_dynamodb_table.weka_deployment",
            "module.weka.aws_lambda_function.clusterize_finalization_lambda",
            "module.weka.aws_lambda_function.clusterize_lambda",
            "module.weka.aws_lambda_function.report_lambda",
            "module.weka.aws_secretsmanager_secret.get_weka_io_token",
            "module.weka.aws_secretsmanager_secret.weka_password",
            "module.weka.aws_secretsmanager_secret.weka_username",
            "module.weka.data.aws_region.current",
            "module.weka.module.iam.aws_iam_role.lambda_iam_role",
            "module.weka.random_password.suffix"
          ]
        }
      ]
    },
    {
      "module": "module.weka",
      "mode": "managed",
      "type": "aws_lambda_function",
      "name": "fetch_lambda",
      "provider": "provider[\"registry.terraform.io/hashicorp/aws\"]",
      "instances": [
        {
          "schema_version": 0,
          "attributes": {
            "architectures": [
              "arm64"
            ],
            "arn": "arn:aws:lambda:us-east-2:381492135989:function:weka-mpfefferle-fetch-lambda",
            "code_signing_config_arn": "",
            "dead_letter_config": [],
            "description": "",
            "environment": [
              {
                "variables": {
                  "ASG_NAME": "weka-mpfefferle-autoscaling-group",
                  "CLUSTER_NAME": "mpfefferle",
                  "LAMBDA": "fetch",
                  "PASSWORD_ID": "arn:aws:secretsmanager:us-east-2:381492135989:secret:weka/weka-mpfefferle/weka-password-w1QA-A0mNCv",
                  "PREFIX": "weka",
                  "REGION": "us-east-2",
                  "ROLE": "backend",
                  "STATE_TABLE": "weka-mpfefferle-weka-deployment",
                  "USERNAME_ID": "arn:aws:secretsmanager:us-east-2:381492135989:secret:weka/weka-mpfefferle/weka-username-w1QA-7kZRzc",
                  "USE_SECRETMANAGER_ENDPOINT": "true"
                }
              }
            ],
            "ephemeral_storage": [
              {
                "size": 512
              }
            ],
            "file_system_config": [],
            "filename": null,
            "function_name": "weka-mpfefferle-fetch-lambda",
            "handler": "bootstrap",
            "id": "weka-mpfefferle-fetch-lambda",
            "image_config": [],
            "image_uri": "",
            "invoke_arn": "arn:aws:apigateway:us-east-2:lambda:path/2015-03-31/functions/arn:aws:lambda:us-east-2:381492135989:function:weka-mpfefferle-fetch-lambda/invocations",
            "kms_key_arn": "",
            "last_modified": "2024-02-14T21:29:14.383+0000",
            "layers": null,
            "logging_config": [
              {
                "application_log_level": "",
                "log_format": "Text",
                "log_group": "/aws/lambda/weka-mpfefferle-fetch-lambda",
                "system_log_level": ""
              }
            ],
            "memory_size": 128,
            "package_type": "Zip",
            "publish": false,
            "qualified_arn": "arn:aws:lambda:us-east-2:381492135989:function:weka-mpfefferle-fetch-lambda:$LATEST",
            "qualified_invoke_arn": "arn:aws:apigateway:us-east-2:lambda:path/2015-03-31/functions/arn:aws:lambda:us-east-2:381492135989:function:weka-mpfefferle-fetch-lambda:$LATEST/invocations",
            "replace_security_groups_on_destroy": null,
            "replacement_security_group_ids": null,
            "reserved_concurrent_executions": -1,
            "role": "arn:aws:iam::381492135989:role/weka-mpfefferle-lambda-role",
            "runtime": "provided.al2",
            "s3_bucket": "weka-tf-aws-releases-us-east-2",
            "s3_key": "release/28e6ea7a283aa8e692dfbf2656cc471a.zip",
            "s3_object_version": null,
            "signing_job_arn": "",
            "signing_profile_version_arn": "",
            "skip_destroy": false,
            "snap_start": [],
            "source_code_hash": "udFMqO7Bsfxz6s7kv3aPN4u2M5EmBtr3/B9qL3Nkob4=",
            "source_code_size": 6434391,
            "tags": null,
            "tags_all": {},
            "timeout": 20,
            "timeouts": null,
            "tracing_config": [
              {
                "mode": "PassThrough"
              }
            ],
            "version": "$LATEST",
            "vpc_config": []
          },
          "sensitive_attributes": [],
          "private": "eyJlMmJmYjczMC1lY2FhLTExZTYtOGY4OC0zNDM2M2JjN2M0YzAiOnsiY3JlYXRlIjo2MDAwMDAwMDAwMDAsImRlbGV0ZSI6NjAwMDAwMDAwMDAwLCJ1cGRhdGUiOjYwMDAwMDAwMDAwMH19",
          "dependencies": [
            "module.weka.aws_cloudwatch_log_group.cloudwatch_log_group",
            "module.weka.aws_dynamodb_table.weka_deployment",
            "module.weka.aws_secretsmanager_secret.weka_password",
            "module.weka.aws_secretsmanager_secret.weka_username",
            "module.weka.data.aws_region.current",
            "module.weka.module.iam.aws_iam_role.lambda_iam_role",
            "module.weka.random_password.suffix"
          ]
        }
      ]
    },
    {
      "module": "module.weka",
      "mode": "managed",
      "type": "aws_lambda_function",
      "name": "report_lambda",
      "provider": "provider[\"registry.terraform.io/hashicorp/aws\"]",
      "instances": [
        {
          "schema_version": 0,
          "attributes": {
            "architectures": [
              "arm64"
            ],
            "arn": "arn:aws:lambda:us-east-2:381492135989:function:weka-mpfefferle-report-lambda",
            "code_signing_config_arn": "",
            "dead_letter_config": [],
            "description": "",
            "environment": [
              {
                "variables": {
                  "CLUSTER_NAME": "mpfefferle",
                  "LAMBDA": "report",
                  "PREFIX": "weka",
                  "REGION": "us-east-2",
                  "STATE_TABLE": "weka-mpfefferle-weka-deployment",
                  "STATE_TABLE_HASH_KEY": "Key"
                }
              }
            ],
            "ephemeral_storage": [
              {
                "size": 512
              }
            ],
            "file_system_config": [],
            "filename": null,
            "function_name": "weka-mpfefferle-report-lambda",
            "handler": "bootstrap",
            "id": "weka-mpfefferle-report-lambda",
            "image_config": [],
            "image_uri": "",
            "invoke_arn": "arn:aws:apigateway:us-east-2:lambda:path/2015-03-31/functions/arn:aws:lambda:us-east-2:381492135989:function:weka-mpfefferle-report-lambda/invocations",
            "kms_key_arn": "",
            "last_modified": "2024-02-14T21:29:14.315+0000",
            "layers": null,
            "logging_config": [
              {
                "application_log_level": "",
                "log_format": "Text",
                "log_group": "/aws/lambda/weka-mpfefferle-report-lambda",
                "system_log_level": ""
              }
            ],
            "memory_size": 128,
            "package_type": "Zip",
            "publish": false,
            "qualified_arn": "arn:aws:lambda:us-east-2:381492135989:function:weka-mpfefferle-report-lambda:$LATEST",
            "qualified_invoke_arn": "arn:aws:apigateway:us-east-2:lambda:path/2015-03-31/functions/arn:aws:lambda:us-east-2:381492135989:function:weka-mpfefferle-report-lambda:$LATEST/invocations",
            "replace_security_groups_on_destroy": null,
            "replacement_security_group_ids": null,
            "reserved_concurrent_executions": -1,
            "role": "arn:aws:iam::381492135989:role/weka-mpfefferle-lambda-role",
            "runtime": "provided.al2",
            "s3_bucket": "weka-tf-aws-releases-us-east-2",
            "s3_key": "release/28e6ea7a283aa8e692dfbf2656cc471a.zip",
            "s3_object_version": null,
            "signing_job_arn": "",
            "signing_profile_version_arn": "",
            "skip_destroy": false,
            "snap_start": [],
            "source_code_hash": "udFMqO7Bsfxz6s7kv3aPN4u2M5EmBtr3/B9qL3Nkob4=",
            "source_code_size": 6434391,
            "tags": null,
            "tags_all": {},
            "timeout": 20,
            "timeouts": null,
            "tracing_config": [
              {
                "mode": "PassThrough"
              }
            ],
            "version": "$LATEST",
            "vpc_config": []
          },
          "sensitive_attributes": [],
          "private": "eyJlMmJmYjczMC1lY2FhLTExZTYtOGY4OC0zNDM2M2JjN2M0YzAiOnsiY3JlYXRlIjo2MDAwMDAwMDAwMDAsImRlbGV0ZSI6NjAwMDAwMDAwMDAwLCJ1cGRhdGUiOjYwMDAwMDAwMDAwMH19",
          "dependencies": [
            "module.weka.aws_cloudwatch_log_group.cloudwatch_log_group",
            "module.weka.aws_dynamodb_table.weka_deployment",
            "module.weka.data.aws_region.current",
            "module.weka.module.iam.aws_iam_role.lambda_iam_role"
          ]
        }
      ]
    },
    {
      "module": "module.weka",
      "mode": "managed",
      "type": "aws_lambda_function",
      "name": "scale_down_lambda",
      "provider": "provider[\"registry.terraform.io/hashicorp/aws\"]",
      "instances": [
        {
          "schema_version": 0,
          "attributes": {
            "architectures": [
              "arm64"
            ],
            "arn": "arn:aws:lambda:us-east-2:381492135989:function:weka-mpfefferle-scale-down-lambda",
            "code_signing_config_arn": "",
            "dead_letter_config": [],
            "description": "",
            "environment": [
              {
                "variables": {
                  "CLUSTER_NAME": "mpfefferle",
                  "LAMBDA": "scaleDown",
                  "PASSWORD_ID": "arn:aws:secretsmanager:us-east-2:381492135989:secret:weka/weka-mpfefferle/weka-password-w1QA-A0mNCv",
                  "PREFIX": "weka",
                  "REGION": "us-east-2",
                  "USERNAME_ID": "arn:aws:secretsmanager:us-east-2:381492135989:secret:weka/weka-mpfefferle/weka-username-w1QA-7kZRzc"
                }
              }
            ],
            "ephemeral_storage": [
              {
                "size": 512
              }
            ],
            "file_system_config": [],
            "filename": null,
            "function_name": "weka-mpfefferle-scale-down-lambda",
            "handler": "bootstrap",
            "id": "weka-mpfefferle-scale-down-lambda",
            "image_config": [],
            "image_uri": "",
            "invoke_arn": "arn:aws:apigateway:us-east-2:lambda:path/2015-03-31/functions/arn:aws:lambda:us-east-2:381492135989:function:weka-mpfefferle-scale-down-lambda/invocations",
            "kms_key_arn": "",
            "last_modified": "2024-02-14T21:29:36.900+0000",
            "layers": null,
            "logging_config": [
              {
                "application_log_level": "",
                "log_format": "Text",
                "log_group": "/aws/lambda/weka-mpfefferle-scale-down-lambda",
                "system_log_level": ""
              }
            ],
            "memory_size": 128,
            "package_type": "Zip",
            "publish": false,
            "qualified_arn": "arn:aws:lambda:us-east-2:381492135989:function:weka-mpfefferle-scale-down-lambda:$LATEST",
            "qualified_invoke_arn": "arn:aws:apigateway:us-east-2:lambda:path/2015-03-31/functions/arn:aws:lambda:us-east-2:381492135989:function:weka-mpfefferle-scale-down-lambda:$LATEST/invocations",
            "replace_security_groups_on_destroy": null,
            "replacement_security_group_ids": null,
            "reserved_concurrent_executions": -1,
            "role": "arn:aws:iam::381492135989:role/weka-mpfefferle-lambda-role",
            "runtime": "provided.al2",
            "s3_bucket": "weka-tf-aws-releases-us-east-2",
            "s3_key": "release/28e6ea7a283aa8e692dfbf2656cc471a.zip",
            "s3_object_version": null,
            "signing_job_arn": "",
            "signing_profile_version_arn": "",
            "skip_destroy": false,
            "snap_start": [],
            "source_code_hash": "udFMqO7Bsfxz6s7kv3aPN4u2M5EmBtr3/B9qL3Nkob4=",
            "source_code_size": 6434391,
            "tags": null,
            "tags_all": {},
            "timeout": 20,
            "timeouts": null,
            "tracing_config": [
              {
                "mode": "PassThrough"
              }
            ],
            "version": "$LATEST",
            "vpc_config": [
              {
                "ipv6_allowed_for_dual_stack": false,
                "security_group_ids": [
                  "sg-0554de2fe3663317b",
                  "sg-0aade829fc6075fa0"
                ],
                "subnet_ids": [
                  "subnet-0e6384b4944b2087f"
                ],
                "vpc_id": "vpc-0e8e8a285f7ffc0e2"
              }
            ]
          },
          "sensitive_attributes": [],
          "private": "eyJlMmJmYjczMC1lY2FhLTExZTYtOGY4OC0zNDM2M2JjN2M0YzAiOnsiY3JlYXRlIjo2MDAwMDAwMDAwMDAsImRlbGV0ZSI6NjAwMDAwMDAwMDAwLCJ1cGRhdGUiOjYwMDAwMDAwMDAwMH19",
          "dependencies": [
            "aws_eks_cluster.eks",
            "aws_iam_role.eks_role",
            "aws_iam_role_policy_attachment.weka-AmazonEKSClusterPolicy",
            "aws_iam_role_policy_attachment.weka-AmazonEKSVPCResourceController",
            "aws_security_group.eks_worker_nodes",
            "aws_subnet.public",
            "aws_subnet.weka_subnet1",
            "aws_subnet.weka_subnet2",
            "aws_vpc.weka_vpc",
            "data.aws_availability_zones.available",
            "data.aws_iam_policy_document.assume_role",
            "data.aws_security_group.eks_control_plane",
            "module.weka.aws_cloudwatch_log_group.cloudwatch_log_group",
            "module.weka.aws_secretsmanager_secret.weka_password",
            "module.weka.aws_secretsmanager_secret.weka_username",
            "module.weka.data.aws_region.current",
            "module.weka.module.iam.aws_iam_role.lambda_iam_role",
            "module.weka.module.network.aws_eip.nat_eip",
            "module.weka.module.network.aws_internet_gateway.ig",
            "module.weka.module.network.aws_nat_gateway.nat",
            "module.weka.module.network.aws_route_table.ig_route_table",
            "module.weka.module.network.aws_route_table.nat_route_table",
            "module.weka.module.network.aws_route_table_association.private_rt_associate",
            "module.weka.module.network.aws_route_table_association.public_rt_associate",
            "module.weka.module.network.aws_subnet.private_subnet",
            "module.weka.module.network.aws_subnet.public_subnet",
            "module.weka.module.network.aws_vpc.vpc",
            "module.weka.module.network.data.aws_availability_zones.available",
            "module.weka.module.security_group.aws_security_group.sg",
            "module.weka.random_password.suffix"
          ]
        }
      ]
    },
    {
      "module": "module.weka",
      "mode": "managed",
      "type": "aws_lambda_function",
      "name": "status_lambda",
      "provider": "provider[\"registry.terraform.io/hashicorp/aws\"]",
      "instances": [
        {
          "schema_version": 0,
          "attributes": {
            "architectures": [
              "arm64"
            ],
            "arn": "arn:aws:lambda:us-east-2:381492135989:function:weka-mpfefferle-status-lambda",
            "code_signing_config_arn": "",
            "dead_letter_config": [],
            "description": "",
            "environment": [
              {
                "variables": {
                  "CLUSTER_NAME": "mpfefferle",
                  "LAMBDA": "status",
                  "PREFIX": "weka",
                  "REGION": "us-east-2",
                  "STATE_TABLE": "weka-mpfefferle-weka-deployment",
                  "STATE_TABLE_HASH_KEY": "Key"
                }
              }
            ],
            "ephemeral_storage": [
              {
                "size": 512
              }
            ],
            "file_system_config": [],
            "filename": null,
            "function_name": "weka-mpfefferle-status-lambda",
            "handler": "bootstrap",
            "id": "weka-mpfefferle-status-lambda",
            "image_config": [],
            "image_uri": "",
            "invoke_arn": "arn:aws:apigateway:us-east-2:lambda:path/2015-03-31/functions/arn:aws:lambda:us-east-2:381492135989:function:weka-mpfefferle-status-lambda/invocations",
            "kms_key_arn": "",
            "last_modified": "2024-02-14T21:29:14.460+0000",
            "layers": null,
            "logging_config": [
              {
                "application_log_level": "",
                "log_format": "Text",
                "log_group": "/aws/lambda/weka-mpfefferle-status-lambda",
                "system_log_level": ""
              }
            ],
            "memory_size": 128,
            "package_type": "Zip",
            "publish": false,
            "qualified_arn": "arn:aws:lambda:us-east-2:381492135989:function:weka-mpfefferle-status-lambda:$LATEST",
            "qualified_invoke_arn": "arn:aws:apigateway:us-east-2:lambda:path/2015-03-31/functions/arn:aws:lambda:us-east-2:381492135989:function:weka-mpfefferle-status-lambda:$LATEST/invocations",
            "replace_security_groups_on_destroy": null,
            "replacement_security_group_ids": null,
            "reserved_concurrent_executions": -1,
            "role": "arn:aws:iam::381492135989:role/weka-mpfefferle-lambda-role",
            "runtime": "provided.al2",
            "s3_bucket": "weka-tf-aws-releases-us-east-2",
            "s3_key": "release/28e6ea7a283aa8e692dfbf2656cc471a.zip",
            "s3_object_version": null,
            "signing_job_arn": "",
            "signing_profile_version_arn": "",
            "skip_destroy": false,
            "snap_start": [],
            "source_code_hash": "udFMqO7Bsfxz6s7kv3aPN4u2M5EmBtr3/B9qL3Nkob4=",
            "source_code_size": 6434391,
            "tags": null,
            "tags_all": {},
            "timeout": 20,
            "timeouts": null,
            "tracing_config": [
              {
                "mode": "PassThrough"
              }
            ],
            "version": "$LATEST",
            "vpc_config": []
          },
          "sensitive_attributes": [],
          "private": "eyJlMmJmYjczMC1lY2FhLTExZTYtOGY4OC0zNDM2M2JjN2M0YzAiOnsiY3JlYXRlIjo2MDAwMDAwMDAwMDAsImRlbGV0ZSI6NjAwMDAwMDAwMDAwLCJ1cGRhdGUiOjYwMDAwMDAwMDAwMH19",
          "dependencies": [
            "module.weka.aws_cloudwatch_log_group.cloudwatch_log_group",
            "module.weka.aws_dynamodb_table.weka_deployment",
            "module.weka.data.aws_region.current",
            "module.weka.module.iam.aws_iam_role.lambda_iam_role"
          ]
        }
      ]
    },
    {
      "module": "module.weka",
      "mode": "managed",
      "type": "aws_lambda_function",
      "name": "terminate_lambda",
      "provider": "provider[\"registry.terraform.io/hashicorp/aws\"]",
      "instances": [
        {
          "schema_version": 0,
          "attributes": {
            "architectures": [
              "arm64"
            ],
            "arn": "arn:aws:lambda:us-east-2:381492135989:function:weka-mpfefferle-terminate-lambda",
            "code_signing_config_arn": "",
            "dead_letter_config": [],
            "description": "",
            "environment": [
              {
                "variables": {
                  "ASG_NAME": "weka-mpfefferle-autoscaling-group",
                  "CLUSTER_NAME": "mpfefferle",
                  "LAMBDA": "terminate",
                  "PREFIX": "weka",
                  "REGION": "us-east-2"
                }
              }
            ],
            "ephemeral_storage": [
              {
                "size": 512
              }
            ],
            "file_system_config": [],
            "filename": null,
            "function_name": "weka-mpfefferle-terminate-lambda",
            "handler": "bootstrap",
            "id": "weka-mpfefferle-terminate-lambda",
            "image_config": [],
            "image_uri": "",
            "invoke_arn": "arn:aws:apigateway:us-east-2:lambda:path/2015-03-31/functions/arn:aws:lambda:us-east-2:381492135989:function:weka-mpfefferle-terminate-lambda/invocations",
            "kms_key_arn": "",
            "last_modified": "2024-02-14T21:29:16.703+0000",
            "layers": null,
            "logging_config": [
              {
                "application_log_level": "",
                "log_format": "Text",
                "log_group": "/aws/lambda/weka-mpfefferle-terminate-lambda",
                "system_log_level": ""
              }
            ],
            "memory_size": 128,
            "package_type": "Zip",
            "publish": false,
            "qualified_arn": "arn:aws:lambda:us-east-2:381492135989:function:weka-mpfefferle-terminate-lambda:$LATEST",
            "qualified_invoke_arn": "arn:aws:apigateway:us-east-2:lambda:path/2015-03-31/functions/arn:aws:lambda:us-east-2:381492135989:function:weka-mpfefferle-terminate-lambda:$LATEST/invocations",
            "replace_security_groups_on_destroy": null,
            "replacement_security_group_ids": null,
            "reserved_concurrent_executions": -1,
            "role": "arn:aws:iam::381492135989:role/weka-mpfefferle-lambda-role",
            "runtime": "provided.al2",
            "s3_bucket": "weka-tf-aws-releases-us-east-2",
            "s3_key": "release/28e6ea7a283aa8e692dfbf2656cc471a.zip",
            "s3_object_version": null,
            "signing_job_arn": "",
            "signing_profile_version_arn": "",
            "skip_destroy": false,
            "snap_start": [],
            "source_code_hash": "udFMqO7Bsfxz6s7kv3aPN4u2M5EmBtr3/B9qL3Nkob4=",
            "source_code_size": 6434391,
            "tags": null,
            "tags_all": {},
            "timeout": 20,
            "timeouts": null,
            "tracing_config": [
              {
                "mode": "PassThrough"
              }
            ],
            "version": "$LATEST",
            "vpc_config": []
          },
          "sensitive_attributes": [],
          "private": "eyJlMmJmYjczMC1lY2FhLTExZTYtOGY4OC0zNDM2M2JjN2M0YzAiOnsiY3JlYXRlIjo2MDAwMDAwMDAwMDAsImRlbGV0ZSI6NjAwMDAwMDAwMDAwLCJ1cGRhdGUiOjYwMDAwMDAwMDAwMH19",
          "dependencies": [
            "module.weka.aws_cloudwatch_log_group.cloudwatch_log_group",
            "module.weka.data.aws_region.current",
            "module.weka.module.iam.aws_iam_role.lambda_iam_role"
          ]
        }
      ]
    },
    {
      "module": "module.weka",
      "mode": "managed",
      "type": "aws_lambda_function",
      "name": "transient_lambda",
      "provider": "provider[\"registry.terraform.io/hashicorp/aws\"]",
      "instances": [
        {
          "schema_version": 0,
          "attributes": {
            "architectures": [
              "arm64"
            ],
            "arn": "arn:aws:lambda:us-east-2:381492135989:function:weka-mpfefferle-transient-lambda",
            "code_signing_config_arn": "",
            "dead_letter_config": [],
            "description": "",
            "environment": [
              {
                "variables": {
                  "CLUSTER_NAME": "mpfefferle",
                  "LAMBDA": "transient",
                  "PREFIX": "weka",
                  "REGION": "us-east-2"
                }
              }
            ],
            "ephemeral_storage": [
              {
                "size": 512
              }
            ],
            "file_system_config": [],
            "filename": null,
            "function_name": "weka-mpfefferle-transient-lambda",
            "handler": "bootstrap",
            "id": "weka-mpfefferle-transient-lambda",
            "image_config": [],
            "image_uri": "",
            "invoke_arn": "arn:aws:apigateway:us-east-2:lambda:path/2015-03-31/functions/arn:aws:lambda:us-east-2:381492135989:function:weka-mpfefferle-transient-lambda/invocations",
            "kms_key_arn": "",
            "last_modified": "2024-02-14T21:29:16.663+0000",
            "layers": null,
            "logging_config": [
              {
                "application_log_level": "",
                "log_format": "Text",
                "log_group": "/aws/lambda/weka-mpfefferle-transient-lambda",
                "system_log_level": ""
              }
            ],
            "memory_size": 128,
            "package_type": "Zip",
            "publish": false,
            "qualified_arn": "arn:aws:lambda:us-east-2:381492135989:function:weka-mpfefferle-transient-lambda:$LATEST",
            "qualified_invoke_arn": "arn:aws:apigateway:us-east-2:lambda:path/2015-03-31/functions/arn:aws:lambda:us-east-2:381492135989:function:weka-mpfefferle-transient-lambda:$LATEST/invocations",
            "replace_security_groups_on_destroy": null,
            "replacement_security_group_ids": null,
            "reserved_concurrent_executions": -1,
            "role": "arn:aws:iam::381492135989:role/weka-mpfefferle-lambda-role",
            "runtime": "provided.al2",
            "s3_bucket": "weka-tf-aws-releases-us-east-2",
            "s3_key": "release/28e6ea7a283aa8e692dfbf2656cc471a.zip",
            "s3_object_version": null,
            "signing_job_arn": "",
            "signing_profile_version_arn": "",
            "skip_destroy": false,
            "snap_start": [],
            "source_code_hash": "udFMqO7Bsfxz6s7kv3aPN4u2M5EmBtr3/B9qL3Nkob4=",
            "source_code_size": 6434391,
            "tags": null,
            "tags_all": {},
            "timeout": 20,
            "timeouts": null,
            "tracing_config": [
              {
                "mode": "PassThrough"
              }
            ],
            "version": "$LATEST",
            "vpc_config": []
          },
          "sensitive_attributes": [],
          "private": "eyJlMmJmYjczMC1lY2FhLTExZTYtOGY4OC0zNDM2M2JjN2M0YzAiOnsiY3JlYXRlIjo2MDAwMDAwMDAwMDAsImRlbGV0ZSI6NjAwMDAwMDAwMDAwLCJ1cGRhdGUiOjYwMDAwMDAwMDAwMH19",
          "dependencies": [
            "module.weka.aws_cloudwatch_log_group.cloudwatch_log_group",
            "module.weka.data.aws_region.current",
            "module.weka.module.iam.aws_iam_role.lambda_iam_role"
          ]
        }
      ]
    },
    {
      "module": "module.weka",
      "mode": "managed",
      "type": "aws_lambda_permission",
      "name": "invoke_lambda_permission",
      "provider": "provider[\"registry.terraform.io/hashicorp/aws\"]",
      "instances": [
        {
          "index_key": 0,
          "schema_version": 0,
          "attributes": {
            "action": "lambda:InvokeFunction",
            "event_source_token": null,
            "function_name": "weka-mpfefferle-fetch-lambda",
            "function_url_auth_type": null,
            "id": "AllowExecutionFromCloudWatch",
            "principal": "events.amazonaws.com",
            "principal_org_id": null,
            "qualifier": "",
            "source_account": null,
            "source_arn": "arn:aws:events:us-east-2:381492135989:rule/weka-mpfefferle-scale-down-trigger-rule",
            "statement_id": "AllowExecutionFromCloudWatch",
            "statement_id_prefix": ""
          },
          "sensitive_attributes": [],
          "private": "bnVsbA==",
          "dependencies": [
            "aws_eks_cluster.eks",
            "aws_iam_role.eks_role",
            "aws_iam_role_policy_attachment.weka-AmazonEKSClusterPolicy",
            "aws_iam_role_policy_attachment.weka-AmazonEKSVPCResourceController",
            "aws_security_group.eks_worker_nodes",
            "aws_subnet.public",
            "aws_subnet.weka_subnet1",
            "aws_subnet.weka_subnet2",
            "aws_vpc.weka_vpc",
            "data.aws_availability_zones.available",
            "data.aws_iam_policy_document.assume_role",
            "data.aws_security_group.eks_control_plane",
            "module.weka.aws_cloudwatch_event_rule.event_rule",
            "module.weka.aws_cloudwatch_log_group.cloudwatch_log_group",
            "module.weka.aws_dynamodb_table.weka_deployment",
            "module.weka.aws_lambda_function.fetch_lambda",
            "module.weka.aws_lambda_function.scale_down_lambda",
            "module.weka.aws_lambda_function.terminate_lambda",
            "module.weka.aws_lambda_function.transient_lambda",
            "module.weka.aws_secretsmanager_secret.weka_password",
            "module.weka.aws_secretsmanager_secret.weka_username",
            "module.weka.data.aws_region.current",
            "module.weka.module.iam.aws_iam_role.lambda_iam_role",
            "module.weka.module.network.aws_eip.nat_eip",
            "module.weka.module.network.aws_internet_gateway.ig",
            "module.weka.module.network.aws_nat_gateway.nat",
            "module.weka.module.network.aws_route_table.ig_route_table",
            "module.weka.module.network.aws_route_table.nat_route_table",
            "module.weka.module.network.aws_route_table_association.private_rt_associate",
            "module.weka.module.network.aws_route_table_association.public_rt_associate",
            "module.weka.module.network.aws_subnet.private_subnet",
            "module.weka.module.network.aws_subnet.public_subnet",
            "module.weka.module.network.aws_vpc.vpc",
            "module.weka.module.network.data.aws_availability_zones.available",
            "module.weka.module.security_group.aws_security_group.sg",
            "module.weka.random_password.suffix"
          ]
        },
        {
          "index_key": 1,
          "schema_version": 0,
          "attributes": {
            "action": "lambda:InvokeFunction",
            "event_source_token": null,
            "function_name": "weka-mpfefferle-scale-down-lambda",
            "function_url_auth_type": null,
            "id": "AllowExecutionFromCloudWatch",
            "principal": "events.amazonaws.com",
            "principal_org_id": null,
            "qualifier": "",
            "source_account": null,
            "source_arn": "arn:aws:events:us-east-2:381492135989:rule/weka-mpfefferle-scale-down-trigger-rule",
            "statement_id": "AllowExecutionFromCloudWatch",
            "statement_id_prefix": ""
          },
          "sensitive_attributes": [],
          "private": "bnVsbA==",
          "dependencies": [
            "aws_eks_cluster.eks",
            "aws_iam_role.eks_role",
            "aws_iam_role_policy_attachment.weka-AmazonEKSClusterPolicy",
            "aws_iam_role_policy_attachment.weka-AmazonEKSVPCResourceController",
            "aws_security_group.eks_worker_nodes",
            "aws_subnet.public",
            "aws_subnet.weka_subnet1",
            "aws_subnet.weka_subnet2",
            "aws_vpc.weka_vpc",
            "data.aws_availability_zones.available",
            "data.aws_iam_policy_document.assume_role",
            "data.aws_security_group.eks_control_plane",
            "module.weka.aws_cloudwatch_event_rule.event_rule",
            "module.weka.aws_cloudwatch_log_group.cloudwatch_log_group",
            "module.weka.aws_dynamodb_table.weka_deployment",
            "module.weka.aws_lambda_function.fetch_lambda",
            "module.weka.aws_lambda_function.scale_down_lambda",
            "module.weka.aws_lambda_function.terminate_lambda",
            "module.weka.aws_lambda_function.transient_lambda",
            "module.weka.aws_secretsmanager_secret.weka_password",
            "module.weka.aws_secretsmanager_secret.weka_username",
            "module.weka.data.aws_region.current",
            "module.weka.module.iam.aws_iam_role.lambda_iam_role",
            "module.weka.module.network.aws_eip.nat_eip",
            "module.weka.module.network.aws_internet_gateway.ig",
            "module.weka.module.network.aws_nat_gateway.nat",
            "module.weka.module.network.aws_route_table.ig_route_table",
            "module.weka.module.network.aws_route_table.nat_route_table",
            "module.weka.module.network.aws_route_table_association.private_rt_associate",
            "module.weka.module.network.aws_route_table_association.public_rt_associate",
            "module.weka.module.network.aws_subnet.private_subnet",
            "module.weka.module.network.aws_subnet.public_subnet",
            "module.weka.module.network.aws_vpc.vpc",
            "module.weka.module.network.data.aws_availability_zones.available",
            "module.weka.module.security_group.aws_security_group.sg",
            "module.weka.random_password.suffix"
          ]
        },
        {
          "index_key": 2,
          "schema_version": 0,
          "attributes": {
            "action": "lambda:InvokeFunction",
            "event_source_token": null,
            "function_name": "weka-mpfefferle-terminate-lambda",
            "function_url_auth_type": null,
            "id": "AllowExecutionFromCloudWatch",
            "principal": "events.amazonaws.com",
            "principal_org_id": null,
            "qualifier": "",
            "source_account": null,
            "source_arn": "arn:aws:events:us-east-2:381492135989:rule/weka-mpfefferle-scale-down-trigger-rule",
            "statement_id": "AllowExecutionFromCloudWatch",
            "statement_id_prefix": ""
          },
          "sensitive_attributes": [],
          "private": "bnVsbA==",
          "dependencies": [
            "aws_eks_cluster.eks",
            "aws_iam_role.eks_role",
            "aws_iam_role_policy_attachment.weka-AmazonEKSClusterPolicy",
            "aws_iam_role_policy_attachment.weka-AmazonEKSVPCResourceController",
            "aws_security_group.eks_worker_nodes",
            "aws_subnet.public",
            "aws_subnet.weka_subnet1",
            "aws_subnet.weka_subnet2",
            "aws_vpc.weka_vpc",
            "data.aws_availability_zones.available",
            "data.aws_iam_policy_document.assume_role",
            "data.aws_security_group.eks_control_plane",
            "module.weka.aws_cloudwatch_event_rule.event_rule",
            "module.weka.aws_cloudwatch_log_group.cloudwatch_log_group",
            "module.weka.aws_dynamodb_table.weka_deployment",
            "module.weka.aws_lambda_function.fetch_lambda",
            "module.weka.aws_lambda_function.scale_down_lambda",
            "module.weka.aws_lambda_function.terminate_lambda",
            "module.weka.aws_lambda_function.transient_lambda",
            "module.weka.aws_secretsmanager_secret.weka_password",
            "module.weka.aws_secretsmanager_secret.weka_username",
            "module.weka.data.aws_region.current",
            "module.weka.module.iam.aws_iam_role.lambda_iam_role",
            "module.weka.module.network.aws_eip.nat_eip",
            "module.weka.module.network.aws_internet_gateway.ig",
            "module.weka.module.network.aws_nat_gateway.nat",
            "module.weka.module.network.aws_route_table.ig_route_table",
            "module.weka.module.network.aws_route_table.nat_route_table",
            "module.weka.module.network.aws_route_table_association.private_rt_associate",
            "module.weka.module.network.aws_route_table_association.public_rt_associate",
            "module.weka.module.network.aws_subnet.private_subnet",
            "module.weka.module.network.aws_subnet.public_subnet",
            "module.weka.module.network.aws_vpc.vpc",
            "module.weka.module.network.data.aws_availability_zones.available",
            "module.weka.module.security_group.aws_security_group.sg",
            "module.weka.random_password.suffix"
          ]
        },
        {
          "index_key": 3,
          "schema_version": 0,
          "attributes": {
            "action": "lambda:InvokeFunction",
            "event_source_token": null,
            "function_name": "weka-mpfefferle-transient-lambda",
            "function_url_auth_type": null,
            "id": "AllowExecutionFromCloudWatch",
            "principal": "events.amazonaws.com",
            "principal_org_id": null,
            "qualifier": "",
            "source_account": null,
            "source_arn": "arn:aws:events:us-east-2:381492135989:rule/weka-mpfefferle-scale-down-trigger-rule",
            "statement_id": "AllowExecutionFromCloudWatch",
            "statement_id_prefix": ""
          },
          "sensitive_attributes": [],
          "private": "bnVsbA==",
          "dependencies": [
            "aws_eks_cluster.eks",
            "aws_iam_role.eks_role",
            "aws_iam_role_policy_attachment.weka-AmazonEKSClusterPolicy",
            "aws_iam_role_policy_attachment.weka-AmazonEKSVPCResourceController",
            "aws_security_group.eks_worker_nodes",
            "aws_subnet.public",
            "aws_subnet.weka_subnet1",
            "aws_subnet.weka_subnet2",
            "aws_vpc.weka_vpc",
            "data.aws_availability_zones.available",
            "data.aws_iam_policy_document.assume_role",
            "data.aws_security_group.eks_control_plane",
            "module.weka.aws_cloudwatch_event_rule.event_rule",
            "module.weka.aws_cloudwatch_log_group.cloudwatch_log_group",
            "module.weka.aws_dynamodb_table.weka_deployment",
            "module.weka.aws_lambda_function.fetch_lambda",
            "module.weka.aws_lambda_function.scale_down_lambda",
            "module.weka.aws_lambda_function.terminate_lambda",
            "module.weka.aws_lambda_function.transient_lambda",
            "module.weka.aws_secretsmanager_secret.weka_password",
            "module.weka.aws_secretsmanager_secret.weka_username",
            "module.weka.data.aws_region.current",
            "module.weka.module.iam.aws_iam_role.lambda_iam_role",
            "module.weka.module.network.aws_eip.nat_eip",
            "module.weka.module.network.aws_internet_gateway.ig",
            "module.weka.module.network.aws_nat_gateway.nat",
            "module.weka.module.network.aws_route_table.ig_route_table",
            "module.weka.module.network.aws_route_table.nat_route_table",
            "module.weka.module.network.aws_route_table_association.private_rt_associate",
            "module.weka.module.network.aws_route_table_association.public_rt_associate",
            "module.weka.module.network.aws_subnet.private_subnet",
            "module.weka.module.network.aws_subnet.public_subnet",
            "module.weka.module.network.aws_vpc.vpc",
            "module.weka.module.network.data.aws_availability_zones.available",
            "module.weka.module.security_group.aws_security_group.sg",
            "module.weka.random_password.suffix"
          ]
        }
      ]
    },
    {
      "module": "module.weka",
      "mode": "managed",
      "type": "aws_launch_template",
      "name": "launch_template",
      "provider": "provider[\"registry.terraform.io/hashicorp/aws\"]",
      "instances": [
        {
          "schema_version": 0,
          "attributes": {
            "arn": "arn:aws:ec2:us-east-2:381492135989:launch-template/lt-02047794cd1df14e6",
            "block_device_mappings": [
              {
                "device_name": "/dev/sdp",
                "ebs": [
                  {
                    "delete_on_termination": "true",
                    "encrypted": "",
                    "iops": 0,
                    "kms_key_id": "",
                    "snapshot_id": "",
                    "throughput": 0,
                    "volume_size": 78,
                    "volume_type": "gp3"
                  }
                ],
                "no_device": "",
                "virtual_name": ""
              }
            ],
            "capacity_reservation_specification": [],
            "cpu_options": [],
            "credit_specification": [
              {
                "cpu_credits": "standard"
              }
            ],
            "default_version": 1,
            "description": "",
            "disable_api_stop": true,
            "disable_api_termination": true,
            "ebs_optimized": "true",
            "elastic_gpu_specifications": [],
            "elastic_inference_accelerator": [],
            "enclave_options": [],
            "hibernation_options": [],
            "iam_instance_profile": [
              {
                "arn": "arn:aws:iam::381492135989:instance-profile/weka-mpfefferle-instance-profile",
                "name": ""
              }
            ],
            "id": "lt-02047794cd1df14e6",
            "image_id": "ami-0cf7b2f456cd5efd4",
            "instance_initiated_shutdown_behavior": "terminate",
            "instance_market_options": [],
            "instance_requirements": [],
            "instance_type": "i3en.2xlarge",
            "kernel_id": "",
            "key_name": "weka-mpfefferle-ssh-key",
            "latest_version": 1,
            "license_specification": [],
            "maintenance_options": [],
            "metadata_options": [
              {
                "http_endpoint": "enabled",
                "http_protocol_ipv6": "",
                "http_put_response_hop_limit": 1,
                "http_tokens": "required",
                "instance_metadata_tags": "enabled"
              }
            ],
            "monitoring": [
              {
                "enabled": true
              }
            ],
            "name": "weka-mpfefferle-backend2024021421293205230000000d",
            "name_prefix": "weka-mpfefferle-backend",
            "network_interfaces": [
              {
                "associate_carrier_ip_address": "",
                "associate_public_ip_address": "true",
                "delete_on_termination": "true",
                "description": "",
                "device_index": 0,
                "interface_type": "",
                "ipv4_address_count": 0,
                "ipv4_addresses": null,
                "ipv4_prefix_count": 0,
                "ipv4_prefixes": null,
                "ipv6_address_count": 0,
                "ipv6_addresses": null,
                "ipv6_prefix_count": 0,
                "ipv6_prefixes": null,
                "network_card_index": 0,
                "network_interface_id": "",
                "private_ip_address": "",
                "security_groups": [
                  "sg-0554de2fe3663317b",
                  "sg-0aade829fc6075fa0"
                ],
                "subnet_id": "subnet-0e6384b4944b2087f"
              }
            ],
            "placement": [
              {
                "affinity": "",
                "availability_zone": "us-east-2a",
                "group_name": "weka-mpfefferle-placement-group",
                "host_id": "",
                "host_resource_group_arn": "",
                "partition_number": 0,
                "spread_domain": "",
                "tenancy": ""
              }
            ],
            "private_dns_name_options": [],
            "ram_disk_id": "",
            "security_group_names": null,
            "tag_specifications": [
              {
                "resource_type": "instance",
                "tags": {
                  "Name": "weka-mpfefferle-instance-backend",
                  "creator": "tf",
                  "env": "dev",
                  "user": "AROAVRUVUBA2S3OA2XQFV:aws-go-sdk-1707946143172814000",
                  "weka_cluster_name": "mpfefferle",
                  "weka_hostgroup_type": "backend"
                }
              },
              {
                "resource_type": "network-interface",
                "tags": {
                  "Name": "weka-mpfefferle-network-interface-backend",
                  "creator": "tf",
                  "env": "dev",
                  "user": "AROAVRUVUBA2S3OA2XQFV:aws-go-sdk-1707946143172814000",
                  "weka_cluster_name": "mpfefferle",
                  "weka_hostgroup_type": "backend"
                }
              },
              {
                "resource_type": "volume",
                "tags": {
                  "Name": "weka-mpfefferle-volume-backend",
                  "creator": "tf",
                  "env": "dev",
                  "user": "AROAVRUVUBA2S3OA2XQFV:aws-go-sdk-1707946143172814000",
                  "weka_cluster_name": "mpfefferle",
                  "weka_hostgroup_type": "backend"
                }
              }
            ],
            "tags": null,
            "tags_all": {},
            "update_default_version": null,
            "user_data": "IyEvYmluL2Jhc2gKc2V0IC1leAoKVE9LRU49JChjdXJsIC1YIFBVVCAiaHR0cDovLzE2OS4yNTQuMTY5LjI1NC9sYXRlc3QvYXBpL3Rva2VuIiAtSCAiWC1hd3MtZWMyLW1ldGFkYXRhLXRva2VuLXR0bC1zZWNvbmRzOiAyMTYwMCIpCmluc3RhbmNlX2lkPSQoY3VybCAtSCAiWC1hd3MtZWMyLW1ldGFkYXRhLXRva2VuOiAkVE9LRU4iIC12IGh0dHA6Ly8xNjkuMjU0LjE2OS4yNTQvbGF0ZXN0L21ldGEtZGF0YS9pbnN0YW5jZS1pZCkKCiMtLS0tLS0tLS0tLS0tLS0tLS0tLS0tLS0tLS0tLS0tLS0tLS0tLSMKIyBBV1MgTG9ncyBBZ2VudCAgICAgICAgICAgICAgICAgICAgICAgIwojLS0tLS0tLS0tLS0tLS0tLS0tLS0tLS0tLS0tLS0tLS0tLS0tLS0jCgpmdW5jdGlvbiBjb25maWd1cmVfYXdzX2xvZ3NfYWdlbnQoKSB7CiAgY2F0ID4vb3B0L2F3cy9hbWF6b24tY2xvdWR3YXRjaC1hZ2VudC9ldGMvYW1hem9uLWNsb3Vkd2F0Y2gtYWdlbnQuanNvbiA8PEVPRgogICAgewogICAgICAiYWdlbnQiOiB7CiAgICAgICAgIm1ldHJpY3NfY29sbGVjdGlvbl9pbnRlcnZhbCI6IDEwLAogICAgICAgICJsb2dmaWxlIjogIi9vcHQvYXdzL2FtYXpvbi1jbG91ZHdhdGNoLWFnZW50L2xvZ3MvYW1hem9uLWNsb3Vkd2F0Y2gtYWdlbnQubG9nIgogICAgICB9LAogICAgICAibG9ncyI6IHsKICAgICAgICAibG9nc19jb2xsZWN0ZWQiOiB7CiAgICAgICAgICAiZmlsZXMiOiB7CiAgICAgICAgICAgICJjb2xsZWN0X2xpc3QiOiBbCiAgICAgICAgICAgICAgewogICAgICAgICAgICAgICAgImZpbGVfcGF0aCI6ICIvdmFyL2xvZy9tZXNzYWdlcyIsCiAgICAgICAgICAgICAgICAibG9nX2dyb3VwX25hbWUiOiAiL3dla2Fpby93ZWthLW1wZmVmZmVybGUiLAogICAgICAgICAgICAgICAgImxvZ19zdHJlYW1fbmFtZSI6ICIkaW5zdGFuY2VfaWQtc3lzbG9nIiwKICAgICAgICAgICAgICAgICJyZXRlbnRpb25faW5fZGF5cyI6IDMwLAogICAgICAgICAgICAgICAgInRpbWV6b25lIjogIkxPQ0FMIiwKICAgICAgICAgICAgICAgICJ0aW1lc3RhbXBfZm9ybWF0IjogIiViICVkICVIOiVNOiVTIgogICAgICAgICAgICAgIH0KICAgICAgICAgICAgXQogICAgICAgICAgfQogICAgICAgIH0sCiAgICAgICAgImxvZ19zdHJlYW1fbmFtZSI6ICIkaW5zdGFuY2VfaWQtc3lzbG9nIiwKICAgICAgICAiZm9yY2VfZmx1c2hfaW50ZXJ2YWwiIDogMTUKICAgICAgfQogICAgfQpFT0YKCiAgY2F0ID4gL29wdC9hd3MvYW1hem9uLWNsb3Vkd2F0Y2gtYWdlbnQvZXRjL2NvbW1vbi1jb25maWcudG9tbCA8PEVPRgogICAgW3Byb3h5XQogICAgaHR0cHNfcHJveHk9IiIKRU9GCn0KCiMgRnJvbSBodHRwOi8vZG9jcy5hd3MuYW1hem9uLmNvbS9BbWF6b25DbG91ZFdhdGNoL2xhdGVzdC9sb2dzL0VDMk5ld0luc3RhbmNlQ1dMLmh0bWwKZnVuY3Rpb24gc2V0dXBfYXdzX2xvZ3NfYWdlbnQoKSB7CiAgICBlY2hvICItLS0tLS0tLS0tLS0tLS0tLS0tLS0tLS0tLS0iCiAgICBlY2hvICIgU2V0dGluZyB1cCBBV1MgbG9ncyBhZ2VudCAiCiAgICBlY2hvICItLS0tLS0tLS0tLS0tLS0tLS0tLS0tLS0tLS0iCgogICAgbm9fcHJveHk9Ii5hbWF6b25hd3MuY29tIiBodHRwc19wcm94eT0iIiB5dW0gaW5zdGFsbCAteSBhbWF6b24tY2xvdWR3YXRjaC1hZ2VudC54ODZfNjQgfHwgcmV0dXJuIDEKICAgIGNvbmZpZ3VyZV9hd3NfbG9nc19hZ2VudCB8fCByZXR1cm4gMQogICAgc2VydmljZSBhbWF6b24tY2xvdWR3YXRjaC1hZ2VudCByZXN0YXJ0IHx8IHJldHVybiAxCn0KCnNldHVwX2F3c19sb2dzX2FnZW50IHx8IGVjaG8gIkZhaWxlZCB0byBzZXR1cCBBV1MgbG9ncyBhZ2VudCIKCnl1bSBpbnN0YWxsIC15IGpxCgpyZWdpb249dXMtZWFzdC0yCnN1Ym5ldF9pZD1zdWJuZXQtMGU2Mzg0YjQ5NDRiMjA4N2YKbmljc19udW09NAoKIyBBV1MgcmV0cnkgc2V0dGluZ3MgKGh0dHBzOi8vZG9jcy5hd3MuYW1hem9uLmNvbS9jbGkvbGF0ZXN0L3VzZXJndWlkZS9jbGktY29uZmlndXJlLXJldHJpZXMuaHRtbCkKZXhwb3J0IEFXU19NQVhfQVRURU1QVFM9MTUwCmV4cG9ydCBBV1NfUkVUUllfTU9ERT1zdGFuZGFyZAoKZm9yICgoIGk9MTsgaTxuaWNzX251bTsgaSsrICkpCmRvCiAgZW5pPSQoYXdzIGVjMiBjcmVhdGUtbmV0d29yay1pbnRlcmZhY2UgLS1yZWdpb24gIiRyZWdpb24iIC0tc3VibmV0LWlkICIkc3VibmV0X2lkIiAtLWdyb3VwcyBzZy0wNTU0ZGUyZmUzNjYzMzE3YiBzZy0wYWFkZTgyOWZjNjA3NWZhMCBzZy0wNTU0ZGUyZmUzNjYzMzE3YikgIyBncm91cHMgc2hvdWxkIG5vdCBiZSBpbiBxdW90ZXMgaXQgbmVlZHMgdG8gYmUgYSBsaXN0CiAgbmV0d29ya19pbnRlcmZhY2VfaWQ9JChlY2hvICIkZW5pIiB8IHB5dGhvbjMgLWMgImltcG9ydCBzeXMsIGpzb247IHByaW50KGpzb24ubG9hZChzeXMuc3RkaW4pWydOZXR3b3JrSW50ZXJmYWNlJ11bJ05ldHdvcmtJbnRlcmZhY2VJZCddKSIpCiAgYXR0YWNobWVudD0kKGF3cyBlYzIgYXR0YWNoLW5ldHdvcmstaW50ZXJmYWNlIC0tcmVnaW9uICIkcmVnaW9uIiAtLWRldmljZS1pbmRleCAiJGkiIC0taW5zdGFuY2UtaWQgIiRpbnN0YW5jZV9pZCIgLS1uZXR3b3JrLWludGVyZmFjZS1pZCAiJG5ldHdvcmtfaW50ZXJmYWNlX2lkIikKICBhdHRhY2htZW50X2lkPSQoZWNobyAiJGF0dGFjaG1lbnQiIHwgcHl0aG9uMyAtYyAiaW1wb3J0IHN5cywganNvbjsgcHJpbnQoanNvbi5sb2FkKHN5cy5zdGRpbilbJ0F0dGFjaG1lbnRJZCddKSIpCiAgYXdzIGVjMiBtb2RpZnktbmV0d29yay1pbnRlcmZhY2UtYXR0cmlidXRlIC0tcmVnaW9uICIkcmVnaW9uIiAtLWF0dGFjaG1lbnQgQXR0YWNobWVudElkPSIkYXR0YWNobWVudF9pZCIsRGVsZXRlT25UZXJtaW5hdGlvbj10cnVlIC0tbmV0d29yay1pbnRlcmZhY2UtaWQgIiRuZXR3b3JrX2ludGVyZmFjZV9pZCIKZG9uZQoKYXdzIGxhbWJkYSBpbnZva2UgLS1yZWdpb24gIiRyZWdpb24iIC0tZnVuY3Rpb24tbmFtZSAid2VrYS1tcGZlZmZlcmxlLWRlcGxveS1sYW1iZGEiIC0tcGF5bG9hZCAie1widm1cIjogXCIkaW5zdGFuY2VfaWRcIn0iIG91dHB1dApwcmludGYgIiViIiAiJChjYXQgb3V0cHV0IHwgc2VkICdzL14iLy8nIHwgc2VkICdzLyIkLy8nIHwgc2VkICdzL1xcXCIvIi9nJykiID4gL3RtcC9kZXBsb3kuc2gKY2htb2QgK3ggL3RtcC9kZXBsb3kuc2gKL3RtcC9kZXBsb3kuc2ggMj4mMSB8IHRlZSAvdG1wL3dla2FfZGVwbG95LmxvZwo=",
            "vpc_security_group_ids": null
          },
          "sensitive_attributes": [],
          "private": "bnVsbA==",
          "dependencies": [
            "aws_eks_cluster.eks",
            "aws_iam_role.eks_role",
            "aws_iam_role_policy_attachment.weka-AmazonEKSClusterPolicy",
            "aws_iam_role_policy_attachment.weka-AmazonEKSVPCResourceController",
            "aws_key_pair.eks_key_pair",
            "aws_security_group.eks_worker_nodes",
            "aws_subnet.public",
            "aws_subnet.weka_subnet1",
            "aws_subnet.weka_subnet2",
            "aws_vpc.weka_vpc",
            "data.aws_availability_zones.available",
            "data.aws_iam_policy_document.assume_role",
            "data.aws_security_group.eks_control_plane",
            "module.weka.aws_cloudwatch_log_group.cloudwatch_log_group",
            "module.weka.aws_dynamodb_table.weka_deployment",
            "module.weka.aws_key_pair.generated_key",
            "module.weka.aws_lambda_function.clusterize_finalization_lambda",
            "module.weka.aws_lambda_function.clusterize_lambda",
            "module.weka.aws_lambda_function.deploy_lambda",
            "module.weka.aws_lambda_function.report_lambda",
            "module.weka.aws_placement_group.placement_group",
            "module.weka.aws_secretsmanager_secret.get_weka_io_token",
            "module.weka.aws_secretsmanager_secret.weka_password",
            "module.weka.aws_secretsmanager_secret.weka_username",
            "module.weka.data.aws_ami.amzn_ami",
            "module.weka.data.aws_caller_identity.current",
            "module.weka.data.aws_region.current",
            "module.weka.data.aws_subnet.this",
            "module.weka.module.iam.aws_iam_instance_profile.instance_profile",
            "module.weka.module.iam.aws_iam_role.iam_role",
            "module.weka.module.iam.aws_iam_role.lambda_iam_role",
            "module.weka.module.network.aws_eip.nat_eip",
            "module.weka.module.network.aws_internet_gateway.ig",
            "module.weka.module.network.aws_nat_gateway.nat",
            "module.weka.module.network.aws_route_table.ig_route_table",
            "module.weka.module.network.aws_route_table.nat_route_table",
            "module.weka.module.network.aws_route_table_association.private_rt_associate",
            "module.weka.module.network.aws_route_table_association.public_rt_associate",
            "module.weka.module.network.aws_subnet.private_subnet",
            "module.weka.module.network.aws_subnet.public_subnet",
            "module.weka.module.network.aws_vpc.vpc",
            "module.weka.module.network.data.aws_availability_zones.available",
            "module.weka.module.security_group.aws_security_group.sg",
            "module.weka.random_password.suffix",
            "module.weka.tls_private_key.key"
          ]
        }
      ]
    },
    {
      "module": "module.weka",
      "mode": "managed",
      "type": "aws_lb",
      "name": "alb",
      "provider": "provider[\"registry.terraform.io/hashicorp/aws\"]",
      "instances": [
        {
          "index_key": 0,
          "schema_version": 0,
          "attributes": {
            "access_logs": [
              {
                "bucket": "",
                "enabled": false,
                "prefix": ""
              }
            ],
            "arn": "arn:aws:elasticloadbalancing:us-east-2:381492135989:loadbalancer/app/weka-mpfefferle-lb/69986a63f1007ca0",
            "arn_suffix": "app/weka-mpfefferle-lb/69986a63f1007ca0",
            "connection_logs": [
              {
                "bucket": "",
                "enabled": false,
                "prefix": ""
              }
            ],
            "customer_owned_ipv4_pool": "",
            "desync_mitigation_mode": "defensive",
            "dns_name": "internal-weka-mpfefferle-lb-1466398919.us-east-2.elb.amazonaws.com",
            "dns_record_client_routing_policy": null,
            "drop_invalid_header_fields": false,
            "enable_cross_zone_load_balancing": true,
            "enable_deletion_protection": false,
            "enable_http2": true,
            "enable_tls_version_and_cipher_suite_headers": false,
            "enable_waf_fail_open": false,
            "enable_xff_client_port": false,
            "enforce_security_group_inbound_rules_on_private_link_traffic": "",
            "id": "arn:aws:elasticloadbalancing:us-east-2:381492135989:loadbalancer/app/weka-mpfefferle-lb/69986a63f1007ca0",
            "idle_timeout": 60,
            "internal": true,
            "ip_address_type": "ipv4",
            "load_balancer_type": "application",
            "name": "weka-mpfefferle-lb",
            "name_prefix": "",
            "preserve_host_header": false,
            "security_groups": [
              "sg-0554de2fe3663317b",
              "sg-0aade829fc6075fa0"
            ],
            "subnet_mapping": [
              {
                "allocation_id": "",
                "ipv6_address": "",
                "outpost_id": "",
                "private_ipv4_address": "",
                "subnet_id": "subnet-015bd3a3f73268e22"
              },
              {
                "allocation_id": "",
                "ipv6_address": "",
                "outpost_id": "",
                "private_ipv4_address": "",
                "subnet_id": "subnet-0e6384b4944b2087f"
              }
            ],
            "subnets": [
              "subnet-015bd3a3f73268e22",
              "subnet-0e6384b4944b2087f"
            ],
            "tags": {
              "Name": "weka-mpfefferle-lb",
              "cluster_name": "mpfefferle"
            },
            "tags_all": {
              "Name": "weka-mpfefferle-lb",
              "cluster_name": "mpfefferle"
            },
            "timeouts": null,
            "vpc_id": "vpc-0e8e8a285f7ffc0e2",
            "xff_header_processing_mode": "append",
            "zone_id": "Z3AADJGX6KTTL2"
          },
          "sensitive_attributes": [],
          "private": "eyJlMmJmYjczMC1lY2FhLTExZTYtOGY4OC0zNDM2M2JjN2M0YzAiOnsiY3JlYXRlIjo2MDAwMDAwMDAwMDAsImRlbGV0ZSI6NjAwMDAwMDAwMDAwLCJ1cGRhdGUiOjYwMDAwMDAwMDAwMH19",
          "dependencies": [
            "aws_eks_cluster.eks",
            "aws_iam_role.eks_role",
            "aws_iam_role_policy_attachment.weka-AmazonEKSClusterPolicy",
            "aws_iam_role_policy_attachment.weka-AmazonEKSVPCResourceController",
            "aws_security_group.eks_worker_nodes",
            "aws_subnet.public",
            "aws_subnet.weka_subnet1",
            "aws_subnet.weka_subnet2",
            "aws_vpc.weka_vpc",
            "data.aws_availability_zones.available",
            "data.aws_iam_policy_document.assume_role",
            "data.aws_security_group.eks_control_plane",
            "module.weka.module.network.aws_eip.nat_eip",
            "module.weka.module.network.aws_internet_gateway.ig",
            "module.weka.module.network.aws_nat_gateway.nat",
            "module.weka.module.network.aws_route_table.ig_route_table",
            "module.weka.module.network.aws_route_table.nat_route_table",
            "module.weka.module.network.aws_route_table_association.private_rt_associate",
            "module.weka.module.network.aws_route_table_association.public_rt_associate",
            "module.weka.module.network.aws_subnet.private_subnet",
            "module.weka.module.network.aws_subnet.public_subnet",
            "module.weka.module.network.aws_vpc.vpc",
            "module.weka.module.network.data.aws_availability_zones.available",
            "module.weka.module.security_group.aws_security_group.sg"
          ]
        }
      ]
    },
    {
      "module": "module.weka",
      "mode": "managed",
      "type": "aws_lb_listener",
      "name": "lb_http_listener",
      "provider": "provider[\"registry.terraform.io/hashicorp/aws\"]",
      "instances": [
        {
          "index_key": 0,
          "schema_version": 0,
          "attributes": {
            "alpn_policy": null,
            "arn": "arn:aws:elasticloadbalancing:us-east-2:381492135989:listener/app/weka-mpfefferle-lb/69986a63f1007ca0/16cad400baa5f420",
            "certificate_arn": null,
            "default_action": [
              {
                "authenticate_cognito": [],
                "authenticate_oidc": [],
                "fixed_response": [],
                "forward": [],
                "order": 1,
                "redirect": [],
                "target_group_arn": "arn:aws:elasticloadbalancing:us-east-2:381492135989:targetgroup/weka-mpfefferle-lb-target-group/5a3793601a5e063a",
                "type": "forward"
              }
            ],
            "id": "arn:aws:elasticloadbalancing:us-east-2:381492135989:listener/app/weka-mpfefferle-lb/69986a63f1007ca0/16cad400baa5f420",
            "load_balancer_arn": "arn:aws:elasticloadbalancing:us-east-2:381492135989:loadbalancer/app/weka-mpfefferle-lb/69986a63f1007ca0",
            "mutual_authentication": [],
            "port": 14000,
            "protocol": "HTTP",
            "ssl_policy": "",
            "tags": {
              "Name": "weka-mpfefferle-lb-listener"
            },
            "tags_all": {
              "Name": "weka-mpfefferle-lb-listener"
            },
            "timeouts": null
          },
          "sensitive_attributes": [],
          "private": "eyJlMmJmYjczMC1lY2FhLTExZTYtOGY4OC0zNDM2M2JjN2M0YzAiOnsiY3JlYXRlIjozMDAwMDAwMDAwMDAsInVwZGF0ZSI6MzAwMDAwMDAwMDAwfX0=",
          "dependencies": [
            "aws_eks_cluster.eks",
            "aws_iam_role.eks_role",
            "aws_iam_role_policy_attachment.weka-AmazonEKSClusterPolicy",
            "aws_iam_role_policy_attachment.weka-AmazonEKSVPCResourceController",
            "aws_security_group.eks_worker_nodes",
            "aws_subnet.public",
            "aws_subnet.weka_subnet1",
            "aws_subnet.weka_subnet2",
            "aws_vpc.weka_vpc",
            "data.aws_availability_zones.available",
            "data.aws_iam_policy_document.assume_role",
            "data.aws_security_group.eks_control_plane",
            "module.weka.aws_lb.alb",
            "module.weka.aws_lb_target_group.alb_target_group",
            "module.weka.module.network.aws_eip.nat_eip",
            "module.weka.module.network.aws_internet_gateway.ig",
            "module.weka.module.network.aws_nat_gateway.nat",
            "module.weka.module.network.aws_route_table.ig_route_table",
            "module.weka.module.network.aws_route_table.nat_route_table",
            "module.weka.module.network.aws_route_table_association.private_rt_associate",
            "module.weka.module.network.aws_route_table_association.public_rt_associate",
            "module.weka.module.network.aws_subnet.private_subnet",
            "module.weka.module.network.aws_subnet.public_subnet",
            "module.weka.module.network.aws_vpc.vpc",
            "module.weka.module.network.data.aws_availability_zones.available",
            "module.weka.module.security_group.aws_security_group.sg"
          ]
        }
      ]
    },
    {
      "module": "module.weka",
      "mode": "managed",
      "type": "aws_lb_target_group",
      "name": "alb_target_group",
      "provider": "provider[\"registry.terraform.io/hashicorp/aws\"]",
      "instances": [
        {
          "index_key": 0,
          "schema_version": 0,
          "attributes": {
            "arn": "arn:aws:elasticloadbalancing:us-east-2:381492135989:targetgroup/weka-mpfefferle-lb-target-group/5a3793601a5e063a",
            "arn_suffix": "targetgroup/weka-mpfefferle-lb-target-group/5a3793601a5e063a",
            "connection_termination": null,
            "deregistration_delay": "300",
            "health_check": [
              {
                "enabled": true,
                "healthy_threshold": 2,
                "interval": 30,
                "matcher": "200",
                "path": "/api/v2/healthcheck/",
                "port": "14000",
                "protocol": "HTTP",
                "timeout": 3,
                "unhealthy_threshold": 2
              }
            ],
            "id": "arn:aws:elasticloadbalancing:us-east-2:381492135989:targetgroup/weka-mpfefferle-lb-target-group/5a3793601a5e063a",
            "ip_address_type": "ipv4",
            "lambda_multi_value_headers_enabled": false,
            "load_balancing_algorithm_type": "round_robin",
            "load_balancing_anomaly_mitigation": "off",
            "load_balancing_cross_zone_enabled": "use_load_balancer_configuration",
            "name": "weka-mpfefferle-lb-target-group",
            "name_prefix": "",
            "port": 14000,
            "preserve_client_ip": null,
            "protocol": "HTTP",
            "protocol_version": "HTTP1",
            "proxy_protocol_v2": false,
            "slow_start": 0,
            "stickiness": [
              {
                "cookie_duration": 86400,
                "cookie_name": "",
                "enabled": false,
                "type": "lb_cookie"
              }
            ],
            "tags": {
              "Name": "weka-mpfefferle-lb-target-group"
            },
            "tags_all": {
              "Name": "weka-mpfefferle-lb-target-group"
            },
            "target_failover": [
              {
                "on_deregistration": null,
                "on_unhealthy": null
              }
            ],
            "target_health_state": [
              {
                "enable_unhealthy_connection_termination": null
              }
            ],
            "target_type": "instance",
            "vpc_id": "vpc-0e8e8a285f7ffc0e2"
          },
          "sensitive_attributes": [],
          "private": "bnVsbA==",
          "dependencies": [
            "aws_subnet.weka_subnet1",
            "aws_vpc.weka_vpc",
            "data.aws_availability_zones.available",
            "module.weka.module.network.aws_vpc.vpc"
          ]
        }
      ]
    },
    {
      "module": "module.weka",
      "mode": "managed",
      "type": "aws_placement_group",
      "name": "placement_group",
      "provider": "provider[\"registry.terraform.io/hashicorp/aws\"]",
      "instances": [
        {
          "index_key": 0,
          "schema_version": 0,
          "attributes": {
            "arn": "arn:aws:ec2:us-east-2:381492135989:placement-group/weka-mpfefferle-placement-group",
            "id": "weka-mpfefferle-placement-group",
            "name": "weka-mpfefferle-placement-group",
            "partition_count": 0,
            "placement_group_id": "pg-0bb334442e7a0472f",
            "spread_level": "",
            "strategy": "cluster",
            "tags": {},
            "tags_all": {}
          },
          "sensitive_attributes": [],
          "private": "bnVsbA==",
          "dependencies": [
            "aws_subnet.weka_subnet1",
            "aws_vpc.weka_vpc",
            "data.aws_availability_zones.available",
            "module.weka.module.network.aws_eip.nat_eip",
            "module.weka.module.network.aws_internet_gateway.ig",
            "module.weka.module.network.aws_nat_gateway.nat",
            "module.weka.module.network.aws_route_table.ig_route_table",
            "module.weka.module.network.aws_route_table.nat_route_table",
            "module.weka.module.network.aws_route_table_association.private_rt_associate",
            "module.weka.module.network.aws_route_table_association.public_rt_associate",
            "module.weka.module.network.aws_subnet.private_subnet",
            "module.weka.module.network.aws_subnet.public_subnet",
            "module.weka.module.network.aws_vpc.vpc",
            "module.weka.module.network.data.aws_availability_zones.available"
          ]
        }
      ]
    },
    {
      "module": "module.weka",
      "mode": "managed",
      "type": "aws_secretsmanager_secret",
      "name": "get_weka_io_token",
      "provider": "provider[\"registry.terraform.io/hashicorp/aws\"]",
      "instances": [
        {
          "schema_version": 0,
          "attributes": {
            "arn": "arn:aws:secretsmanager:us-east-2:381492135989:secret:weka/weka-mpfefferle/get_weka_io_token-w1QA-Yfna29",
            "description": "",
            "force_overwrite_replica_secret": false,
            "id": "arn:aws:secretsmanager:us-east-2:381492135989:secret:weka/weka-mpfefferle/get_weka_io_token-w1QA-Yfna29",
            "kms_key_id": "",
            "name": "weka/weka-mpfefferle/get_weka_io_token-w1QA",
            "name_prefix": "",
            "policy": "",
            "recovery_window_in_days": 30,
            "replica": [],
            "tags": null,
            "tags_all": {}
          },
          "sensitive_attributes": [
            [
              {
                "type": "get_attr",
                "value": "name"
              }
            ]
          ],
          "private": "bnVsbA==",
          "dependencies": [
            "module.weka.random_password.suffix"
          ]
        }
      ]
    },
    {
      "module": "module.weka",
      "mode": "managed",
      "type": "aws_secretsmanager_secret",
      "name": "weka_password",
      "provider": "provider[\"registry.terraform.io/hashicorp/aws\"]",
      "instances": [
        {
          "schema_version": 0,
          "attributes": {
            "arn": "arn:aws:secretsmanager:us-east-2:381492135989:secret:weka/weka-mpfefferle/weka-password-w1QA-A0mNCv",
            "description": "",
            "force_overwrite_replica_secret": false,
            "id": "arn:aws:secretsmanager:us-east-2:381492135989:secret:weka/weka-mpfefferle/weka-password-w1QA-A0mNCv",
            "kms_key_id": "",
            "name": "weka/weka-mpfefferle/weka-password-w1QA",
            "name_prefix": "",
            "policy": "",
            "recovery_window_in_days": 30,
            "replica": [],
            "tags": null,
            "tags_all": {}
          },
          "sensitive_attributes": [
            [
              {
                "type": "get_attr",
                "value": "name"
              }
            ]
          ],
          "private": "bnVsbA==",
          "dependencies": [
            "module.weka.random_password.suffix"
          ]
        }
      ]
    },
    {
      "module": "module.weka",
      "mode": "managed",
      "type": "aws_secretsmanager_secret",
      "name": "weka_username",
      "provider": "provider[\"registry.terraform.io/hashicorp/aws\"]",
      "instances": [
        {
          "schema_version": 0,
          "attributes": {
            "arn": "arn:aws:secretsmanager:us-east-2:381492135989:secret:weka/weka-mpfefferle/weka-username-w1QA-7kZRzc",
            "description": "",
            "force_overwrite_replica_secret": false,
            "id": "arn:aws:secretsmanager:us-east-2:381492135989:secret:weka/weka-mpfefferle/weka-username-w1QA-7kZRzc",
            "kms_key_id": "",
            "name": "weka/weka-mpfefferle/weka-username-w1QA",
            "name_prefix": "",
            "policy": "",
            "recovery_window_in_days": 30,
            "replica": [],
            "tags": null,
            "tags_all": {}
          },
          "sensitive_attributes": [
            [
              {
                "type": "get_attr",
                "value": "name"
              }
            ]
          ],
          "private": "bnVsbA==",
          "dependencies": [
            "module.weka.random_password.suffix"
          ]
        }
      ]
    },
    {
      "module": "module.weka",
      "mode": "managed",
      "type": "aws_secretsmanager_secret_version",
      "name": "get_weka_io_token",
      "provider": "provider[\"registry.terraform.io/hashicorp/aws\"]",
      "instances": [
        {
          "schema_version": 0,
          "attributes": {
            "arn": "arn:aws:secretsmanager:us-east-2:381492135989:secret:weka/weka-mpfefferle/get_weka_io_token-w1QA-Yfna29",
            "id": "arn:aws:secretsmanager:us-east-2:381492135989:secret:weka/weka-mpfefferle/get_weka_io_token-w1QA-Yfna29|terraform-20240214212907425900000004",
            "secret_binary": "",
            "secret_id": "arn:aws:secretsmanager:us-east-2:381492135989:secret:weka/weka-mpfefferle/get_weka_io_token-w1QA-Yfna29",
            "secret_string": "EZxlx8iydgqQTcvZ",
            "version_id": "terraform-20240214212907425900000004",
            "version_stages": [
              "AWSCURRENT"
            ]
          },
          "sensitive_attributes": [
            [
              {
                "type": "get_attr",
                "value": "secret_string"
              }
            ]
          ],
          "private": "bnVsbA==",
          "dependencies": [
            "module.weka.aws_secretsmanager_secret.get_weka_io_token",
            "module.weka.random_password.suffix"
          ]
        }
      ]
    },
    {
      "module": "module.weka",
      "mode": "managed",
      "type": "aws_secretsmanager_secret_version",
      "name": "weka_password",
      "provider": "provider[\"registry.terraform.io/hashicorp/aws\"]",
      "instances": [
        {
          "schema_version": 0,
          "attributes": {
            "arn": "arn:aws:secretsmanager:us-east-2:381492135989:secret:weka/weka-mpfefferle/weka-password-w1QA-A0mNCv",
            "id": "arn:aws:secretsmanager:us-east-2:381492135989:secret:weka/weka-mpfefferle/weka-password-w1QA-A0mNCv|terraform-20240214212907426800000006",
            "secret_binary": "",
            "secret_id": "arn:aws:secretsmanager:us-east-2:381492135989:secret:weka/weka-mpfefferle/weka-password-w1QA-A0mNCv",
            "secret_string": "VwzqLmDBSWMOHx3y",
            "version_id": "terraform-20240214212907426800000006",
            "version_stages": [
              "AWSCURRENT"
            ]
          },
          "sensitive_attributes": [
            [
              {
                "type": "get_attr",
                "value": "secret_string"
              }
            ]
          ],
          "private": "bnVsbA==",
          "dependencies": [
            "module.weka.aws_secretsmanager_secret.weka_password",
            "module.weka.random_password.password",
            "module.weka.random_password.suffix"
          ]
        }
      ]
    },
    {
      "module": "module.weka",
      "mode": "managed",
      "type": "aws_secretsmanager_secret_version",
      "name": "weka_username",
      "provider": "provider[\"registry.terraform.io/hashicorp/aws\"]",
      "instances": [
        {
          "schema_version": 0,
          "attributes": {
            "arn": "arn:aws:secretsmanager:us-east-2:381492135989:secret:weka/weka-mpfefferle/weka-username-w1QA-7kZRzc",
            "id": "arn:aws:secretsmanager:us-east-2:381492135989:secret:weka/weka-mpfefferle/weka-username-w1QA-7kZRzc|terraform-20240214212907426100000005",
            "secret_binary": "",
            "secret_id": "arn:aws:secretsmanager:us-east-2:381492135989:secret:weka/weka-mpfefferle/weka-username-w1QA-7kZRzc",
            "secret_string": "admin",
            "version_id": "terraform-20240214212907426100000005",
            "version_stages": [
              "AWSCURRENT"
            ]
          },
          "sensitive_attributes": [],
          "private": "bnVsbA==",
          "dependencies": [
            "module.weka.aws_secretsmanager_secret.weka_username",
            "module.weka.random_password.suffix"
          ]
        }
      ]
    },
    {
      "module": "module.weka",
      "mode": "managed",
      "type": "aws_sfn_state_machine",
      "name": "scale_down_state_machine",
      "provider": "provider[\"registry.terraform.io/hashicorp/aws\"]",
      "instances": [
        {
          "schema_version": 0,
          "attributes": {
            "arn": "arn:aws:states:us-east-2:381492135989:stateMachine:weka-mpfefferle-scale-down-state-machine",
            "creation_date": "2024-02-14T21:31:48Z",
            "definition": "  {\n  \"Comment\": \"Run Fetch function for scale down\",\n  \"StartAt\": \"Fetch\",\n  \"States\": {\n    \"Fetch\": {\n      \"Type\": \"Task\",\n      \"Resource\": \"arn:aws:lambda:us-east-2:381492135989:function:weka-mpfefferle-fetch-lambda\",\n      \"Next\": \"ScaleDown\"\n    },\n    \"ScaleDown\" : {\n        \"Type\": \"Task\",\n        \"Resource\": \"arn:aws:lambda:us-east-2:381492135989:function:weka-mpfefferle-scale-down-lambda\",\n        \"Next\": \"Terminate\"\n    },\n    \"Terminate\":{\n      \"Type\": \"Task\",\n        \"Resource\": \"arn:aws:lambda:us-east-2:381492135989:function:weka-mpfefferle-terminate-lambda\",\n      \"Next\": \"ErrorCheck\"\n    },\n    \"ErrorCheck\" :{\n      \"Type\": \"Choice\",\n      \"Choices\": [\n        {\n          \"Variable\": \"$.TransientErrors\",\n          \"IsNull\": false,\n          \"Next\": \"Transient\"\n\t\t}\n       ],\n      \"Default\": \"Success\"\n    },\n    \"Success\": {\n      \"Type\": \"Succeed\",\n      \"Comment\": \"Scale Down Succeed.\"\n    },\n    \"Transient\": {\n      \"Type\": \"Task\",\n        \"Resource\": \"arn:aws:lambda:us-east-2:381492135989:function:weka-mpfefferle-transient-lambda\",\n\n    \"End\":true\n  }\n  }\n}\n",
            "description": "",
            "id": "arn:aws:states:us-east-2:381492135989:stateMachine:weka-mpfefferle-scale-down-state-machine",
            "logging_configuration": [
              {
                "include_execution_data": true,
                "level": "ALL",
                "log_destination": "arn:aws:logs:us-east-2:381492135989:log-group:/aws/vendedlogs/states/weka-mpfefferle-scale-down-sfn:*"
              }
            ],
            "name": "weka-mpfefferle-scale-down-state-machine",
            "name_prefix": "",
            "publish": false,
            "revision_id": "",
            "role_arn": "arn:aws:iam::381492135989:role/weka-mpfefferle-sfn-role",
            "state_machine_version_arn": "",
            "status": "ACTIVE",
            "tags": {
              "Name": "weka-mpfefferle-scale-up-sfn"
            },
            "tags_all": {
              "Name": "weka-mpfefferle-scale-up-sfn"
            },
            "timeouts": null,
            "tracing_configuration": [
              {
                "enabled": false
              }
            ],
            "type": "STANDARD",
            "version_description": null
          },
          "sensitive_attributes": [],
          "private": "eyJlMmJmYjczMC1lY2FhLTExZTYtOGY4OC0zNDM2M2JjN2M0YzAiOnsiY3JlYXRlIjozMDAwMDAwMDAwMDAsImRlbGV0ZSI6MzAwMDAwMDAwMDAwLCJ1cGRhdGUiOjYwMDAwMDAwMDAwfX0=",
          "dependencies": [
            "aws_eks_cluster.eks",
            "aws_iam_role.eks_role",
            "aws_iam_role_policy_attachment.weka-AmazonEKSClusterPolicy",
            "aws_iam_role_policy_attachment.weka-AmazonEKSVPCResourceController",
            "aws_security_group.eks_worker_nodes",
            "aws_subnet.public",
            "aws_subnet.weka_subnet1",
            "aws_subnet.weka_subnet2",
            "aws_vpc.weka_vpc",
            "data.aws_availability_zones.available",
            "data.aws_iam_policy_document.assume_role",
            "data.aws_security_group.eks_control_plane",
            "module.weka.aws_cloudwatch_log_group.cloudwatch_log_group",
            "module.weka.aws_cloudwatch_log_group.sfn_log_group",
            "module.weka.aws_dynamodb_table.weka_deployment",
            "module.weka.aws_lambda_function.fetch_lambda",
            "module.weka.aws_lambda_function.scale_down_lambda",
            "module.weka.aws_lambda_function.terminate_lambda",
            "module.weka.aws_lambda_function.transient_lambda",
            "module.weka.aws_secretsmanager_secret.weka_password",
            "module.weka.aws_secretsmanager_secret.weka_username",
            "module.weka.data.aws_region.current",
            "module.weka.module.iam.aws_iam_role.lambda_iam_role",
            "module.weka.module.iam.aws_iam_role.sfn_iam_role",
            "module.weka.module.network.aws_eip.nat_eip",
            "module.weka.module.network.aws_internet_gateway.ig",
            "module.weka.module.network.aws_nat_gateway.nat",
            "module.weka.module.network.aws_route_table.ig_route_table",
            "module.weka.module.network.aws_route_table.nat_route_table",
            "module.weka.module.network.aws_route_table_association.private_rt_associate",
            "module.weka.module.network.aws_route_table_association.public_rt_associate",
            "module.weka.module.network.aws_subnet.private_subnet",
            "module.weka.module.network.aws_subnet.public_subnet",
            "module.weka.module.network.aws_vpc.vpc",
            "module.weka.module.network.data.aws_availability_zones.available",
            "module.weka.module.security_group.aws_security_group.sg",
            "module.weka.random_password.suffix"
          ]
        }
      ]
    },
    {
      "module": "module.weka",
      "mode": "managed",
      "type": "aws_vpc_endpoint",
      "name": "secretmanager_endpoint",
      "provider": "provider[\"registry.terraform.io/hashicorp/aws\"]",
      "instances": [
        {
          "index_key": 0,
          "schema_version": 0,
          "attributes": {
            "arn": "arn:aws:ec2:us-east-2:381492135989:vpc-endpoint/vpce-0f725f76ff35e0e8d",
            "auto_accept": null,
            "cidr_blocks": [],
            "dns_entry": [
              {
                "dns_name": "vpce-0f725f76ff35e0e8d-ral0j2ik.secretsmanager.us-east-2.vpce.amazonaws.com",
                "hosted_zone_id": "ZC8PG0KIFKBRI"
              },
              {
                "dns_name": "vpce-0f725f76ff35e0e8d-ral0j2ik-us-east-2a.secretsmanager.us-east-2.vpce.amazonaws.com",
                "hosted_zone_id": "ZC8PG0KIFKBRI"
              },
              {
                "dns_name": "secretsmanager.us-east-2.amazonaws.com",
                "hosted_zone_id": "Z04223202OXTLKNCP2IL2"
              }
            ],
            "dns_options": [
              {
                "dns_record_ip_type": "ipv4",
                "private_dns_only_for_inbound_resolver_endpoint": false
              }
            ],
            "id": "vpce-0f725f76ff35e0e8d",
            "ip_address_type": "ipv4",
            "network_interface_ids": [
              "eni-086bbf4d48161a50b"
            ],
            "owner_id": "381492135989",
            "policy": "{\"Statement\":[{\"Action\":\"*\",\"Effect\":\"Allow\",\"Principal\":\"*\",\"Resource\":\"*\"}]}",
            "prefix_list_id": null,
            "private_dns_enabled": true,
            "requester_managed": false,
            "route_table_ids": [],
            "security_group_ids": [
              "sg-0554de2fe3663317b",
              "sg-0aade829fc6075fa0"
            ],
            "service_name": "com.amazonaws.us-east-2.secretsmanager",
            "state": "available",
            "subnet_ids": [
              "subnet-0e6384b4944b2087f"
            ],
            "tags": {
              "Environment": "weka",
              "Name": "weka-secretmanager-endpoint"
            },
            "tags_all": {
              "Environment": "weka",
              "Name": "weka-secretmanager-endpoint"
            },
            "timeouts": null,
            "vpc_endpoint_type": "Interface",
            "vpc_id": "vpc-0e8e8a285f7ffc0e2"
          },
          "sensitive_attributes": [],
          "private": "eyJlMmJmYjczMC1lY2FhLTExZTYtOGY4OC0zNDM2M2JjN2M0YzAiOnsiY3JlYXRlIjo2MDAwMDAwMDAwMDAsImRlbGV0ZSI6NjAwMDAwMDAwMDAwLCJ1cGRhdGUiOjYwMDAwMDAwMDAwMH19",
          "dependencies": [
            "aws_eks_cluster.eks",
            "aws_iam_role.eks_role",
            "aws_iam_role_policy_attachment.weka-AmazonEKSClusterPolicy",
            "aws_iam_role_policy_attachment.weka-AmazonEKSVPCResourceController",
            "aws_security_group.eks_worker_nodes",
            "aws_subnet.public",
            "aws_subnet.weka_subnet1",
            "aws_subnet.weka_subnet2",
            "aws_vpc.weka_vpc",
            "data.aws_availability_zones.available",
            "data.aws_iam_policy_document.assume_role",
            "data.aws_security_group.eks_control_plane",
            "module.weka.data.aws_region.current",
            "module.weka.module.network.aws_eip.nat_eip",
            "module.weka.module.network.aws_internet_gateway.ig",
            "module.weka.module.network.aws_nat_gateway.nat",
            "module.weka.module.network.aws_route_table.ig_route_table",
            "module.weka.module.network.aws_route_table.nat_route_table",
            "module.weka.module.network.aws_route_table_association.private_rt_associate",
            "module.weka.module.network.aws_route_table_association.public_rt_associate",
            "module.weka.module.network.aws_subnet.private_subnet",
            "module.weka.module.network.aws_subnet.public_subnet",
            "module.weka.module.network.aws_vpc.vpc",
            "module.weka.module.network.data.aws_availability_zones.available",
            "module.weka.module.security_group.aws_security_group.sg"
          ]
        }
      ]
    },
    {
      "module": "module.weka",
      "mode": "managed",
      "type": "random_password",
      "name": "password",
      "provider": "provider[\"registry.terraform.io/hashicorp/random\"]",
      "instances": [
        {
          "schema_version": 3,
          "attributes": {
            "bcrypt_hash": "$2a$10$7.jx9ojKLFqmaeinGHiFMuDmfEfghxvGXpcpwueqohSfASa3obxva",
            "id": "none",
            "keepers": null,
            "length": 16,
            "lower": true,
            "min_lower": 1,
            "min_numeric": 1,
            "min_special": 0,
            "min_upper": 1,
            "number": true,
            "numeric": true,
            "override_special": null,
            "result": "VwzqLmDBSWMOHx3y",
            "special": false,
            "upper": true
          },
          "sensitive_attributes": []
        }
      ]
    },
    {
      "module": "module.weka",
      "mode": "managed",
      "type": "random_password",
      "name": "suffix",
      "provider": "provider[\"registry.terraform.io/hashicorp/random\"]",
      "instances": [
        {
          "schema_version": 3,
          "attributes": {
            "bcrypt_hash": "$2a$10$cH/GNvCZhpcu7QQVQ4bMAuC6UvjRC.0R6p30VNuLBiwJPqASTb0Sm",
            "id": "none",
            "keepers": null,
            "length": 4,
            "lower": true,
            "min_lower": 1,
            "min_numeric": 1,
            "min_special": 0,
            "min_upper": 1,
            "number": true,
            "numeric": true,
            "override_special": null,
            "result": "w1QA",
            "special": false,
            "upper": true
          },
          "sensitive_attributes": []
        }
      ]
    },
    {
      "module": "module.weka.module.iam[0]",
      "mode": "managed",
      "type": "aws_iam_instance_profile",
      "name": "instance_profile",
      "provider": "provider[\"registry.terraform.io/hashicorp/aws\"]",
      "instances": [
        {
          "schema_version": 0,
          "attributes": {
            "arn": "arn:aws:iam::381492135989:instance-profile/weka-mpfefferle-instance-profile",
            "create_date": "2024-02-14T21:29:07Z",
            "id": "weka-mpfefferle-instance-profile",
            "name": "weka-mpfefferle-instance-profile",
            "name_prefix": "",
            "path": "/",
            "role": "weka-mpfefferle-iam-role",
            "tags": null,
            "tags_all": {},
            "unique_id": "AIPAVRUVUBA25Z7WSNUN3"
          },
          "sensitive_attributes": [],
          "private": "bnVsbA==",
          "dependencies": [
            "module.weka.module.iam.aws_iam_role.iam_role"
          ]
        }
      ]
    },
    {
      "module": "module.weka.module.iam[0]",
      "mode": "managed",
      "type": "aws_iam_policy",
      "name": "backend_eni_iam_policy",
      "provider": "provider[\"registry.terraform.io/hashicorp/aws\"]",
      "instances": [
        {
          "schema_version": 0,
          "attributes": {
            "arn": "arn:aws:iam::381492135989:policy/weka-mpfefferle-eni-policy",
            "description": "",
            "id": "arn:aws:iam::381492135989:policy/weka-mpfefferle-eni-policy",
            "name": "weka-mpfefferle-eni-policy",
            "name_prefix": "",
            "path": "/",
            "policy": "{\"Statement\":[{\"Action\":[\"ec2:DescribeNetworkInterfaces\",\"ec2:AttachNetworkInterface\",\"ec2:CreateNetworkInterface\",\"ec2:ModifyNetworkInterfaceAttribute\",\"ec2:DeleteNetworkInterface\"],\"Effect\":\"Allow\",\"Resource\":\"*\"}],\"Version\":\"2012-10-17\"}",
            "policy_id": "ANPAVRUVUBA253EZB5PWE",
            "tags": null,
            "tags_all": {}
          },
          "sensitive_attributes": [],
          "private": "bnVsbA=="
        }
      ]
    },
    {
      "module": "module.weka.module.iam[0]",
      "mode": "managed",
      "type": "aws_iam_policy",
      "name": "backend_log_iam_policy",
      "provider": "provider[\"registry.terraform.io/hashicorp/aws\"]",
      "instances": [
        {
          "schema_version": 0,
          "attributes": {
            "arn": "arn:aws:iam::381492135989:policy/weka-mpfefferle-send-log-to-cloud-watch-policy",
            "description": "",
            "id": "arn:aws:iam::381492135989:policy/weka-mpfefferle-send-log-to-cloud-watch-policy",
            "name": "weka-mpfefferle-send-log-to-cloud-watch-policy",
            "name_prefix": "",
            "path": "/",
            "policy": "{\"Statement\":[{\"Action\":[\"logs:CreateLogGroup\",\"logs:CreateLogStream\",\"logs:PutLogEvents\",\"logs:DescribeLogStreams\",\"logs:PutRetentionPolicy\"],\"Effect\":\"Allow\",\"Resource\":[\"arn:aws:logs:*:*:log-group:/wekaio/weka-mpfefferle*\"]}],\"Version\":\"2012-10-17\"}",
            "policy_id": "ANPAVRUVUBA24FCD4TC37",
            "tags": null,
            "tags_all": {}
          },
          "sensitive_attributes": [],
          "private": "bnVsbA=="
        }
      ]
    },
    {
      "module": "module.weka.module.iam[0]",
      "mode": "managed",
      "type": "aws_iam_policy",
      "name": "event_iam_policy",
      "provider": "provider[\"registry.terraform.io/hashicorp/aws\"]",
      "instances": [
        {
          "schema_version": 0,
          "attributes": {
            "arn": "arn:aws:iam::381492135989:policy/weka-mpfefferle-event-policy",
            "description": "",
            "id": "arn:aws:iam::381492135989:policy/weka-mpfefferle-event-policy",
            "name": "weka-mpfefferle-event-policy",
            "name_prefix": "",
            "path": "/",
            "policy": "{\"Statement\":[{\"Action\":[\"states:StartExecution\"],\"Effect\":\"Allow\",\"Resource\":[\"arn:aws:states:*:*:stateMachine:weka-mpfefferle-scale-down-state-machine\"]}],\"Version\":\"2012-10-17\"}",
            "policy_id": "ANPAVRUVUBA2QRZFZZW24",
            "tags": null,
            "tags_all": {}
          },
          "sensitive_attributes": [],
          "private": "bnVsbA=="
        }
      ]
    },
    {
      "module": "module.weka.module.iam[0]",
      "mode": "managed",
      "type": "aws_iam_policy",
      "name": "invoke_lambda_function",
      "provider": "provider[\"registry.terraform.io/hashicorp/aws\"]",
      "instances": [
        {
          "schema_version": 0,
          "attributes": {
            "arn": "arn:aws:iam::381492135989:policy/weka-mpfefferle-invoke-lambda-function",
            "description": "",
            "id": "arn:aws:iam::381492135989:policy/weka-mpfefferle-invoke-lambda-function",
            "name": "weka-mpfefferle-invoke-lambda-function",
            "name_prefix": "",
            "path": "/",
            "policy": "{\"Statement\":[{\"Action\":[\"lambda:InvokeFunction\"],\"Effect\":\"Allow\",\"Resource\":[\"arn:aws:lambda:*:*:function:weka-mpfefferle*\"]}],\"Version\":\"2012-10-17\"}",
            "policy_id": "ANPAVRUVUBA2XMAQHPW22",
            "tags": null,
            "tags_all": {}
          },
          "sensitive_attributes": [],
          "private": "bnVsbA=="
        }
      ]
    },
    {
      "module": "module.weka.module.iam[0]",
      "mode": "managed",
      "type": "aws_iam_policy",
      "name": "lambda_iam_policy",
      "provider": "provider[\"registry.terraform.io/hashicorp/aws\"]",
      "instances": [
        {
          "schema_version": 0,
          "attributes": {
            "arn": "arn:aws:iam::381492135989:policy/weka-mpfefferle-lambda-policy",
            "description": "",
            "id": "arn:aws:iam::381492135989:policy/weka-mpfefferle-lambda-policy",
            "name": "weka-mpfefferle-lambda-policy",
            "name_prefix": "",
            "path": "/",
            "policy": "{\"Statement\":[{\"Action\":[\"logs:CreateLogGroup\",\"logs:CreateLogStream\",\"logs:PutLogEvents\"],\"Effect\":\"Allow\",\"Resource\":[\"arn:aws:logs:*:*:log-group:/aws/lambda/weka-mpfefferle*:*\"]},{\"Action\":[\"ec2:CreateNetworkInterface\",\"ec2:DescribeNetworkInterfaces\",\"ec2:DeleteNetworkInterface\",\"ec2:ModifyInstanceAttribute\",\"ec2:TerminateInstances\",\"ec2:DescribeInstances\"],\"Effect\":\"Allow\",\"Resource\":[\"*\"]},{\"Action\":[\"dynamodb:GetItem\",\"dynamodb:UpdateItem\"],\"Effect\":\"Allow\",\"Resource\":[\"arn:aws:dynamodb:*:*:table/weka-mpfefferle-weka-deployment\"]},{\"Action\":[\"secretsmanager:GetSecretValue\"],\"Effect\":\"Allow\",\"Resource\":[\"arn:aws:secretsmanager:*:*:secret:weka/weka-mpfefferle/*\"]},{\"Action\":[\"autoscaling:DetachInstances\",\"autoscaling:DescribeAutoScalingGroups\",\"autoscaling:SetInstanceProtection\"],\"Effect\":\"Allow\",\"Resource\":[\"*\"]}],\"Version\":\"2012-10-17\"}",
            "policy_id": "ANPAVRUVUBA2QEL3EBAJA",
            "tags": null,
            "tags_all": {}
          },
          "sensitive_attributes": [],
          "private": "bnVsbA==",
          "dependencies": [
            "module.weka.aws_dynamodb_table.weka_deployment"
          ]
        }
      ]
    },
    {
      "module": "module.weka.module.iam[0]",
      "mode": "managed",
      "type": "aws_iam_policy",
      "name": "sfn_iam_policy",
      "provider": "provider[\"registry.terraform.io/hashicorp/aws\"]",
      "instances": [
        {
          "schema_version": 0,
          "attributes": {
            "arn": "arn:aws:iam::381492135989:policy/weka-mpfefferle-sfn-policy",
            "description": "",
            "id": "arn:aws:iam::381492135989:policy/weka-mpfefferle-sfn-policy",
            "name": "weka-mpfefferle-sfn-policy",
            "name_prefix": "",
            "path": "/",
            "policy": "{\"Statement\":[{\"Action\":[\"lambda:InvokeFunction\"],\"Effect\":\"Allow\",\"Resource\":[\"arn:aws:lambda:*:*:function:weka-mpfefferle-*-lambda\"]},{\"Action\":[\"logs:CreateLogDelivery\",\"logs:GetLogDelivery\",\"logs:UpdateLogDelivery\",\"logs:DeleteLogDelivery\",\"logs:ListLogDeliveries\",\"logs:PutLogEvents\",\"logs:PutResourcePolicy\",\"logs:DescribeResourcePolicies\",\"logs:DescribeLogGroups\"],\"Effect\":\"Allow\",\"Resource\":[\"*\"]}],\"Version\":\"2012-10-17\"}",
            "policy_id": "ANPAVRUVUBA24YKIUDXNR",
            "tags": null,
            "tags_all": {}
          },
          "sensitive_attributes": [],
          "private": "bnVsbA=="
        }
      ]
    },
    {
      "module": "module.weka.module.iam[0]",
      "mode": "managed",
      "type": "aws_iam_policy_attachment",
      "name": "backend_eni_role_attachment",
      "provider": "provider[\"registry.terraform.io/hashicorp/aws\"]",
      "instances": [
        {
          "schema_version": 0,
          "attributes": {
            "groups": null,
            "id": "weka-mpfefferle-policy-attachment",
            "name": "weka-mpfefferle-policy-attachment",
            "policy_arn": "arn:aws:iam::381492135989:policy/weka-mpfefferle-eni-policy",
            "roles": [
              "weka-mpfefferle-iam-role"
            ],
            "users": null
          },
          "sensitive_attributes": [],
          "private": "bnVsbA==",
          "dependencies": [
            "module.weka.module.iam.aws_iam_policy.backend_eni_iam_policy",
            "module.weka.module.iam.aws_iam_role.iam_role"
          ]
        }
      ]
    },
    {
      "module": "module.weka.module.iam[0]",
      "mode": "managed",
      "type": "aws_iam_policy_attachment",
      "name": "backend_log_role_attachment",
      "provider": "provider[\"registry.terraform.io/hashicorp/aws\"]",
      "instances": [
        {
          "schema_version": 0,
          "attributes": {
            "groups": null,
            "id": "weka-mpfefferle-policy-attachment",
            "name": "weka-mpfefferle-policy-attachment",
            "policy_arn": "arn:aws:iam::381492135989:policy/weka-mpfefferle-send-log-to-cloud-watch-policy",
            "roles": [
              "weka-mpfefferle-iam-role"
            ],
            "users": null
          },
          "sensitive_attributes": [],
          "private": "bnVsbA==",
          "dependencies": [
            "module.weka.module.iam.aws_iam_policy.backend_log_iam_policy",
            "module.weka.module.iam.aws_iam_role.iam_role"
          ]
        }
      ]
    },
    {
      "module": "module.weka.module.iam[0]",
      "mode": "managed",
      "type": "aws_iam_policy_attachment",
      "name": "ec2_ssm_attachment",
      "provider": "provider[\"registry.terraform.io/hashicorp/aws\"]",
      "instances": [
        {
          "schema_version": 0,
          "attributes": {
            "groups": null,
            "id": "ec2-ssm-attachment",
            "name": "ec2-ssm-attachment",
            "policy_arn": "arn:aws:iam::aws:policy/service-role/AmazonEC2RoleforSSM",
            "roles": [
              "weka-mpfefferle-iam-role"
            ],
            "users": null
          },
          "sensitive_attributes": [],
          "private": "bnVsbA==",
          "dependencies": [
            "module.weka.module.iam.aws_iam_role.iam_role"
          ]
        }
      ]
    },
    {
      "module": "module.weka.module.iam[0]",
      "mode": "managed",
      "type": "aws_iam_policy_attachment",
      "name": "invoke_lambda_function_attachment",
      "provider": "provider[\"registry.terraform.io/hashicorp/aws\"]",
      "instances": [
        {
          "schema_version": 0,
          "attributes": {
            "groups": null,
            "id": "weka-mpfefferle-policy-attachment",
            "name": "weka-mpfefferle-policy-attachment",
            "policy_arn": "arn:aws:iam::381492135989:policy/weka-mpfefferle-invoke-lambda-function",
            "roles": [
              "weka-mpfefferle-iam-role"
            ],
            "users": null
          },
          "sensitive_attributes": [],
          "private": "bnVsbA==",
          "dependencies": [
            "module.weka.module.iam.aws_iam_policy.invoke_lambda_function",
            "module.weka.module.iam.aws_iam_role.iam_role"
          ]
        }
      ]
    },
    {
      "module": "module.weka.module.iam[0]",
      "mode": "managed",
      "type": "aws_iam_role",
      "name": "event_iam_role",
      "provider": "provider[\"registry.terraform.io/hashicorp/aws\"]",
      "instances": [
        {
          "schema_version": 0,
          "attributes": {
            "arn": "arn:aws:iam::381492135989:role/weka-mpfefferle-event-role",
            "assume_role_policy": "{\"Statement\":[{\"Action\":\"sts:AssumeRole\",\"Effect\":\"Allow\",\"Principal\":{\"Service\":[\"events.amazonaws.com\",\"states.amazonaws.com\"]}}],\"Version\":\"2012-10-17\"}",
            "create_date": "2024-02-14T21:29:07Z",
            "description": "",
            "force_detach_policies": false,
            "id": "weka-mpfefferle-event-role",
            "inline_policy": [],
            "managed_policy_arns": [],
            "max_session_duration": 3600,
            "name": "weka-mpfefferle-event-role",
            "name_prefix": "",
            "path": "/",
            "permissions_boundary": "",
            "tags": null,
            "tags_all": {},
            "unique_id": "AROAVRUVUBA277HG4EB7L"
          },
          "sensitive_attributes": [],
          "private": "bnVsbA=="
        }
      ]
    },
    {
      "module": "module.weka.module.iam[0]",
      "mode": "managed",
      "type": "aws_iam_role",
      "name": "iam_role",
      "provider": "provider[\"registry.terraform.io/hashicorp/aws\"]",
      "instances": [
        {
          "schema_version": 0,
          "attributes": {
            "arn": "arn:aws:iam::381492135989:role/weka-mpfefferle-iam-role",
            "assume_role_policy": "{\"Statement\":[{\"Action\":\"sts:AssumeRole\",\"Effect\":\"Allow\",\"Principal\":{\"Service\":\"ec2.amazonaws.com\"}}],\"Version\":\"2012-10-17\"}",
            "create_date": "2024-02-14T21:29:07Z",
            "description": "",
            "force_detach_policies": false,
            "id": "weka-mpfefferle-iam-role",
            "inline_policy": [],
            "managed_policy_arns": [],
            "max_session_duration": 3600,
            "name": "weka-mpfefferle-iam-role",
            "name_prefix": "",
            "path": "/",
            "permissions_boundary": "",
            "tags": null,
            "tags_all": {},
            "unique_id": "AROAVRUVUBA2Z372WRJKS"
          },
          "sensitive_attributes": [],
          "private": "bnVsbA=="
        }
      ]
    },
    {
      "module": "module.weka.module.iam[0]",
      "mode": "managed",
      "type": "aws_iam_role",
      "name": "lambda_iam_role",
      "provider": "provider[\"registry.terraform.io/hashicorp/aws\"]",
      "instances": [
        {
          "schema_version": 0,
          "attributes": {
            "arn": "arn:aws:iam::381492135989:role/weka-mpfefferle-lambda-role",
            "assume_role_policy": "{\"Statement\":[{\"Action\":\"sts:AssumeRole\",\"Effect\":\"Allow\",\"Principal\":{\"Service\":\"lambda.amazonaws.com\"}}],\"Version\":\"2012-10-17\"}",
            "create_date": "2024-02-14T21:29:06Z",
            "description": "",
            "force_detach_policies": false,
            "id": "weka-mpfefferle-lambda-role",
            "inline_policy": [],
            "managed_policy_arns": [],
            "max_session_duration": 3600,
            "name": "weka-mpfefferle-lambda-role",
            "name_prefix": "",
            "path": "/",
            "permissions_boundary": "",
            "tags": null,
            "tags_all": {},
            "unique_id": "AROAVRUVUBA2XV4ISUKUE"
          },
          "sensitive_attributes": [],
          "private": "bnVsbA=="
        }
      ]
    },
    {
      "module": "module.weka.module.iam[0]",
      "mode": "managed",
      "type": "aws_iam_role",
      "name": "sfn_iam_role",
      "provider": "provider[\"registry.terraform.io/hashicorp/aws\"]",
      "instances": [
        {
          "schema_version": 0,
          "attributes": {
            "arn": "arn:aws:iam::381492135989:role/weka-mpfefferle-sfn-role",
            "assume_role_policy": "{\"Statement\":[{\"Action\":\"sts:AssumeRole\",\"Effect\":\"Allow\",\"Principal\":{\"Service\":[\"states.amazonaws.com\"]}}],\"Version\":\"2012-10-17\"}",
            "create_date": "2024-02-14T21:29:06Z",
            "description": "",
            "force_detach_policies": false,
            "id": "weka-mpfefferle-sfn-role",
            "inline_policy": [],
            "managed_policy_arns": [],
            "max_session_duration": 3600,
            "name": "weka-mpfefferle-sfn-role",
            "name_prefix": "",
            "path": "/",
            "permissions_boundary": "",
            "tags": null,
            "tags_all": {},
            "unique_id": "AROAVRUVUBA27RWF3GRMR"
          },
          "sensitive_attributes": [],
          "private": "bnVsbA=="
        }
      ]
    },
    {
      "module": "module.weka.module.iam[0]",
      "mode": "managed",
      "type": "aws_iam_role_policy_attachment",
      "name": "event_policy_attachment",
      "provider": "provider[\"registry.terraform.io/hashicorp/aws\"]",
      "instances": [
        {
          "schema_version": 0,
          "attributes": {
            "id": "weka-mpfefferle-event-role-20240214212907525000000007",
            "policy_arn": "arn:aws:iam::381492135989:policy/weka-mpfefferle-event-policy",
            "role": "weka-mpfefferle-event-role"
          },
          "sensitive_attributes": [],
          "private": "bnVsbA==",
          "dependencies": [
            "module.weka.module.iam.aws_iam_policy.event_iam_policy",
            "module.weka.module.iam.aws_iam_role.event_iam_role"
          ]
        }
      ]
    },
    {
      "module": "module.weka.module.iam[0]",
      "mode": "managed",
      "type": "aws_iam_role_policy_attachment",
      "name": "lambda_policy_attachment",
      "provider": "provider[\"registry.terraform.io/hashicorp/aws\"]",
      "instances": [
        {
          "schema_version": 0,
          "attributes": {
            "id": "weka-mpfefferle-lambda-role-2024021421292046520000000c",
            "policy_arn": "arn:aws:iam::381492135989:policy/weka-mpfefferle-lambda-policy",
            "role": "weka-mpfefferle-lambda-role"
          },
          "sensitive_attributes": [],
          "private": "bnVsbA==",
          "dependencies": [
            "module.weka.aws_dynamodb_table.weka_deployment",
            "module.weka.module.iam.aws_iam_policy.lambda_iam_policy",
            "module.weka.module.iam.aws_iam_role.lambda_iam_role"
          ]
        }
      ]
    },
    {
      "module": "module.weka.module.iam[0]",
      "mode": "managed",
      "type": "aws_iam_role_policy_attachment",
      "name": "sfn_policy_attachment",
      "provider": "provider[\"registry.terraform.io/hashicorp/aws\"]",
      "instances": [
        {
          "schema_version": 0,
          "attributes": {
            "id": "weka-mpfefferle-sfn-role-20240214212907810900000009",
            "policy_arn": "arn:aws:iam::381492135989:policy/weka-mpfefferle-sfn-policy",
            "role": "weka-mpfefferle-sfn-role"
          },
          "sensitive_attributes": [],
          "private": "bnVsbA==",
          "dependencies": [
            "module.weka.module.iam.aws_iam_policy.sfn_iam_policy",
            "module.weka.module.iam.aws_iam_role.sfn_iam_role"
          ]
        }
      ]
    }
  ],
  "check_results": [
    {
      "object_kind": "var",
      "config_addr": "module.weka.var.cluster_size",
      "status": "pass",
      "objects": [
        {
          "object_addr": "module.weka.var.cluster_size",
          "status": "pass"
        }
      ]
    },
    {
      "object_kind": "var",
      "config_addr": "module.weka.module.nfs_protocol_gateways.var.protocol",
      "status": "pass",
      "objects": null
    },
    {
      "object_kind": "var",
      "config_addr": "module.weka.var.client_placement_group_name",
      "status": "pass",
      "objects": [
        {
          "object_addr": "module.weka.var.client_placement_group_name",
          "status": "pass"
        }
      ]
    },
    {
      "object_kind": "resource",
      "config_addr": "module.weka.module.nfs_protocol_gateways.aws_instance.this",
      "status": "pass",
      "objects": null
    },
    {
      "object_kind": "var",
      "config_addr": "module.weka.var.stripe_width",
      "status": "pass",
      "objects": [
        {
          "object_addr": "module.weka.var.stripe_width",
          "status": "pass"
        }
      ]
    },
    {
      "object_kind": "resource",
      "config_addr": "module.weka.module.smb_protocol_gateways.aws_instance.this",
      "status": "pass",
      "objects": null
    },
    {
      "object_kind": "var",
      "config_addr": "module.weka.var.subnet_ids",
      "status": "pass",
      "objects": [
        {
          "object_addr": "module.weka.var.subnet_ids",
          "status": "pass"
        }
      ]
    },
    {
      "object_kind": "var",
      "config_addr": "module.weka.var.lambdas_dist",
      "status": "pass",
      "objects": [
        {
          "object_addr": "module.weka.var.lambdas_dist",
          "status": "pass"
        }
      ]
    },
    {
      "object_kind": "var",
      "config_addr": "module.weka.module.smb_protocol_gateways.var.interface_group_name",
      "status": "pass",
      "objects": null
    },
    {
      "object_kind": "var",
      "config_addr": "module.weka.module.clients.var.placement_group_name",
      "status": "pass",
      "objects": null
    },
    {
      "object_kind": "var",
      "config_addr": "module.weka.module.smb_protocol_gateways.var.smb_cluster_name",
      "status": "pass",
      "objects": null
    },
    {
      "object_kind": "var",
      "config_addr": "module.weka.module.smb_protocol_gateways.var.install_weka_url",
      "status": "pass",
      "objects": null
    },
    {
      "object_kind": "var",
      "config_addr": "module.weka.module.nfs_protocol_gateways.var.smb_cluster_name",
      "status": "pass",
      "objects": null
    },
    {
      "object_kind": "var",
      "config_addr": "module.weka.module.nfs_protocol_gateways.var.install_weka_url",
      "status": "pass",
      "objects": null
    },
    {
      "object_kind": "var",
      "config_addr": "module.weka.var.protection_level",
      "status": "pass",
      "objects": [
        {
          "object_addr": "module.weka.var.protection_level",
          "status": "pass"
        }
      ]
    },
    {
      "object_kind": "var",
      "config_addr": "module.weka.module.nfs_protocol_gateways.var.interface_group_name",
      "status": "pass",
      "objects": null
    },
    {
      "object_kind": "var",
      "config_addr": "module.weka.var.containers_config_map",
      "status": "pass",
      "objects": [
        {
          "object_addr": "module.weka.var.containers_config_map",
          "status": "pass"
        }
      ]
    },
    {
      "object_kind": "resource",
      "config_addr": "module.weka.aws_lambda_function.deploy_lambda",
      "status": "pass",
      "objects": [
        {
          "object_addr": "module.weka.aws_lambda_function.deploy_lambda",
          "status": "pass"
        }
      ]
    },
    {
      "object_kind": "var",
      "config_addr": "module.weka.var.availability_zones",
      "status": "pass",
      "objects": [
        {
          "object_addr": "module.weka.var.availability_zones",
          "status": "pass"
        }
      ]
    },
    {
      "object_kind": "var",
      "config_addr": "module.weka.module.iam.var.additional_iam_policy_statement",
      "status": "unknown",
      "objects": [
        {
          "object_addr": "module.weka.module.iam[0].var.additional_iam_policy_statement",
          "status": "unknown"
        }
      ]
    },
    {
      "object_kind": "var",
      "config_addr": "module.weka.var.smb_cluster_name",
      "status": "unknown",
      "objects": [
        {
          "object_addr": "module.weka.var.smb_cluster_name",
          "status": "unknown"
        }
      ]
    },
    {
      "object_kind": "var",
      "config_addr": "module.weka.var.placement_group_name",
      "status": "pass",
      "objects": [
        {
          "object_addr": "module.weka.var.placement_group_name",
          "status": "pass"
        }
      ]
    },
    {
      "object_kind": "var",
      "config_addr": "module.weka.module.smb_protocol_gateways.var.protocol",
      "status": "pass",
      "objects": null
    }
  ]
}
